// !$*UTF8*$!
{
	archiveVersion = 1;
	classes = {
	};
	objectVersion = 46;
	objects = {

/* Begin PBXBuildFile section */
		5A15955913BB54700007B60F /* info.png in Resources */ = {isa = PBXBuildFile; fileRef = 5A15955613BB54700007B60F /* info.png */; };
		5A15955A13BB54700007B60F /* planning.png in Resources */ = {isa = PBXBuildFile; fileRef = 5A15955713BB54700007B60F /* planning.png */; };
		5A15955B13BB54700007B60F /* sizing.png in Resources */ = {isa = PBXBuildFile; fileRef = 5A15955813BB54700007B60F /* sizing.png */; };
		5A66A31913BF3B6000DB7161 /* dropdown_button.png in Resources */ = {isa = PBXBuildFile; fileRef = 5A66A31813BF3B6000DB7161 /* dropdown_button.png */; };
		5A66A31C13BF3C3600DB7161 /* dropdown_button_pressed.png in Resources */ = {isa = PBXBuildFile; fileRef = 5A66A31B13BF3C3600DB7161 /* dropdown_button_pressed.png */; };
		5A67A26F13BCB82D002BDCAA /* AppOverview.m in Sources */ = {isa = PBXBuildFile; fileRef = 5A67A26E13BCB82D002BDCAA /* AppOverview.m */; };
		5A67A27013BCB82D002BDCAA /* AppOverview.m in Sources */ = {isa = PBXBuildFile; fileRef = 5A67A26E13BCB82D002BDCAA /* AppOverview.m */; };
		5A67A27613BCBD68002BDCAA /* app_overview.plist in Resources */ = {isa = PBXBuildFile; fileRef = 5A67A27513BCBD68002BDCAA /* app_overview.plist */; };
		5A67A27713BCBD68002BDCAA /* app_overview.plist in Resources */ = {isa = PBXBuildFile; fileRef = 5A67A27513BCBD68002BDCAA /* app_overview.plist */; };
		5A67A27B13BCCEDC002BDCAA /* DatePopupController.m in Sources */ = {isa = PBXBuildFile; fileRef = 5A67A27913BCCEDC002BDCAA /* DatePopupController.m */; };
		5A67A27C13BCCEDC002BDCAA /* DatePopup.xib in Resources */ = {isa = PBXBuildFile; fileRef = 5A67A27A13BCCEDC002BDCAA /* DatePopup.xib */; };
		5AA4D7E113BB52080029B616 /* UIKit.framework in Frameworks */ = {isa = PBXBuildFile; fileRef = 5AA4D7E013BB52080029B616 /* UIKit.framework */; };
		5AA4D7E313BB52080029B616 /* Foundation.framework in Frameworks */ = {isa = PBXBuildFile; fileRef = 5AA4D7E213BB52080029B616 /* Foundation.framework */; };
		5AA4D7E513BB52080029B616 /* CoreGraphics.framework in Frameworks */ = {isa = PBXBuildFile; fileRef = 5AA4D7E413BB52080029B616 /* CoreGraphics.framework */; };
		5AA4D7EB13BB52080029B616 /* InfoPlist.strings in Resources */ = {isa = PBXBuildFile; fileRef = 5AA4D7E913BB52080029B616 /* InfoPlist.strings */; };
		5AA4D7ED13BB52080029B616 /* main.m in Sources */ = {isa = PBXBuildFile; fileRef = 5AA4D7EC13BB52080029B616 /* main.m */; };
		5AA4D7F113BB52080029B616 /* CapioAppDelegate.m in Sources */ = {isa = PBXBuildFile; fileRef = 5AA4D7F013BB52080029B616 /* CapioAppDelegate.m */; };
		5AA4D80C13BB52080029B616 /* SenTestingKit.framework in Frameworks */ = {isa = PBXBuildFile; fileRef = 5AA4D80B13BB52080029B616 /* SenTestingKit.framework */; };
		5AA4D80D13BB52080029B616 /* UIKit.framework in Frameworks */ = {isa = PBXBuildFile; fileRef = 5AA4D7E013BB52080029B616 /* UIKit.framework */; };
		5AA4D80E13BB52080029B616 /* Foundation.framework in Frameworks */ = {isa = PBXBuildFile; fileRef = 5AA4D7E213BB52080029B616 /* Foundation.framework */; };
		5AA4D80F13BB52080029B616 /* CoreGraphics.framework in Frameworks */ = {isa = PBXBuildFile; fileRef = 5AA4D7E413BB52080029B616 /* CoreGraphics.framework */; };
		5AA4D81713BB52080029B616 /* InfoPlist.strings in Resources */ = {isa = PBXBuildFile; fileRef = 5AA4D81513BB52080029B616 /* InfoPlist.strings */; };
		5AA4D81913BB52080029B616 /* CapioTests.h in Resources */ = {isa = PBXBuildFile; fileRef = 5AA4D81813BB52080029B616 /* CapioTests.h */; };
		5AA4D81B13BB52080029B616 /* CapioTests.m in Sources */ = {isa = PBXBuildFile; fileRef = 5AA4D81A13BB52080029B616 /* CapioTests.m */; };
		5ABC806013BC5BA000468868 /* MainWindow.xib in Resources */ = {isa = PBXBuildFile; fileRef = 5ABC805E13BC5BA000468868 /* MainWindow.xib */; };
		5AD5B6AA13BC6CA10083D454 /* SecondViewController.m in Sources */ = {isa = PBXBuildFile; fileRef = 5AD5B6A813BC6CA10083D454 /* SecondViewController.m */; };
		5AD5B6AB13BC6CA10083D454 /* SecondViewController.xib in Resources */ = {isa = PBXBuildFile; fileRef = 5AD5B6A913BC6CA10083D454 /* SecondViewController.xib */; };
		5AD615D213BB6D4E00F9CA45 /* AppListController.m in Sources */ = {isa = PBXBuildFile; fileRef = 5AD615D013BB6D4E00F9CA45 /* AppListController.m */; };
		5AD615D313BB6D4E00F9CA45 /* AppList.xib in Resources */ = {isa = PBXBuildFile; fileRef = 5AD615D113BB6D4E00F9CA45 /* AppList.xib */; };
		5AD615D713BB703800F9CA45 /* AppOverviewController.m in Sources */ = {isa = PBXBuildFile; fileRef = 5AD615D513BB703800F9CA45 /* AppOverviewController.m */; };
		5AD615D813BB703800F9CA45 /* AppOverview.xib in Resources */ = {isa = PBXBuildFile; fileRef = 5AD615D613BB703800F9CA45 /* AppOverview.xib */; };
		5AD615E413BB81F200F9CA45 /* MGSplitCornersView.m in Sources */ = {isa = PBXBuildFile; fileRef = 5AD615DF13BB81F200F9CA45 /* MGSplitCornersView.m */; };
		5AD615E513BB81F200F9CA45 /* MGSplitDividerView.m in Sources */ = {isa = PBXBuildFile; fileRef = 5AD615E113BB81F200F9CA45 /* MGSplitDividerView.m */; };
		5AD615E613BB81F200F9CA45 /* MGSplitViewController.m in Sources */ = {isa = PBXBuildFile; fileRef = 5AD615E313BB81F200F9CA45 /* MGSplitViewController.m */; };
/* End PBXBuildFile section */

/* Begin PBXContainerItemProxy section */
		5AA4D81013BB52080029B616 /* PBXContainerItemProxy */ = {
			isa = PBXContainerItemProxy;
			containerPortal = 5AA4D7D313BB52080029B616 /* Project object */;
			proxyType = 1;
			remoteGlobalIDString = 5AA4D7DB13BB52080029B616;
			remoteInfo = Capio;
		};
/* End PBXContainerItemProxy section */

/* Begin PBXFileReference section */
		5A15955613BB54700007B60F /* info.png */ = {isa = PBXFileReference; lastKnownFileType = image.png; path = info.png; sourceTree = "<group>"; };
		5A15955713BB54700007B60F /* planning.png */ = {isa = PBXFileReference; lastKnownFileType = image.png; path = planning.png; sourceTree = "<group>"; };
		5A15955813BB54700007B60F /* sizing.png */ = {isa = PBXFileReference; lastKnownFileType = image.png; path = sizing.png; sourceTree = "<group>"; };
		5A66A31813BF3B6000DB7161 /* dropdown_button.png */ = {isa = PBXFileReference; lastKnownFileType = image.png; path = dropdown_button.png; sourceTree = "<group>"; };
		5A66A31B13BF3C3600DB7161 /* dropdown_button_pressed.png */ = {isa = PBXFileReference; lastKnownFileType = image.png; path = dropdown_button_pressed.png; sourceTree = "<group>"; };
		5A67A26D13BCB82D002BDCAA /* AppOverview.h */ = {isa = PBXFileReference; fileEncoding = 4; lastKnownFileType = sourcecode.c.h; path = AppOverview.h; sourceTree = "<group>"; };
		5A67A26E13BCB82D002BDCAA /* AppOverview.m */ = {isa = PBXFileReference; fileEncoding = 4; lastKnownFileType = sourcecode.c.objc; path = AppOverview.m; sourceTree = "<group>"; };
		5A67A27513BCBD68002BDCAA /* app_overview.plist */ = {isa = PBXFileReference; fileEncoding = 4; lastKnownFileType = text.plist.xml; path = app_overview.plist; sourceTree = "<group>"; };
		5A67A27813BCCEDC002BDCAA /* DatePopupController.h */ = {isa = PBXFileReference; fileEncoding = 4; lastKnownFileType = sourcecode.c.h; path = DatePopupController.h; sourceTree = "<group>"; };
		5A67A27913BCCEDC002BDCAA /* DatePopupController.m */ = {isa = PBXFileReference; fileEncoding = 4; lastKnownFileType = sourcecode.c.objc; path = DatePopupController.m; sourceTree = "<group>"; };
		5A67A27A13BCCEDC002BDCAA /* DatePopup.xib */ = {isa = PBXFileReference; fileEncoding = 4; lastKnownFileType = file.xib; path = DatePopup.xib; sourceTree = "<group>"; };
		5AA4D7DC13BB52080029B616 /* Capio.app */ = {isa = PBXFileReference; explicitFileType = wrapper.application; includeInIndex = 0; path = Capio.app; sourceTree = BUILT_PRODUCTS_DIR; };
		5AA4D7E013BB52080029B616 /* UIKit.framework */ = {isa = PBXFileReference; lastKnownFileType = wrapper.framework; name = UIKit.framework; path = System/Library/Frameworks/UIKit.framework; sourceTree = SDKROOT; };
		5AA4D7E213BB52080029B616 /* Foundation.framework */ = {isa = PBXFileReference; lastKnownFileType = wrapper.framework; name = Foundation.framework; path = System/Library/Frameworks/Foundation.framework; sourceTree = SDKROOT; };
		5AA4D7E413BB52080029B616 /* CoreGraphics.framework */ = {isa = PBXFileReference; lastKnownFileType = wrapper.framework; name = CoreGraphics.framework; path = System/Library/Frameworks/CoreGraphics.framework; sourceTree = SDKROOT; };
		5AA4D7E813BB52080029B616 /* Capio-Info.plist */ = {isa = PBXFileReference; lastKnownFileType = text.plist.xml; path = "Capio-Info.plist"; sourceTree = "<group>"; };
		5AA4D7EA13BB52080029B616 /* en */ = {isa = PBXFileReference; lastKnownFileType = text.plist.strings; name = en; path = en.lproj/InfoPlist.strings; sourceTree = "<group>"; };
		5AA4D7EC13BB52080029B616 /* main.m */ = {isa = PBXFileReference; lastKnownFileType = sourcecode.c.objc; path = main.m; sourceTree = "<group>"; };
		5AA4D7EE13BB52080029B616 /* Capio-Prefix.pch */ = {isa = PBXFileReference; lastKnownFileType = sourcecode.c.h; path = "Capio-Prefix.pch"; sourceTree = "<group>"; };
		5AA4D7EF13BB52080029B616 /* CapioAppDelegate.h */ = {isa = PBXFileReference; lastKnownFileType = sourcecode.c.h; path = CapioAppDelegate.h; sourceTree = "<group>"; };
		5AA4D7F013BB52080029B616 /* CapioAppDelegate.m */ = {isa = PBXFileReference; lastKnownFileType = sourcecode.c.objc; path = CapioAppDelegate.m; sourceTree = "<group>"; };
		5AA4D80A13BB52080029B616 /* CapioTests.octest */ = {isa = PBXFileReference; explicitFileType = wrapper.cfbundle; includeInIndex = 0; path = CapioTests.octest; sourceTree = BUILT_PRODUCTS_DIR; };
		5AA4D80B13BB52080029B616 /* SenTestingKit.framework */ = {isa = PBXFileReference; lastKnownFileType = wrapper.framework; name = SenTestingKit.framework; path = Library/Frameworks/SenTestingKit.framework; sourceTree = DEVELOPER_DIR; };
		5AA4D81413BB52080029B616 /* CapioTests-Info.plist */ = {isa = PBXFileReference; lastKnownFileType = text.plist.xml; path = "CapioTests-Info.plist"; sourceTree = "<group>"; };
		5AA4D81613BB52080029B616 /* en */ = {isa = PBXFileReference; lastKnownFileType = text.plist.strings; name = en; path = en.lproj/InfoPlist.strings; sourceTree = "<group>"; };
		5AA4D81813BB52080029B616 /* CapioTests.h */ = {isa = PBXFileReference; lastKnownFileType = sourcecode.c.h; path = CapioTests.h; sourceTree = "<group>"; };
		5AA4D81A13BB52080029B616 /* CapioTests.m */ = {isa = PBXFileReference; lastKnownFileType = sourcecode.c.objc; path = CapioTests.m; sourceTree = "<group>"; };
		5ABC805E13BC5BA000468868 /* MainWindow.xib */ = {isa = PBXFileReference; fileEncoding = 4; lastKnownFileType = file.xib; name = MainWindow.xib; path = ../MainWindow.xib; sourceTree = "<group>"; };
		5AD5B6A713BC6CA10083D454 /* SecondViewController.h */ = {isa = PBXFileReference; fileEncoding = 4; lastKnownFileType = sourcecode.c.h; path = SecondViewController.h; sourceTree = "<group>"; };
		5AD5B6A813BC6CA10083D454 /* SecondViewController.m */ = {isa = PBXFileReference; fileEncoding = 4; lastKnownFileType = sourcecode.c.objc; path = SecondViewController.m; sourceTree = "<group>"; };
		5AD5B6A913BC6CA10083D454 /* SecondViewController.xib */ = {isa = PBXFileReference; fileEncoding = 4; lastKnownFileType = file.xib; path = SecondViewController.xib; sourceTree = "<group>"; };
		5AD615CF13BB6D4E00F9CA45 /* AppListController.h */ = {isa = PBXFileReference; fileEncoding = 4; lastKnownFileType = sourcecode.c.h; path = AppListController.h; sourceTree = "<group>"; };
		5AD615D013BB6D4E00F9CA45 /* AppListController.m */ = {isa = PBXFileReference; fileEncoding = 4; lastKnownFileType = sourcecode.c.objc; path = AppListController.m; sourceTree = "<group>"; };
		5AD615D113BB6D4E00F9CA45 /* AppList.xib */ = {isa = PBXFileReference; fileEncoding = 4; lastKnownFileType = file.xib; path = AppList.xib; sourceTree = "<group>"; };
		5AD615D413BB703800F9CA45 /* AppOverviewController.h */ = {isa = PBXFileReference; fileEncoding = 4; lastKnownFileType = sourcecode.c.h; path = AppOverviewController.h; sourceTree = "<group>"; };
		5AD615D513BB703800F9CA45 /* AppOverviewController.m */ = {isa = PBXFileReference; fileEncoding = 4; lastKnownFileType = sourcecode.c.objc; path = AppOverviewController.m; sourceTree = "<group>"; };
		5AD615D613BB703800F9CA45 /* AppOverview.xib */ = {isa = PBXFileReference; fileEncoding = 4; lastKnownFileType = file.xib; path = AppOverview.xib; sourceTree = "<group>"; };
		5AD615DE13BB81F200F9CA45 /* MGSplitCornersView.h */ = {isa = PBXFileReference; fileEncoding = 4; lastKnownFileType = sourcecode.c.h; path = MGSplitCornersView.h; sourceTree = "<group>"; };
		5AD615DF13BB81F200F9CA45 /* MGSplitCornersView.m */ = {isa = PBXFileReference; fileEncoding = 4; lastKnownFileType = sourcecode.c.objc; path = MGSplitCornersView.m; sourceTree = "<group>"; };
		5AD615E013BB81F200F9CA45 /* MGSplitDividerView.h */ = {isa = PBXFileReference; fileEncoding = 4; lastKnownFileType = sourcecode.c.h; path = MGSplitDividerView.h; sourceTree = "<group>"; };
		5AD615E113BB81F200F9CA45 /* MGSplitDividerView.m */ = {isa = PBXFileReference; fileEncoding = 4; lastKnownFileType = sourcecode.c.objc; path = MGSplitDividerView.m; sourceTree = "<group>"; };
		5AD615E213BB81F200F9CA45 /* MGSplitViewController.h */ = {isa = PBXFileReference; fileEncoding = 4; lastKnownFileType = sourcecode.c.h; path = MGSplitViewController.h; sourceTree = "<group>"; };
		5AD615E313BB81F200F9CA45 /* MGSplitViewController.m */ = {isa = PBXFileReference; fileEncoding = 4; lastKnownFileType = sourcecode.c.objc; path = MGSplitViewController.m; sourceTree = "<group>"; };
/* End PBXFileReference section */

/* Begin PBXFrameworksBuildPhase section */
		5AA4D7D913BB52080029B616 /* Frameworks */ = {
			isa = PBXFrameworksBuildPhase;
			buildActionMask = 2147483647;
			files = (
				5AA4D7E113BB52080029B616 /* UIKit.framework in Frameworks */,
				5AA4D7E313BB52080029B616 /* Foundation.framework in Frameworks */,
				5AA4D7E513BB52080029B616 /* CoreGraphics.framework in Frameworks */,
			);
			runOnlyForDeploymentPostprocessing = 0;
		};
		5AA4D80613BB52080029B616 /* Frameworks */ = {
			isa = PBXFrameworksBuildPhase;
			buildActionMask = 2147483647;
			files = (
				5AA4D80C13BB52080029B616 /* SenTestingKit.framework in Frameworks */,
				5AA4D80D13BB52080029B616 /* UIKit.framework in Frameworks */,
				5AA4D80E13BB52080029B616 /* Foundation.framework in Frameworks */,
				5AA4D80F13BB52080029B616 /* CoreGraphics.framework in Frameworks */,
			);
			runOnlyForDeploymentPostprocessing = 0;
		};
/* End PBXFrameworksBuildPhase section */

/* Begin PBXGroup section */
		5A15955513BB54700007B60F /* Resources */ = {
			isa = PBXGroup;
			children = (
				5A66A31813BF3B6000DB7161 /* dropdown_button.png */,
				5A66A31B13BF3C3600DB7161 /* dropdown_button_pressed.png */,
				5A67A27513BCBD68002BDCAA /* app_overview.plist */,
				5ABC805E13BC5BA000468868 /* MainWindow.xib */,
				5A15955613BB54700007B60F /* info.png */,
				5A15955713BB54700007B60F /* planning.png */,
				5A15955813BB54700007B60F /* sizing.png */,
			);
			path = Resources;
			sourceTree = "<group>";
		};
		5A67A26B13BCB803002BDCAA /* Model */ = {
			isa = PBXGroup;
			children = (
				5A67A26D13BCB82D002BDCAA /* AppOverview.h */,
				5A67A26E13BCB82D002BDCAA /* AppOverview.m */,
			);
			name = Model;
			sourceTree = "<group>";
		};
		5AA4D7D113BB52080029B616 = {
			isa = PBXGroup;
			children = (
				5AA4D7E613BB52080029B616 /* Capio */,
				5AD615E713BB820100F9CA45 /* MGSplitViewController */,
				5AA4D81213BB52080029B616 /* CapioTests */,
				5AA4D7DF13BB52080029B616 /* Frameworks */,
				5AA4D7DD13BB52080029B616 /* Products */,
			);
			sourceTree = "<group>";
		};
		5AA4D7DD13BB52080029B616 /* Products */ = {
			isa = PBXGroup;
			children = (
				5AA4D7DC13BB52080029B616 /* Capio.app */,
				5AA4D80A13BB52080029B616 /* CapioTests.octest */,
			);
			name = Products;
			sourceTree = "<group>";
		};
		5AA4D7DF13BB52080029B616 /* Frameworks */ = {
			isa = PBXGroup;
			children = (
				5AA4D7E013BB52080029B616 /* UIKit.framework */,
				5AA4D7E213BB52080029B616 /* Foundation.framework */,
				5AA4D7E413BB52080029B616 /* CoreGraphics.framework */,
				5AA4D80B13BB52080029B616 /* SenTestingKit.framework */,
			);
			name = Frameworks;
			sourceTree = "<group>";
		};
		5AA4D7E613BB52080029B616 /* Capio */ = {
			isa = PBXGroup;
			children = (
				5AA4D7EF13BB52080029B616 /* CapioAppDelegate.h */,
				5AA4D7F013BB52080029B616 /* CapioAppDelegate.m */,
				5A67A26B13BCB803002BDCAA /* Model */,
				5AD615CD13BB5F1E00F9CA45 /* ViewControllers */,
				5A15955513BB54700007B60F /* Resources */,
				5AA4D7E713BB52080029B616 /* Supporting Files */,
			);
			path = Capio;
			sourceTree = "<group>";
		};
		5AA4D7E713BB52080029B616 /* Supporting Files */ = {
			isa = PBXGroup;
			children = (
				5AA4D7E813BB52080029B616 /* Capio-Info.plist */,
				5AA4D7E913BB52080029B616 /* InfoPlist.strings */,
				5AA4D7EC13BB52080029B616 /* main.m */,
				5AA4D7EE13BB52080029B616 /* Capio-Prefix.pch */,
			);
			name = "Supporting Files";
			sourceTree = "<group>";
		};
		5AA4D81213BB52080029B616 /* CapioTests */ = {
			isa = PBXGroup;
			children = (
				5AA4D81813BB52080029B616 /* CapioTests.h */,
				5AA4D81A13BB52080029B616 /* CapioTests.m */,
				5AA4D81313BB52080029B616 /* Supporting Files */,
			);
			path = CapioTests;
			sourceTree = "<group>";
		};
		5AA4D81313BB52080029B616 /* Supporting Files */ = {
			isa = PBXGroup;
			children = (
				5AA4D81413BB52080029B616 /* CapioTests-Info.plist */,
				5AA4D81513BB52080029B616 /* InfoPlist.strings */,
			);
			name = "Supporting Files";
			sourceTree = "<group>";
		};
		5AD615CD13BB5F1E00F9CA45 /* ViewControllers */ = {
			isa = PBXGroup;
			children = (
				5AD615CF13BB6D4E00F9CA45 /* AppListController.h */,
				5AD615D013BB6D4E00F9CA45 /* AppListController.m */,
				5AD615D113BB6D4E00F9CA45 /* AppList.xib */,
				5AD615D413BB703800F9CA45 /* AppOverviewController.h */,
				5AD615D513BB703800F9CA45 /* AppOverviewController.m */,
				5AD615D613BB703800F9CA45 /* AppOverview.xib */,
				5AD5B6A713BC6CA10083D454 /* SecondViewController.h */,
				5AD5B6A813BC6CA10083D454 /* SecondViewController.m */,
				5AD5B6A913BC6CA10083D454 /* SecondViewController.xib */,
				5A67A27813BCCEDC002BDCAA /* DatePopupController.h */,
				5A67A27913BCCEDC002BDCAA /* DatePopupController.m */,
				5A67A27A13BCCEDC002BDCAA /* DatePopup.xib */,
			);
			name = ViewControllers;
			sourceTree = "<group>";
		};
		5AD615E713BB820100F9CA45 /* MGSplitViewController */ = {
			isa = PBXGroup;
			children = (
				5AD615DE13BB81F200F9CA45 /* MGSplitCornersView.h */,
				5AD615DF13BB81F200F9CA45 /* MGSplitCornersView.m */,
				5AD615E013BB81F200F9CA45 /* MGSplitDividerView.h */,
				5AD615E113BB81F200F9CA45 /* MGSplitDividerView.m */,
				5AD615E213BB81F200F9CA45 /* MGSplitViewController.h */,
				5AD615E313BB81F200F9CA45 /* MGSplitViewController.m */,
			);
			name = MGSplitViewController;
			path = Capio;
			sourceTree = "<group>";
		};
/* End PBXGroup section */

/* Begin PBXNativeTarget section */
		5AA4D7DB13BB52080029B616 /* Capio */ = {
			isa = PBXNativeTarget;
			buildConfigurationList = 5AA4D81E13BB52080029B616 /* Build configuration list for PBXNativeTarget "Capio" */;
			buildPhases = (
				5AA4D7D813BB52080029B616 /* Sources */,
				5AA4D7D913BB52080029B616 /* Frameworks */,
				5AA4D7DA13BB52080029B616 /* Resources */,
			);
			buildRules = (
			);
			dependencies = (
			);
			name = Capio;
			productName = Capio;
			productReference = 5AA4D7DC13BB52080029B616 /* Capio.app */;
			productType = "com.apple.product-type.application";
		};
		5AA4D80913BB52080029B616 /* CapioTests */ = {
			isa = PBXNativeTarget;
			buildConfigurationList = 5AA4D82113BB52080029B616 /* Build configuration list for PBXNativeTarget "CapioTests" */;
			buildPhases = (
				5AA4D80513BB52080029B616 /* Sources */,
				5AA4D80613BB52080029B616 /* Frameworks */,
				5AA4D80713BB52080029B616 /* Resources */,
				5AA4D80813BB52080029B616 /* ShellScript */,
			);
			buildRules = (
			);
			dependencies = (
				5AA4D81113BB52080029B616 /* PBXTargetDependency */,
			);
			name = CapioTests;
			productName = CapioTests;
			productReference = 5AA4D80A13BB52080029B616 /* CapioTests.octest */;
			productType = "com.apple.product-type.bundle";
		};
/* End PBXNativeTarget section */

/* Begin PBXProject section */
		5AA4D7D313BB52080029B616 /* Project object */ = {
			isa = PBXProject;
			attributes = {
				ORGANIZATIONNAME = "abstracture GmbH & Co. KG";
			};
			buildConfigurationList = 5AA4D7D613BB52080029B616 /* Build configuration list for PBXProject "Capio" */;
			compatibilityVersion = "Xcode 3.2";
			developmentRegion = English;
			hasScannedForEncodings = 0;
			knownRegions = (
				en,
			);
			mainGroup = 5AA4D7D113BB52080029B616;
			productRefGroup = 5AA4D7DD13BB52080029B616 /* Products */;
			projectDirPath = "";
			projectRoot = "";
			targets = (
				5AA4D7DB13BB52080029B616 /* Capio */,
				5AA4D80913BB52080029B616 /* CapioTests */,
			);
		};
/* End PBXProject section */

/* Begin PBXResourcesBuildPhase section */
		5AA4D7DA13BB52080029B616 /* Resources */ = {
			isa = PBXResourcesBuildPhase;
			buildActionMask = 2147483647;
			files = (
				5AA4D7EB13BB52080029B616 /* InfoPlist.strings in Resources */,
				5A15955913BB54700007B60F /* info.png in Resources */,
				5A15955A13BB54700007B60F /* planning.png in Resources */,
				5A15955B13BB54700007B60F /* sizing.png in Resources */,
				5AD615D313BB6D4E00F9CA45 /* AppList.xib in Resources */,
				5AD615D813BB703800F9CA45 /* AppOverview.xib in Resources */,
				5ABC806013BC5BA000468868 /* MainWindow.xib in Resources */,
				5AD5B6AB13BC6CA10083D454 /* SecondViewController.xib in Resources */,
				5A67A27613BCBD68002BDCAA /* app_overview.plist in Resources */,
				5A67A27C13BCCEDC002BDCAA /* DatePopup.xib in Resources */,
				5A66A31913BF3B6000DB7161 /* dropdown_button.png in Resources */,
				5A66A31C13BF3C3600DB7161 /* dropdown_button_pressed.png in Resources */,
			);
			runOnlyForDeploymentPostprocessing = 0;
		};
		5AA4D80713BB52080029B616 /* Resources */ = {
			isa = PBXResourcesBuildPhase;
			buildActionMask = 2147483647;
			files = (
				5AA4D81713BB52080029B616 /* InfoPlist.strings in Resources */,
				5AA4D81913BB52080029B616 /* CapioTests.h in Resources */,
				5A67A27713BCBD68002BDCAA /* app_overview.plist in Resources */,
			);
			runOnlyForDeploymentPostprocessing = 0;
		};
/* End PBXResourcesBuildPhase section */

/* Begin PBXShellScriptBuildPhase section */
		5AA4D80813BB52080029B616 /* ShellScript */ = {
			isa = PBXShellScriptBuildPhase;
			buildActionMask = 2147483647;
			files = (
			);
			inputPaths = (
			);
			outputPaths = (
			);
			runOnlyForDeploymentPostprocessing = 0;
			shellPath = /bin/sh;
			shellScript = "# Run the unit tests in this test bundle.\n\"${SYSTEM_DEVELOPER_DIR}/Tools/RunUnitTests\"\n";
		};
/* End PBXShellScriptBuildPhase section */

/* Begin PBXSourcesBuildPhase section */
		5AA4D7D813BB52080029B616 /* Sources */ = {
			isa = PBXSourcesBuildPhase;
			buildActionMask = 2147483647;
			files = (
				5AA4D7ED13BB52080029B616 /* main.m in Sources */,
				5AA4D7F113BB52080029B616 /* CapioAppDelegate.m in Sources */,
				5AD615D213BB6D4E00F9CA45 /* AppListController.m in Sources */,
				5AD615D713BB703800F9CA45 /* AppOverviewController.m in Sources */,
				5AD615E413BB81F200F9CA45 /* MGSplitCornersView.m in Sources */,
				5AD615E513BB81F200F9CA45 /* MGSplitDividerView.m in Sources */,
				5AD615E613BB81F200F9CA45 /* MGSplitViewController.m in Sources */,
				5AD5B6AA13BC6CA10083D454 /* SecondViewController.m in Sources */,
				5A67A26F13BCB82D002BDCAA /* AppOverview.m in Sources */,
				5A67A27B13BCCEDC002BDCAA /* DatePopupController.m in Sources */,
			);
			runOnlyForDeploymentPostprocessing = 0;
		};
		5AA4D80513BB52080029B616 /* Sources */ = {
			isa = PBXSourcesBuildPhase;
			buildActionMask = 2147483647;
			files = (
				5AA4D81B13BB52080029B616 /* CapioTests.m in Sources */,
				5A67A27013BCB82D002BDCAA /* AppOverview.m in Sources */,
			);
			runOnlyForDeploymentPostprocessing = 0;
		};
/* End PBXSourcesBuildPhase section */

/* Begin PBXTargetDependency section */
		5AA4D81113BB52080029B616 /* PBXTargetDependency */ = {
			isa = PBXTargetDependency;
			target = 5AA4D7DB13BB52080029B616 /* Capio */;
			targetProxy = 5AA4D81013BB52080029B616 /* PBXContainerItemProxy */;
		};
/* End PBXTargetDependency section */

/* Begin PBXVariantGroup section */
		5AA4D7E913BB52080029B616 /* InfoPlist.strings */ = {
			isa = PBXVariantGroup;
			children = (
				5AA4D7EA13BB52080029B616 /* en */,
			);
			name = InfoPlist.strings;
			sourceTree = "<group>";
		};
		5AA4D81513BB52080029B616 /* InfoPlist.strings */ = {
			isa = PBXVariantGroup;
			children = (
				5AA4D81613BB52080029B616 /* en */,
			);
			name = InfoPlist.strings;
			sourceTree = "<group>";
		};
/* End PBXVariantGroup section */

/* Begin XCBuildConfiguration section */
		5AA4D81C13BB52080029B616 /* Debug */ = {
			isa = XCBuildConfiguration;
			buildSettings = {
				ALWAYS_SEARCH_USER_PATHS = NO;
				ARCHS = "$(ARCHS_STANDARD_32_BIT)";
				CLANG_ENABLE_OBJC_ARC = YES;
				"CODE_SIGN_IDENTITY[sdk=iphoneos*]" = "iPhone Developer";
				COPY_PHASE_STRIP = NO;
				GCC_C_LANGUAGE_STANDARD = gnu99;
				GCC_DYNAMIC_NO_PIC = NO;
				GCC_OPTIMIZATION_LEVEL = 0;
				GCC_PREPROCESSOR_DEFINITIONS = (
					"DEBUG=1",
					"$(inherited)",
				);
				GCC_SYMBOLS_PRIVATE_EXTERN = NO;
				GCC_VERSION = com.apple.compilers.llvm.clang.1_0;
				GCC_WARN_ABOUT_MISSING_PROTOTYPES = YES;
				GCC_WARN_ABOUT_RETURN_TYPE = YES;
				GCC_WARN_UNUSED_VARIABLE = YES;
				IPHONEOS_DEPLOYMENT_TARGET = 5.0;
				SDKROOT = iphoneos;
				TARGETED_DEVICE_FAMILY = 2;
			};
			name = Debug;
		};
		5AA4D81D13BB52080029B616 /* Release */ = {
			isa = XCBuildConfiguration;
			buildSettings = {
				ALWAYS_SEARCH_USER_PATHS = NO;
				ARCHS = "$(ARCHS_STANDARD_32_BIT)";
				CLANG_ENABLE_OBJC_ARC = YES;
				"CODE_SIGN_IDENTITY[sdk=iphoneos*]" = "iPhone Developer";
				COPY_PHASE_STRIP = YES;
				GCC_C_LANGUAGE_STANDARD = gnu99;
				GCC_VERSION = com.apple.compilers.llvm.clang.1_0;
				GCC_WARN_ABOUT_MISSING_PROTOTYPES = YES;
				GCC_WARN_ABOUT_RETURN_TYPE = YES;
				GCC_WARN_UNUSED_VARIABLE = YES;
				IPHONEOS_DEPLOYMENT_TARGET = 5.0;
				OTHER_CFLAGS = "-DNS_BLOCK_ASSERTIONS=1";
				SDKROOT = iphoneos;
				TARGETED_DEVICE_FAMILY = 2;
				VALIDATE_PRODUCT = YES;
			};
			name = Release;
		};
		5AA4D81F13BB52080029B616 /* Debug */ = {
			isa = XCBuildConfiguration;
			buildSettings = {
				GCC_PRECOMPILE_PREFIX_HEADER = YES;
				GCC_PREFIX_HEADER = "Capio/Capio-Prefix.pch";
				INFOPLIST_FILE = "Capio/Capio-Info.plist";
				IPHONEOS_DEPLOYMENT_TARGET = 5.0;
				PRODUCT_NAME = "$(TARGET_NAME)";
				WRAPPER_EXTENSION = app;
			};
			name = Debug;
		};
		5AA4D82013BB52080029B616 /* Release */ = {
			isa = XCBuildConfiguration;
			buildSettings = {
				GCC_PRECOMPILE_PREFIX_HEADER = YES;
				GCC_PREFIX_HEADER = "Capio/Capio-Prefix.pch";
				INFOPLIST_FILE = "Capio/Capio-Info.plist";
				IPHONEOS_DEPLOYMENT_TARGET = 5.0;
				PRODUCT_NAME = "$(TARGET_NAME)";
				WRAPPER_EXTENSION = app;
			};
			name = Release;
		};
		5AA4D82213BB52080029B616 /* Debug */ = {
			isa = XCBuildConfiguration;
			buildSettings = {
				BUNDLE_LOADER = "$(BUILT_PRODUCTS_DIR)/Capio.app/Capio";
				FRAMEWORK_SEARCH_PATHS = (
					"$(SDKROOT)/Developer/Library/Frameworks",
					"$(DEVELOPER_LIBRARY_DIR)/Frameworks",
				);
				GCC_PRECOMPILE_PREFIX_HEADER = YES;
				GCC_PREFIX_HEADER = "Capio/Capio-Prefix.pch";
				INFOPLIST_FILE = "CapioTests/CapioTests-Info.plist";
				PRODUCT_NAME = "$(TARGET_NAME)";
				TEST_HOST = "$(BUNDLE_LOADER)";
				WRAPPER_EXTENSION = octest;
			};
			name = Debug;
		};
		5AA4D82313BB52080029B616 /* Release */ = {
			isa = XCBuildConfiguration;
			buildSettings = {
				BUNDLE_LOADER = "$(BUILT_PRODUCTS_DIR)/Capio.app/Capio";
				FRAMEWORK_SEARCH_PATHS = (
					"$(SDKROOT)/Developer/Library/Frameworks",
					"$(DEVELOPER_LIBRARY_DIR)/Frameworks",
				);
				GCC_PRECOMPILE_PREFIX_HEADER = YES;
				GCC_PREFIX_HEADER = "Capio/Capio-Prefix.pch";
				INFOPLIST_FILE = "CapioTests/CapioTests-Info.plist";
				PRODUCT_NAME = "$(TARGET_NAME)";
				TEST_HOST = "$(BUNDLE_LOADER)";
				WRAPPER_EXTENSION = octest;
			};
			name = Release;
		};
/* End XCBuildConfiguration section */

/* Begin XCConfigurationList section */
		5AA4D7D613BB52080029B616 /* Build configuration list for PBXProject "Capio" */ = {
			isa = XCConfigurationList;
			buildConfigurations = (
				5AA4D81C13BB52080029B616 /* Debug */,
				5AA4D81D13BB52080029B616 /* Release */,
			);
			defaultConfigurationIsVisible = 0;
			defaultConfigurationName = Release;
		};
		5AA4D81E13BB52080029B616 /* Build configuration list for PBXNativeTarget "Capio" */ = {
			isa = XCConfigurationList;
			buildConfigurations = (
				5AA4D81F13BB52080029B616 /* Debug */,
				5AA4D82013BB52080029B616 /* Release */,
			);
			defaultConfigurationIsVisible = 0;
			defaultConfigurationName = Release;
		};
		5AA4D82113BB52080029B616 /* Build configuration list for PBXNativeTarget "CapioTests" */ = {
			isa = XCConfigurationList;
			buildConfigurations = (
				5AA4D82213BB52080029B616 /* Debug */,
				5AA4D82313BB52080029B616 /* Release */,
			);
			defaultConfigurationIsVisible = 0;
			defaultConfigurationName = Release;
		};
/* End XCConfigurationList section */
	};
	rootObject = 5AA4D7D313BB52080029B616 /* Project object */;
}
