// !$*UTF8*$!
{
	archiveVersion = 1;
	classes = {
	};
	objectVersion = 46;
	objects = {

/* Begin PBXBuildFile section */
		5A15955913BB54700007B60F /* info.png in Resources */ = {isa = PBXBuildFile; fileRef = 5A15955613BB54700007B60F /* info.png */; };
		5A15955A13BB54700007B60F /* planning.png in Resources */ = {isa = PBXBuildFile; fileRef = 5A15955713BB54700007B60F /* planning.png */; };
		5A15955B13BB54700007B60F /* sizing.png in Resources */ = {isa = PBXBuildFile; fileRef = 5A15955813BB54700007B60F /* sizing.png */; };
		5A26ECC613C7137500533B5D /* QuartzCore.framework in Frameworks */ = {isa = PBXBuildFile; fileRef = 5A26ECC513C7137500533B5D /* QuartzCore.framework */; };
		5A32464813DEED9E00AE1937 /* button2_pressed.png in Resources */ = {isa = PBXBuildFile; fileRef = 5A32464613DEED9E00AE1937 /* button2_pressed.png */; };
		5A32464913DEED9E00AE1937 /* button2.png in Resources */ = {isa = PBXBuildFile; fileRef = 5A32464713DEED9E00AE1937 /* button2.png */; };
		5A32464E13DEF41D00AE1937 /* ServerConfigController.m in Sources */ = {isa = PBXBuildFile; fileRef = 5A32464C13DEF41D00AE1937 /* ServerConfigController.m */; };
		5A32464F13DEF41D00AE1937 /* ServerConfig.xib in Resources */ = {isa = PBXBuildFile; fileRef = 5A32464D13DEF41D00AE1937 /* ServerConfig.xib */; };
		5A32466313E0358900AE1937 /* gear.png in Resources */ = {isa = PBXBuildFile; fileRef = 5A32466213E0358800AE1937 /* gear.png */; };
		5A32466713E03B8300AE1937 /* SettingsController.m in Sources */ = {isa = PBXBuildFile; fileRef = 5A32466513E03B8300AE1937 /* SettingsController.m */; };
		5A32466813E03B8300AE1937 /* Settings.xib in Resources */ = {isa = PBXBuildFile; fileRef = 5A32466613E03B8300AE1937 /* Settings.xib */; };
		5A32467013E0537900AE1937 /* Constants.m in Sources */ = {isa = PBXBuildFile; fileRef = 5A32466F13E0537900AE1937 /* Constants.m */; };
		5A32A12B13D495CA00AC7CB3 /* DataStoreTest.m in Sources */ = {isa = PBXBuildFile; fileRef = 5A32A12A13D495CA00AC7CB3 /* DataStoreTest.m */; };
		5A4B5E4A13D561EC006E1C9E /* ServerOverviewController.m in Sources */ = {isa = PBXBuildFile; fileRef = 5A4B5E4813D561EC006E1C9E /* ServerOverviewController.m */; };
		5A4B5E4B13D561EC006E1C9E /* ServerOverview.xib in Resources */ = {isa = PBXBuildFile; fileRef = 5A4B5E4913D561EC006E1C9E /* ServerOverview.xib */; };
		5A4B5E5413D5CC35006E1C9E /* response_workloads.png in Resources */ = {isa = PBXBuildFile; fileRef = 5A4B5E5313D5CC35006E1C9E /* response_workloads.png */; };
		5A4B5E5D13D5CD4B006E1C9E /* MetricOverviewController.m in Sources */ = {isa = PBXBuildFile; fileRef = 5A4B5E5B13D5CD49006E1C9E /* MetricOverviewController.m */; };
		5A4B5E5E13D5CD4B006E1C9E /* MetricOverview.xib in Resources */ = {isa = PBXBuildFile; fileRef = 5A4B5E5C13D5CD4A006E1C9E /* MetricOverview.xib */; };
		5A4B5E6013D5D1DE006E1C9E /* metrics.png in Resources */ = {isa = PBXBuildFile; fileRef = 5A4B5E5F13D5D1DE006E1C9E /* metrics.png */; };
		5A5742C313DED37600294D1A /* libCorePlot-CocoaTouch.a in Frameworks */ = {isa = PBXBuildFile; fileRef = 5A5742C213DED37600294D1A /* libCorePlot-CocoaTouch.a */; };
		5A5742CC13DEE17700294D1A /* AppConfigController.m in Sources */ = {isa = PBXBuildFile; fileRef = 5A5742CA13DEE17700294D1A /* AppConfigController.m */; };
		5A5742CD13DEE17700294D1A /* AppConfig.xib in Resources */ = {isa = PBXBuildFile; fileRef = 5A5742CB13DEE17700294D1A /* AppConfig.xib */; };
		5A61C17D13E6084600751084 /* DBGERLT2073%2F2011-03-02%2Fcpu.json in Resources */ = {isa = PBXBuildFile; fileRef = 5A61C17C13E6084600751084 /* DBGERLT2073%2F2011-03-02%2Fcpu.json */; };
		5A61C17E13E6084600751084 /* DBGERLT2073%2F2011-03-02%2Fcpu.json in Resources */ = {isa = PBXBuildFile; fileRef = 5A61C17C13E6084600751084 /* DBGERLT2073%2F2011-03-02%2Fcpu.json */; };
		5A61C18113E611C900751084 /* DBGERLT2073%2F2011-03-02%2Fmem.json in Resources */ = {isa = PBXBuildFile; fileRef = 5A61C18013E611C900751084 /* DBGERLT2073%2F2011-03-02%2Fmem.json */; };
		5A61C18213E611C900751084 /* DBGERLT2073%2F2011-03-02%2Fmem.json in Resources */ = {isa = PBXBuildFile; fileRef = 5A61C18013E611C900751084 /* DBGERLT2073%2F2011-03-02%2Fmem.json */; };
		5A66A31913BF3B6000DB7161 /* dropdown_button.png in Resources */ = {isa = PBXBuildFile; fileRef = 5A66A31813BF3B6000DB7161 /* dropdown_button.png */; };
		5A66A31C13BF3C3600DB7161 /* dropdown_button_pressed.png in Resources */ = {isa = PBXBuildFile; fileRef = 5A66A31B13BF3C3600DB7161 /* dropdown_button_pressed.png */; };
		5A67A26F13BCB82D002BDCAA /* AppOverview.m in Sources */ = {isa = PBXBuildFile; fileRef = 5A67A26E13BCB82D002BDCAA /* AppOverview.m */; };
		5A67A27013BCB82D002BDCAA /* AppOverview.m in Sources */ = {isa = PBXBuildFile; fileRef = 5A67A26E13BCB82D002BDCAA /* AppOverview.m */; };
		5A67A27B13BCCEDC002BDCAA /* DatePopupController.m in Sources */ = {isa = PBXBuildFile; fileRef = 5A67A27913BCCEDC002BDCAA /* DatePopupController.m */; };
		5A67A27C13BCCEDC002BDCAA /* DatePopup.xib in Resources */ = {isa = PBXBuildFile; fileRef = 5A67A27A13BCCEDC002BDCAA /* DatePopup.xib */; };
		5A6F752A13EBC97D00327817 /* html in Resources */ = {isa = PBXBuildFile; fileRef = 5A6F752913EBC97D00327817 /* html */; };
		5A6F758C13EBCF9900327817 /* BonjourBrowser.m in Sources */ = {isa = PBXBuildFile; fileRef = 5A6F753613EBCF9900327817 /* BonjourBrowser.m */; };
		5A6F758D13EBCF9900327817 /* BrowserViewController.m in Sources */ = {isa = PBXBuildFile; fileRef = 5A6F753813EBCF9900327817 /* BrowserViewController.m */; };
		5A6F758E13EBCF9900327817 /* DomainViewController.m in Sources */ = {isa = PBXBuildFile; fileRef = 5A6F753A13EBCF9900327817 /* DomainViewController.m */; };
		5A6F758F13EBCF9900327817 /* SimpleEditViewController.m in Sources */ = {isa = PBXBuildFile; fileRef = 5A6F753C13EBCF9900327817 /* SimpleEditViewController.m */; };
		5A6F759013EBCF9900327817 /* UIView+RoundedCorners.m in Sources */ = {isa = PBXBuildFile; fileRef = 5A6F758B13EBCF9900327817 /* UIView+RoundedCorners.m */; };
		5A6F759713EBD03500327817 /* MGSplitCornersView.m in Sources */ = {isa = PBXBuildFile; fileRef = 5A6F759213EBD03500327817 /* MGSplitCornersView.m */; };
		5A6F759813EBD03500327817 /* MGSplitDividerView.m in Sources */ = {isa = PBXBuildFile; fileRef = 5A6F759413EBD03500327817 /* MGSplitDividerView.m */; };
		5A6F759913EBD03500327817 /* MGSplitViewController.m in Sources */ = {isa = PBXBuildFile; fileRef = 5A6F759613EBD03500327817 /* MGSplitViewController.m */; };
		5A73F4CC13E70F17008E727C /* GeneralSettingsController.m in Sources */ = {isa = PBXBuildFile; fileRef = 5A73F4CA13E70F16008E727C /* GeneralSettingsController.m */; };
		5A73F4CD13E70F17008E727C /* GeneralSettings.xib in Resources */ = {isa = PBXBuildFile; fileRef = 5A73F4CB13E70F17008E727C /* GeneralSettings.xib */; };
		5A843E2F13C2049A00289E51 /* red_rag.png in Resources */ = {isa = PBXBuildFile; fileRef = 5A843E2E13C2049A00289E51 /* red_rag.png */; };
		5A843E3213C2096F00289E51 /* amber_rag.png in Resources */ = {isa = PBXBuildFile; fileRef = 5A843E3113C2096F00289E51 /* amber_rag.png */; };
		5A886EDC13C33E8F003E06FA /* button1_pressed.png in Resources */ = {isa = PBXBuildFile; fileRef = 5A886EDA13C33E8F003E06FA /* button1_pressed.png */; };
		5A886EDD13C33E8F003E06FA /* button1.png in Resources */ = {isa = PBXBuildFile; fileRef = 5A886EDB13C33E8F003E06FA /* button1.png */; };
		5A88ECBB13E155DA007A259F /* apps.json in Resources */ = {isa = PBXBuildFile; fileRef = 5A32A12813D4912900AC7CB3 /* apps.json */; };
		5A88ECBC13E155DC007A259F /* apps.json in Resources */ = {isa = PBXBuildFile; fileRef = 5A32A12813D4912900AC7CB3 /* apps.json */; };
		5A88ECBE13E15EA0007A259F /* DBGERLT2073%2F2011-03-02.json in Resources */ = {isa = PBXBuildFile; fileRef = 5A88ECBD13E15EA0007A259F /* DBGERLT2073%2F2011-03-02.json */; };
		5A88ECBF13E15EA0007A259F /* DBGERLT2073%2F2011-03-02.json in Resources */ = {isa = PBXBuildFile; fileRef = 5A88ECBD13E15EA0007A259F /* DBGERLT2073%2F2011-03-02.json */; };
		5A88ECC213E187D6007A259F /* response_history.png in Resources */ = {isa = PBXBuildFile; fileRef = 5A88ECC013E187D6007A259F /* response_history.png */; };
		5A88ECC313E187D6007A259F /* response_trend.png in Resources */ = {isa = PBXBuildFile; fileRef = 5A88ECC113E187D6007A259F /* response_trend.png */; };
		5A88ECC513E18DD8007A259F /* workload_legend.png in Resources */ = {isa = PBXBuildFile; fileRef = 5A88ECC413E18DD8007A259F /* workload_legend.png */; };
		5A9DC74A13CC5F5A00D67F65 /* DataStore.m in Sources */ = {isa = PBXBuildFile; fileRef = 5A9DC74913CC5F5A00D67F65 /* DataStore.m */; };
		5A9DC74D13CC9CA300D67F65 /* Tuple.m in Sources */ = {isa = PBXBuildFile; fileRef = 5A9DC74C13CC9CA300D67F65 /* Tuple.m */; };
		5AA4D7E113BB52080029B616 /* UIKit.framework in Frameworks */ = {isa = PBXBuildFile; fileRef = 5AA4D7E013BB52080029B616 /* UIKit.framework */; };
		5AA4D7E313BB52080029B616 /* Foundation.framework in Frameworks */ = {isa = PBXBuildFile; fileRef = 5AA4D7E213BB52080029B616 /* Foundation.framework */; };
		5AA4D7E513BB52080029B616 /* CoreGraphics.framework in Frameworks */ = {isa = PBXBuildFile; fileRef = 5AA4D7E413BB52080029B616 /* CoreGraphics.framework */; };
		5AA4D7EB13BB52080029B616 /* InfoPlist.strings in Resources */ = {isa = PBXBuildFile; fileRef = 5AA4D7E913BB52080029B616 /* InfoPlist.strings */; };
		5AA4D7ED13BB52080029B616 /* main.m in Sources */ = {isa = PBXBuildFile; fileRef = 5AA4D7EC13BB52080029B616 /* main.m */; };
		5AA4D7F113BB52080029B616 /* CapioAppDelegate.m in Sources */ = {isa = PBXBuildFile; fileRef = 5AA4D7F013BB52080029B616 /* CapioAppDelegate.m */; };
		5AA4D80C13BB52080029B616 /* SenTestingKit.framework in Frameworks */ = {isa = PBXBuildFile; fileRef = 5AA4D80B13BB52080029B616 /* SenTestingKit.framework */; };
		5AA4D80D13BB52080029B616 /* UIKit.framework in Frameworks */ = {isa = PBXBuildFile; fileRef = 5AA4D7E013BB52080029B616 /* UIKit.framework */; };
		5AA4D80E13BB52080029B616 /* Foundation.framework in Frameworks */ = {isa = PBXBuildFile; fileRef = 5AA4D7E213BB52080029B616 /* Foundation.framework */; };
		5AA4D80F13BB52080029B616 /* CoreGraphics.framework in Frameworks */ = {isa = PBXBuildFile; fileRef = 5AA4D7E413BB52080029B616 /* CoreGraphics.framework */; };
		5AA4D81713BB52080029B616 /* InfoPlist.strings in Resources */ = {isa = PBXBuildFile; fileRef = 5AA4D81513BB52080029B616 /* InfoPlist.strings */; };
		5AA4D81913BB52080029B616 /* CapioTests.h in Resources */ = {isa = PBXBuildFile; fileRef = 5AA4D81813BB52080029B616 /* CapioTests.h */; };
		5AA4D81B13BB52080029B616 /* CapioTests.m in Sources */ = {isa = PBXBuildFile; fileRef = 5AA4D81A13BB52080029B616 /* CapioTests.m */; };
		5AB26AB713C5B44900AC5B87 /* TimelineController.m in Sources */ = {isa = PBXBuildFile; fileRef = 5AB26AB513C5B44900AC5B87 /* TimelineController.m */; };
		5AB26AB813C5B44900AC5B87 /* Timeline.xib in Resources */ = {isa = PBXBuildFile; fileRef = 5AB26AB613C5B44900AC5B87 /* Timeline.xib */; };
		5ABC806013BC5BA000468868 /* MainWindow.xib in Resources */ = {isa = PBXBuildFile; fileRef = 5ABC805E13BC5BA000468868 /* MainWindow.xib */; };
		5ABE2DD613E1C8C300170DE7 /* db_logo.png in Resources */ = {isa = PBXBuildFile; fileRef = 5ABE2DD513E1C8C300170DE7 /* db_logo.png */; };
		5ABE2DDB13E1CCCA00170DE7 /* IntroViewController.m in Sources */ = {isa = PBXBuildFile; fileRef = 5ABE2DD913E1CCCA00170DE7 /* IntroViewController.m */; };
		5ABE2DDC13E1CCCA00170DE7 /* IntroView.xib in Resources */ = {isa = PBXBuildFile; fileRef = 5ABE2DDA13E1CCCA00170DE7 /* IntroView.xib */; };
		5ABE2DF113E5983B00170DE7 /* amber_rag_big.png in Resources */ = {isa = PBXBuildFile; fileRef = 5ABE2DEF13E5983B00170DE7 /* amber_rag_big.png */; };
		5ABE2DF213E5983B00170DE7 /* red_rag_big.png in Resources */ = {isa = PBXBuildFile; fileRef = 5ABE2DF013E5983B00170DE7 /* red_rag_big.png */; };
		5ABE2DF413E59BB400170DE7 /* green_rag_big.png in Resources */ = {isa = PBXBuildFile; fileRef = 5ABE2DF313E59BB400170DE7 /* green_rag_big.png */; };
		5ABE2DF613E59C7B00170DE7 /* total_rag_big.png in Resources */ = {isa = PBXBuildFile; fileRef = 5ABE2DF513E59C7B00170DE7 /* total_rag_big.png */; };
		5ABE2DF813E59D6C00170DE7 /* total_rag_big_pressed.png in Resources */ = {isa = PBXBuildFile; fileRef = 5ABE2DF713E59D6C00170DE7 /* total_rag_big_pressed.png */; };
		5ABE2DFB13E59E0400170DE7 /* amber_rag_big_pressed.png in Resources */ = {isa = PBXBuildFile; fileRef = 5ABE2DF913E59E0400170DE7 /* amber_rag_big_pressed.png */; };
		5ABE2DFC13E59E0400170DE7 /* red_rag_big_pressed.png in Resources */ = {isa = PBXBuildFile; fileRef = 5ABE2DFA13E59E0400170DE7 /* red_rag_big_pressed.png */; };
		5ABE2DFE13E59E8800170DE7 /* green_rag_big_pressed.png in Resources */ = {isa = PBXBuildFile; fileRef = 5ABE2DFD13E59E8800170DE7 /* green_rag_big_pressed.png */; };
		5AD5B6AA13BC6CA10083D454 /* SecondViewController.m in Sources */ = {isa = PBXBuildFile; fileRef = 5AD5B6A813BC6CA10083D454 /* SecondViewController.m */; };
		5AD5B6AB13BC6CA10083D454 /* SecondViewController.xib in Resources */ = {isa = PBXBuildFile; fileRef = 5AD5B6A913BC6CA10083D454 /* SecondViewController.xib */; };
		5AD615D213BB6D4E00F9CA45 /* AppListController.m in Sources */ = {isa = PBXBuildFile; fileRef = 5AD615D013BB6D4E00F9CA45 /* AppListController.m */; };
		5AD615D313BB6D4E00F9CA45 /* AppList.xib in Resources */ = {isa = PBXBuildFile; fileRef = 5AD615D113BB6D4E00F9CA45 /* AppList.xib */; };
		5AD615D713BB703800F9CA45 /* AppOverviewController.m in Sources */ = {isa = PBXBuildFile; fileRef = 5AD615D513BB703800F9CA45 /* AppOverviewController.m */; };
		5AD615D813BB703800F9CA45 /* AppOverview.xib in Resources */ = {isa = PBXBuildFile; fileRef = 5AD615D613BB703800F9CA45 /* AppOverview.xib */; };
		5ADF8CBE13DEE6BA00023BA8 /* app_config.png in Resources */ = {isa = PBXBuildFile; fileRef = 5ADF8CBD13DEE6BA00023BA8 /* app_config.png */; };
		5ADF8CC313DEE7E200023BA8 /* AppConnectionsController.m in Sources */ = {isa = PBXBuildFile; fileRef = 5ADF8CC113DEE7E200023BA8 /* AppConnectionsController.m */; };
		5ADF8CC413DEE7E200023BA8 /* AppConnections.xib in Resources */ = {isa = PBXBuildFile; fileRef = 5ADF8CC213DEE7E200023BA8 /* AppConnections.xib */; };
		5ADF8CC613DEE87800023BA8 /* app_connections.png in Resources */ = {isa = PBXBuildFile; fileRef = 5ADF8CC513DEE87800023BA8 /* app_connections.png */; };
		5ADFF7FD13EAB86600807383 /* WebViewController.m in Sources */ = {isa = PBXBuildFile; fileRef = 5ADFF7FB13EAB86500807383 /* WebViewController.m */; };
		5ADFF7FE13EAB86600807383 /* WebView.xib in Resources */ = {isa = PBXBuildFile; fileRef = 5ADFF7FC13EAB86500807383 /* WebView.xib */; };
		5AF74AD713C1EC9F00DF0794 /* AppListCell.m in Sources */ = {isa = PBXBuildFile; fileRef = 5AF74AD513C1EC9F00DF0794 /* AppListCell.m */; };
		5AF74AD813C1EC9F00DF0794 /* AppListCell.xib in Resources */ = {isa = PBXBuildFile; fileRef = 5AF74AD613C1EC9F00DF0794 /* AppListCell.xib */; };
/* End PBXBuildFile section */

/* Begin PBXContainerItemProxy section */
		5AA4D81013BB52080029B616 /* PBXContainerItemProxy */ = {
			isa = PBXContainerItemProxy;
			containerPortal = 5AA4D7D313BB52080029B616 /* Project object */;
			proxyType = 1;
			remoteGlobalIDString = 5AA4D7DB13BB52080029B616;
			remoteInfo = Capio;
		};
/* End PBXContainerItemProxy section */

/* Begin PBXFileReference section */
		5A15955613BB54700007B60F /* info.png */ = {isa = PBXFileReference; lastKnownFileType = image.png; path = info.png; sourceTree = "<group>"; };
		5A15955713BB54700007B60F /* planning.png */ = {isa = PBXFileReference; lastKnownFileType = image.png; path = planning.png; sourceTree = "<group>"; };
		5A15955813BB54700007B60F /* sizing.png */ = {isa = PBXFileReference; lastKnownFileType = image.png; path = sizing.png; sourceTree = "<group>"; };
		5A26ECC513C7137500533B5D /* QuartzCore.framework */ = {isa = PBXFileReference; lastKnownFileType = wrapper.framework; name = QuartzCore.framework; path = System/Library/Frameworks/QuartzCore.framework; sourceTree = SDKROOT; };
		5A32464613DEED9E00AE1937 /* button2_pressed.png */ = {isa = PBXFileReference; lastKnownFileType = image.png; path = button2_pressed.png; sourceTree = "<group>"; };
		5A32464713DEED9E00AE1937 /* button2.png */ = {isa = PBXFileReference; lastKnownFileType = image.png; path = button2.png; sourceTree = "<group>"; };
		5A32464B13DEF41D00AE1937 /* ServerConfigController.h */ = {isa = PBXFileReference; fileEncoding = 4; lastKnownFileType = sourcecode.c.h; path = ServerConfigController.h; sourceTree = "<group>"; };
		5A32464C13DEF41D00AE1937 /* ServerConfigController.m */ = {isa = PBXFileReference; fileEncoding = 4; lastKnownFileType = sourcecode.c.objc; path = ServerConfigController.m; sourceTree = "<group>"; };
		5A32464D13DEF41D00AE1937 /* ServerConfig.xib */ = {isa = PBXFileReference; fileEncoding = 4; lastKnownFileType = file.xib; path = ServerConfig.xib; sourceTree = "<group>"; };
		5A32466213E0358800AE1937 /* gear.png */ = {isa = PBXFileReference; lastKnownFileType = image.png; path = gear.png; sourceTree = "<group>"; };
		5A32466413E03B8300AE1937 /* SettingsController.h */ = {isa = PBXFileReference; fileEncoding = 4; lastKnownFileType = sourcecode.c.h; path = SettingsController.h; sourceTree = "<group>"; };
		5A32466513E03B8300AE1937 /* SettingsController.m */ = {isa = PBXFileReference; fileEncoding = 4; lastKnownFileType = sourcecode.c.objc; path = SettingsController.m; sourceTree = "<group>"; };
		5A32466613E03B8300AE1937 /* Settings.xib */ = {isa = PBXFileReference; fileEncoding = 4; lastKnownFileType = file.xib; path = Settings.xib; sourceTree = "<group>"; };
		5A32466E13E0537900AE1937 /* Constants.h */ = {isa = PBXFileReference; fileEncoding = 4; lastKnownFileType = sourcecode.c.h; path = Constants.h; sourceTree = "<group>"; };
		5A32466F13E0537900AE1937 /* Constants.m */ = {isa = PBXFileReference; fileEncoding = 4; lastKnownFileType = sourcecode.c.objc; path = Constants.m; sourceTree = "<group>"; };
		5A32A12813D4912900AC7CB3 /* apps.json */ = {isa = PBXFileReference; lastKnownFileType = text.json; path = apps.json; sourceTree = "<group>"; };
		5A32A12913D495CA00AC7CB3 /* DataStoreTest.h */ = {isa = PBXFileReference; fileEncoding = 4; lastKnownFileType = sourcecode.c.h; path = DataStoreTest.h; sourceTree = "<group>"; };
		5A32A12A13D495CA00AC7CB3 /* DataStoreTest.m */ = {isa = PBXFileReference; fileEncoding = 4; lastKnownFileType = sourcecode.c.objc; path = DataStoreTest.m; sourceTree = "<group>"; };
		5A4B5E4713D561EC006E1C9E /* ServerOverviewController.h */ = {isa = PBXFileReference; fileEncoding = 4; lastKnownFileType = sourcecode.c.h; path = ServerOverviewController.h; sourceTree = "<group>"; };
		5A4B5E4813D561EC006E1C9E /* ServerOverviewController.m */ = {isa = PBXFileReference; fileEncoding = 4; lastKnownFileType = sourcecode.c.objc; path = ServerOverviewController.m; sourceTree = "<group>"; };
		5A4B5E4913D561EC006E1C9E /* ServerOverview.xib */ = {isa = PBXFileReference; fileEncoding = 4; lastKnownFileType = file.xib; path = ServerOverview.xib; sourceTree = "<group>"; };
		5A4B5E5313D5CC35006E1C9E /* response_workloads.png */ = {isa = PBXFileReference; lastKnownFileType = image.png; path = response_workloads.png; sourceTree = "<group>"; };
		5A4B5E5A13D5CD49006E1C9E /* MetricOverviewController.h */ = {isa = PBXFileReference; fileEncoding = 4; lastKnownFileType = sourcecode.c.h; path = MetricOverviewController.h; sourceTree = "<group>"; };
		5A4B5E5B13D5CD49006E1C9E /* MetricOverviewController.m */ = {isa = PBXFileReference; fileEncoding = 4; lastKnownFileType = sourcecode.c.objc; path = MetricOverviewController.m; sourceTree = "<group>"; };
		5A4B5E5C13D5CD4A006E1C9E /* MetricOverview.xib */ = {isa = PBXFileReference; fileEncoding = 4; lastKnownFileType = file.xib; path = MetricOverview.xib; sourceTree = "<group>"; };
		5A4B5E5F13D5D1DE006E1C9E /* metrics.png */ = {isa = PBXFileReference; lastKnownFileType = image.png; path = metrics.png; sourceTree = "<group>"; };
		5A5742C213DED37600294D1A /* libCorePlot-CocoaTouch.a */ = {isa = PBXFileReference; lastKnownFileType = archive.ar; name = "libCorePlot-CocoaTouch.a"; path = "Capio/libCorePlot-CocoaTouch.a"; sourceTree = "<group>"; };
		5A5742C913DEE17700294D1A /* AppConfigController.h */ = {isa = PBXFileReference; fileEncoding = 4; lastKnownFileType = sourcecode.c.h; path = AppConfigController.h; sourceTree = "<group>"; };
		5A5742CA13DEE17700294D1A /* AppConfigController.m */ = {isa = PBXFileReference; fileEncoding = 4; lastKnownFileType = sourcecode.c.objc; path = AppConfigController.m; sourceTree = "<group>"; };
		5A5742CB13DEE17700294D1A /* AppConfig.xib */ = {isa = PBXFileReference; fileEncoding = 4; lastKnownFileType = file.xib; path = AppConfig.xib; sourceTree = "<group>"; };
		5A61C17C13E6084600751084 /* DBGERLT2073%2F2011-03-02%2Fcpu.json */ = {isa = PBXFileReference; fileEncoding = 4; lastKnownFileType = text.json; path = "DBGERLT2073%2F2011-03-02%2Fcpu.json"; sourceTree = "<group>"; };
		5A61C18013E611C900751084 /* DBGERLT2073%2F2011-03-02%2Fmem.json */ = {isa = PBXFileReference; fileEncoding = 4; lastKnownFileType = text.json; path = "DBGERLT2073%2F2011-03-02%2Fmem.json"; sourceTree = "<group>"; };
		5A66A31813BF3B6000DB7161 /* dropdown_button.png */ = {isa = PBXFileReference; lastKnownFileType = image.png; path = dropdown_button.png; sourceTree = "<group>"; };
		5A66A31B13BF3C3600DB7161 /* dropdown_button_pressed.png */ = {isa = PBXFileReference; lastKnownFileType = image.png; path = dropdown_button_pressed.png; sourceTree = "<group>"; };
		5A67A26D13BCB82D002BDCAA /* AppOverview.h */ = {isa = PBXFileReference; fileEncoding = 4; lastKnownFileType = sourcecode.c.h; path = AppOverview.h; sourceTree = "<group>"; };
		5A67A26E13BCB82D002BDCAA /* AppOverview.m */ = {isa = PBXFileReference; fileEncoding = 4; lastKnownFileType = sourcecode.c.objc; path = AppOverview.m; sourceTree = "<group>"; };
		5A67A27813BCCEDC002BDCAA /* DatePopupController.h */ = {isa = PBXFileReference; fileEncoding = 4; lastKnownFileType = sourcecode.c.h; path = DatePopupController.h; sourceTree = "<group>"; };
		5A67A27913BCCEDC002BDCAA /* DatePopupController.m */ = {isa = PBXFileReference; fileEncoding = 4; lastKnownFileType = sourcecode.c.objc; path = DatePopupController.m; sourceTree = "<group>"; };
		5A67A27A13BCCEDC002BDCAA /* DatePopup.xib */ = {isa = PBXFileReference; fileEncoding = 4; lastKnownFileType = file.xib; path = DatePopup.xib; sourceTree = "<group>"; };
		5A6F752913EBC97D00327817 /* html */ = {isa = PBXFileReference; lastKnownFileType = folder; path = html; sourceTree = "<group>"; };
		5A6F753513EBCF9900327817 /* BonjourBrowser.h */ = {isa = PBXFileReference; fileEncoding = 4; lastKnownFileType = sourcecode.c.h; path = BonjourBrowser.h; sourceTree = "<group>"; };
		5A6F753613EBCF9900327817 /* BonjourBrowser.m */ = {isa = PBXFileReference; fileEncoding = 4; lastKnownFileType = sourcecode.c.objc; path = BonjourBrowser.m; sourceTree = "<group>"; };
		5A6F753713EBCF9900327817 /* BrowserViewController.h */ = {isa = PBXFileReference; fileEncoding = 4; lastKnownFileType = sourcecode.c.h; path = BrowserViewController.h; sourceTree = "<group>"; };
		5A6F753813EBCF9900327817 /* BrowserViewController.m */ = {isa = PBXFileReference; fileEncoding = 4; lastKnownFileType = sourcecode.c.objc; path = BrowserViewController.m; sourceTree = "<group>"; };
		5A6F753913EBCF9900327817 /* DomainViewController.h */ = {isa = PBXFileReference; fileEncoding = 4; lastKnownFileType = sourcecode.c.h; path = DomainViewController.h; sourceTree = "<group>"; };
		5A6F753A13EBCF9900327817 /* DomainViewController.m */ = {isa = PBXFileReference; fileEncoding = 4; lastKnownFileType = sourcecode.c.objc; path = DomainViewController.m; sourceTree = "<group>"; };
		5A6F753B13EBCF9900327817 /* SimpleEditViewController.h */ = {isa = PBXFileReference; fileEncoding = 4; lastKnownFileType = sourcecode.c.h; path = SimpleEditViewController.h; sourceTree = "<group>"; };
		5A6F753C13EBCF9900327817 /* SimpleEditViewController.m */ = {isa = PBXFileReference; fileEncoding = 4; lastKnownFileType = sourcecode.c.objc; path = SimpleEditViewController.m; sourceTree = "<group>"; };
		5A6F753E13EBCF9900327817 /* _CPTFillColor.h */ = {isa = PBXFileReference; fileEncoding = 4; lastKnownFileType = sourcecode.c.h; path = _CPTFillColor.h; sourceTree = "<group>"; };
		5A6F753F13EBCF9900327817 /* _CPTFillGradient.h */ = {isa = PBXFileReference; fileEncoding = 4; lastKnownFileType = sourcecode.c.h; path = _CPTFillGradient.h; sourceTree = "<group>"; };
		5A6F754013EBCF9900327817 /* _CPTFillImage.h */ = {isa = PBXFileReference; fileEncoding = 4; lastKnownFileType = sourcecode.c.h; path = _CPTFillImage.h; sourceTree = "<group>"; };
		5A6F754113EBCF9900327817 /* CorePlot-CocoaTouch.h */ = {isa = PBXFileReference; fileEncoding = 4; lastKnownFileType = sourcecode.c.h; path = "CorePlot-CocoaTouch.h"; sourceTree = "<group>"; };
		5A6F754213EBCF9900327817 /* CPTAnnotation.h */ = {isa = PBXFileReference; fileEncoding = 4; lastKnownFileType = sourcecode.c.h; path = CPTAnnotation.h; sourceTree = "<group>"; };
		5A6F754313EBCF9900327817 /* CPTAnnotationHostLayer.h */ = {isa = PBXFileReference; fileEncoding = 4; lastKnownFileType = sourcecode.c.h; path = CPTAnnotationHostLayer.h; sourceTree = "<group>"; };
		5A6F754413EBCF9900327817 /* CPTAxis.h */ = {isa = PBXFileReference; fileEncoding = 4; lastKnownFileType = sourcecode.c.h; path = CPTAxis.h; sourceTree = "<group>"; };
		5A6F754513EBCF9900327817 /* CPTAxisLabel.h */ = {isa = PBXFileReference; fileEncoding = 4; lastKnownFileType = sourcecode.c.h; path = CPTAxisLabel.h; sourceTree = "<group>"; };
		5A6F754613EBCF9900327817 /* CPTAxisLabelGroup.h */ = {isa = PBXFileReference; fileEncoding = 4; lastKnownFileType = sourcecode.c.h; path = CPTAxisLabelGroup.h; sourceTree = "<group>"; };
		5A6F754713EBCF9900327817 /* CPTAxisSet.h */ = {isa = PBXFileReference; fileEncoding = 4; lastKnownFileType = sourcecode.c.h; path = CPTAxisSet.h; sourceTree = "<group>"; };
		5A6F754813EBCF9900327817 /* CPTAxisTitle.h */ = {isa = PBXFileReference; fileEncoding = 4; lastKnownFileType = sourcecode.c.h; path = CPTAxisTitle.h; sourceTree = "<group>"; };
		5A6F754913EBCF9900327817 /* CPTBarPlot.h */ = {isa = PBXFileReference; fileEncoding = 4; lastKnownFileType = sourcecode.c.h; path = CPTBarPlot.h; sourceTree = "<group>"; };
		5A6F754A13EBCF9900327817 /* CPTBorderedLayer.h */ = {isa = PBXFileReference; fileEncoding = 4; lastKnownFileType = sourcecode.c.h; path = CPTBorderedLayer.h; sourceTree = "<group>"; };
		5A6F754B13EBCF9900327817 /* CPTColor.h */ = {isa = PBXFileReference; fileEncoding = 4; lastKnownFileType = sourcecode.c.h; path = CPTColor.h; sourceTree = "<group>"; };
		5A6F754C13EBCF9900327817 /* CPTColorSpace.h */ = {isa = PBXFileReference; fileEncoding = 4; lastKnownFileType = sourcecode.c.h; path = CPTColorSpace.h; sourceTree = "<group>"; };
		5A6F754D13EBCF9900327817 /* CPTConstrainedPosition.h */ = {isa = PBXFileReference; fileEncoding = 4; lastKnownFileType = sourcecode.c.h; path = CPTConstrainedPosition.h; sourceTree = "<group>"; };
		5A6F754E13EBCF9900327817 /* CPTDarkGradientTheme.h */ = {isa = PBXFileReference; fileEncoding = 4; lastKnownFileType = sourcecode.c.h; path = CPTDarkGradientTheme.h; sourceTree = "<group>"; };
		5A6F754F13EBCF9900327817 /* CPTDefinitions.h */ = {isa = PBXFileReference; fileEncoding = 4; lastKnownFileType = sourcecode.c.h; path = CPTDefinitions.h; sourceTree = "<group>"; };
		5A6F755013EBCF9900327817 /* CPTExceptions.h */ = {isa = PBXFileReference; fileEncoding = 4; lastKnownFileType = sourcecode.c.h; path = CPTExceptions.h; sourceTree = "<group>"; };
		5A6F755113EBCF9900327817 /* CPTFill.h */ = {isa = PBXFileReference; fileEncoding = 4; lastKnownFileType = sourcecode.c.h; path = CPTFill.h; sourceTree = "<group>"; };
		5A6F755213EBCF9900327817 /* CPTGradient.h */ = {isa = PBXFileReference; fileEncoding = 4; lastKnownFileType = sourcecode.c.h; path = CPTGradient.h; sourceTree = "<group>"; };
		5A6F755313EBCF9900327817 /* CPTGraph.h */ = {isa = PBXFileReference; fileEncoding = 4; lastKnownFileType = sourcecode.c.h; path = CPTGraph.h; sourceTree = "<group>"; };
		5A6F755413EBCF9900327817 /* CPTGraphHostingView.h */ = {isa = PBXFileReference; fileEncoding = 4; lastKnownFileType = sourcecode.c.h; path = CPTGraphHostingView.h; sourceTree = "<group>"; };
		5A6F755513EBCF9900327817 /* CPTGridLineGroup.h */ = {isa = PBXFileReference; fileEncoding = 4; lastKnownFileType = sourcecode.c.h; path = CPTGridLineGroup.h; sourceTree = "<group>"; };
		5A6F755613EBCF9900327817 /* CPTGridLines.h */ = {isa = PBXFileReference; fileEncoding = 4; lastKnownFileType = sourcecode.c.h; path = CPTGridLines.h; sourceTree = "<group>"; };
		5A6F755713EBCF9900327817 /* CPTImage.h */ = {isa = PBXFileReference; fileEncoding = 4; lastKnownFileType = sourcecode.c.h; path = CPTImage.h; sourceTree = "<group>"; };
		5A6F755813EBCF9900327817 /* CPTLayer.h */ = {isa = PBXFileReference; fileEncoding = 4; lastKnownFileType = sourcecode.c.h; path = CPTLayer.h; sourceTree = "<group>"; };
		5A6F755913EBCF9900327817 /* CPTLayerAnnotation.h */ = {isa = PBXFileReference; fileEncoding = 4; lastKnownFileType = sourcecode.c.h; path = CPTLayerAnnotation.h; sourceTree = "<group>"; };
		5A6F755A13EBCF9900327817 /* CPTLayoutManager.h */ = {isa = PBXFileReference; fileEncoding = 4; lastKnownFileType = sourcecode.c.h; path = CPTLayoutManager.h; sourceTree = "<group>"; };
		5A6F755B13EBCF9900327817 /* CPTLegend.h */ = {isa = PBXFileReference; fileEncoding = 4; lastKnownFileType = sourcecode.c.h; path = CPTLegend.h; sourceTree = "<group>"; };
		5A6F755C13EBCF9900327817 /* CPTLegendEntry.h */ = {isa = PBXFileReference; fileEncoding = 4; lastKnownFileType = sourcecode.c.h; path = CPTLegendEntry.h; sourceTree = "<group>"; };
		5A6F755D13EBCF9900327817 /* CPTLimitBand.h */ = {isa = PBXFileReference; fileEncoding = 4; lastKnownFileType = sourcecode.c.h; path = CPTLimitBand.h; sourceTree = "<group>"; };
		5A6F755E13EBCF9900327817 /* CPTLineStyle.h */ = {isa = PBXFileReference; fileEncoding = 4; lastKnownFileType = sourcecode.c.h; path = CPTLineStyle.h; sourceTree = "<group>"; };
		5A6F755F13EBCF9900327817 /* CPTMutableLineStyle.h */ = {isa = PBXFileReference; fileEncoding = 4; lastKnownFileType = sourcecode.c.h; path = CPTMutableLineStyle.h; sourceTree = "<group>"; };
		5A6F756013EBCF9900327817 /* CPTMutableNumericData+TypeConversion.h */ = {isa = PBXFileReference; fileEncoding = 4; lastKnownFileType = sourcecode.c.h; path = "CPTMutableNumericData+TypeConversion.h"; sourceTree = "<group>"; };
		5A6F756113EBCF9900327817 /* CPTMutableNumericData.h */ = {isa = PBXFileReference; fileEncoding = 4; lastKnownFileType = sourcecode.c.h; path = CPTMutableNumericData.h; sourceTree = "<group>"; };
		5A6F756213EBCF9900327817 /* CPTMutableTextStyle.h */ = {isa = PBXFileReference; fileEncoding = 4; lastKnownFileType = sourcecode.c.h; path = CPTMutableTextStyle.h; sourceTree = "<group>"; };
		5A6F756313EBCF9900327817 /* CPTNumericData+TypeConversion.h */ = {isa = PBXFileReference; fileEncoding = 4; lastKnownFileType = sourcecode.c.h; path = "CPTNumericData+TypeConversion.h"; sourceTree = "<group>"; };
		5A6F756413EBCF9900327817 /* CPTNumericData.h */ = {isa = PBXFileReference; fileEncoding = 4; lastKnownFileType = sourcecode.c.h; path = CPTNumericData.h; sourceTree = "<group>"; };
		5A6F756513EBCF9900327817 /* CPTNumericDataType.h */ = {isa = PBXFileReference; fileEncoding = 4; lastKnownFileType = sourcecode.c.h; path = CPTNumericDataType.h; sourceTree = "<group>"; };
		5A6F756613EBCF9900327817 /* CPTPathExtensions.h */ = {isa = PBXFileReference; fileEncoding = 4; lastKnownFileType = sourcecode.c.h; path = CPTPathExtensions.h; sourceTree = "<group>"; };
		5A6F756713EBCF9900327817 /* CPTPieChart.h */ = {isa = PBXFileReference; fileEncoding = 4; lastKnownFileType = sourcecode.c.h; path = CPTPieChart.h; sourceTree = "<group>"; };
		5A6F756813EBCF9900327817 /* CPTPlainBlackTheme.h */ = {isa = PBXFileReference; fileEncoding = 4; lastKnownFileType = sourcecode.c.h; path = CPTPlainBlackTheme.h; sourceTree = "<group>"; };
		5A6F756913EBCF9900327817 /* CPTPlainWhiteTheme.h */ = {isa = PBXFileReference; fileEncoding = 4; lastKnownFileType = sourcecode.c.h; path = CPTPlainWhiteTheme.h; sourceTree = "<group>"; };
		5A6F756A13EBCF9900327817 /* CPTPlatformSpecificCategories.h */ = {isa = PBXFileReference; fileEncoding = 4; lastKnownFileType = sourcecode.c.h; path = CPTPlatformSpecificCategories.h; sourceTree = "<group>"; };
		5A6F756B13EBCF9900327817 /* CPTPlatformSpecificDefines.h */ = {isa = PBXFileReference; fileEncoding = 4; lastKnownFileType = sourcecode.c.h; path = CPTPlatformSpecificDefines.h; sourceTree = "<group>"; };
		5A6F756C13EBCF9900327817 /* CPTPlatformSpecificFunctions.h */ = {isa = PBXFileReference; fileEncoding = 4; lastKnownFileType = sourcecode.c.h; path = CPTPlatformSpecificFunctions.h; sourceTree = "<group>"; };
		5A6F756D13EBCF9900327817 /* CPTPlot.h */ = {isa = PBXFileReference; fileEncoding = 4; lastKnownFileType = sourcecode.c.h; path = CPTPlot.h; sourceTree = "<group>"; };
		5A6F756E13EBCF9900327817 /* CPTPlotArea.h */ = {isa = PBXFileReference; fileEncoding = 4; lastKnownFileType = sourcecode.c.h; path = CPTPlotArea.h; sourceTree = "<group>"; };
		5A6F756F13EBCF9900327817 /* CPTPlotAreaFrame.h */ = {isa = PBXFileReference; fileEncoding = 4; lastKnownFileType = sourcecode.c.h; path = CPTPlotAreaFrame.h; sourceTree = "<group>"; };
		5A6F757013EBCF9900327817 /* CPTPlotGroup.h */ = {isa = PBXFileReference; fileEncoding = 4; lastKnownFileType = sourcecode.c.h; path = CPTPlotGroup.h; sourceTree = "<group>"; };
		5A6F757113EBCF9900327817 /* CPTPlotRange.h */ = {isa = PBXFileReference; fileEncoding = 4; lastKnownFileType = sourcecode.c.h; path = CPTPlotRange.h; sourceTree = "<group>"; };
		5A6F757213EBCF9900327817 /* CPTPlotSpace.h */ = {isa = PBXFileReference; fileEncoding = 4; lastKnownFileType = sourcecode.c.h; path = CPTPlotSpace.h; sourceTree = "<group>"; };
		5A6F757313EBCF9900327817 /* CPTPlotSpaceAnnotation.h */ = {isa = PBXFileReference; fileEncoding = 4; lastKnownFileType = sourcecode.c.h; path = CPTPlotSpaceAnnotation.h; sourceTree = "<group>"; };
		5A6F757413EBCF9900327817 /* CPTPlotSymbol.h */ = {isa = PBXFileReference; fileEncoding = 4; lastKnownFileType = sourcecode.c.h; path = CPTPlotSymbol.h; sourceTree = "<group>"; };
		5A6F757513EBCF9900327817 /* CPTPolarPlotSpace.h */ = {isa = PBXFileReference; fileEncoding = 4; lastKnownFileType = sourcecode.c.h; path = CPTPolarPlotSpace.h; sourceTree = "<group>"; };
		5A6F757613EBCF9900327817 /* CPTRangePlot.h */ = {isa = PBXFileReference; fileEncoding = 4; lastKnownFileType = sourcecode.c.h; path = CPTRangePlot.h; sourceTree = "<group>"; };
		5A6F757713EBCF9900327817 /* CPTResponder.h */ = {isa = PBXFileReference; fileEncoding = 4; lastKnownFileType = sourcecode.c.h; path = CPTResponder.h; sourceTree = "<group>"; };
		5A6F757813EBCF9900327817 /* CPTScatterPlot.h */ = {isa = PBXFileReference; fileEncoding = 4; lastKnownFileType = sourcecode.c.h; path = CPTScatterPlot.h; sourceTree = "<group>"; };
		5A6F757913EBCF9900327817 /* CPTSlateTheme.h */ = {isa = PBXFileReference; fileEncoding = 4; lastKnownFileType = sourcecode.c.h; path = CPTSlateTheme.h; sourceTree = "<group>"; };
		5A6F757A13EBCF9900327817 /* CPTStocksTheme.h */ = {isa = PBXFileReference; fileEncoding = 4; lastKnownFileType = sourcecode.c.h; path = CPTStocksTheme.h; sourceTree = "<group>"; };
		5A6F757B13EBCF9900327817 /* CPTTextLayer.h */ = {isa = PBXFileReference; fileEncoding = 4; lastKnownFileType = sourcecode.c.h; path = CPTTextLayer.h; sourceTree = "<group>"; };
		5A6F757C13EBCF9900327817 /* CPTTextStyle.h */ = {isa = PBXFileReference; fileEncoding = 4; lastKnownFileType = sourcecode.c.h; path = CPTTextStyle.h; sourceTree = "<group>"; };
		5A6F757D13EBCF9900327817 /* CPTTheme.h */ = {isa = PBXFileReference; fileEncoding = 4; lastKnownFileType = sourcecode.c.h; path = CPTTheme.h; sourceTree = "<group>"; };
		5A6F757E13EBCF9900327817 /* CPTTimeFormatter.h */ = {isa = PBXFileReference; fileEncoding = 4; lastKnownFileType = sourcecode.c.h; path = CPTTimeFormatter.h; sourceTree = "<group>"; };
		5A6F757F13EBCF9900327817 /* CPTTradingRangePlot.h */ = {isa = PBXFileReference; fileEncoding = 4; lastKnownFileType = sourcecode.c.h; path = CPTTradingRangePlot.h; sourceTree = "<group>"; };
		5A6F758013EBCF9900327817 /* CPTUtilities.h */ = {isa = PBXFileReference; fileEncoding = 4; lastKnownFileType = sourcecode.c.h; path = CPTUtilities.h; sourceTree = "<group>"; };
		5A6F758113EBCF9900327817 /* CPTXYAxis.h */ = {isa = PBXFileReference; fileEncoding = 4; lastKnownFileType = sourcecode.c.h; path = CPTXYAxis.h; sourceTree = "<group>"; };
		5A6F758213EBCF9900327817 /* CPTXYAxisSet.h */ = {isa = PBXFileReference; fileEncoding = 4; lastKnownFileType = sourcecode.c.h; path = CPTXYAxisSet.h; sourceTree = "<group>"; };
		5A6F758313EBCF9900327817 /* CPTXYGraph.h */ = {isa = PBXFileReference; fileEncoding = 4; lastKnownFileType = sourcecode.c.h; path = CPTXYGraph.h; sourceTree = "<group>"; };
		5A6F758413EBCF9900327817 /* CPTXYPlotSpace.h */ = {isa = PBXFileReference; fileEncoding = 4; lastKnownFileType = sourcecode.c.h; path = CPTXYPlotSpace.h; sourceTree = "<group>"; };
		5A6F758513EBCF9900327817 /* CPTXYTheme.h */ = {isa = PBXFileReference; fileEncoding = 4; lastKnownFileType = sourcecode.c.h; path = CPTXYTheme.h; sourceTree = "<group>"; };
		5A6F758613EBCF9900327817 /* NSDecimalNumberExtensions.h */ = {isa = PBXFileReference; fileEncoding = 4; lastKnownFileType = sourcecode.c.h; path = NSDecimalNumberExtensions.h; sourceTree = "<group>"; };
		5A6F758713EBCF9900327817 /* NSNumberExtensions.h */ = {isa = PBXFileReference; fileEncoding = 4; lastKnownFileType = sourcecode.c.h; path = NSNumberExtensions.h; sourceTree = "<group>"; };
		5A6F758A13EBCF9900327817 /* UIView+RoundedCorners.h */ = {isa = PBXFileReference; fileEncoding = 4; lastKnownFileType = sourcecode.c.h; path = "UIView+RoundedCorners.h"; sourceTree = "<group>"; };
		5A6F758B13EBCF9900327817 /* UIView+RoundedCorners.m */ = {isa = PBXFileReference; fileEncoding = 4; lastKnownFileType = sourcecode.c.objc; path = "UIView+RoundedCorners.m"; sourceTree = "<group>"; };
		5A6F759113EBD03500327817 /* MGSplitCornersView.h */ = {isa = PBXFileReference; fileEncoding = 4; lastKnownFileType = sourcecode.c.h; path = MGSplitCornersView.h; sourceTree = "<group>"; };
		5A6F759213EBD03500327817 /* MGSplitCornersView.m */ = {isa = PBXFileReference; fileEncoding = 4; lastKnownFileType = sourcecode.c.objc; path = MGSplitCornersView.m; sourceTree = "<group>"; };
		5A6F759313EBD03500327817 /* MGSplitDividerView.h */ = {isa = PBXFileReference; fileEncoding = 4; lastKnownFileType = sourcecode.c.h; path = MGSplitDividerView.h; sourceTree = "<group>"; };
		5A6F759413EBD03500327817 /* MGSplitDividerView.m */ = {isa = PBXFileReference; fileEncoding = 4; lastKnownFileType = sourcecode.c.objc; path = MGSplitDividerView.m; sourceTree = "<group>"; };
		5A6F759513EBD03500327817 /* MGSplitViewController.h */ = {isa = PBXFileReference; fileEncoding = 4; lastKnownFileType = sourcecode.c.h; path = MGSplitViewController.h; sourceTree = "<group>"; };
		5A6F759613EBD03500327817 /* MGSplitViewController.m */ = {isa = PBXFileReference; fileEncoding = 4; lastKnownFileType = sourcecode.c.objc; path = MGSplitViewController.m; sourceTree = "<group>"; };
		5A73F4C913E70F16008E727C /* GeneralSettingsController.h */ = {isa = PBXFileReference; fileEncoding = 4; lastKnownFileType = sourcecode.c.h; path = GeneralSettingsController.h; sourceTree = "<group>"; };
		5A73F4CA13E70F16008E727C /* GeneralSettingsController.m */ = {isa = PBXFileReference; fileEncoding = 4; lastKnownFileType = sourcecode.c.objc; path = GeneralSettingsController.m; sourceTree = "<group>"; };
		5A73F4CB13E70F17008E727C /* GeneralSettings.xib */ = {isa = PBXFileReference; fileEncoding = 4; lastKnownFileType = file.xib; path = GeneralSettings.xib; sourceTree = "<group>"; };
		5A843E2E13C2049A00289E51 /* red_rag.png */ = {isa = PBXFileReference; lastKnownFileType = image.png; path = red_rag.png; sourceTree = "<group>"; };
		5A843E3113C2096F00289E51 /* amber_rag.png */ = {isa = PBXFileReference; lastKnownFileType = image.png; path = amber_rag.png; sourceTree = "<group>"; };
		5A886EDA13C33E8F003E06FA /* button1_pressed.png */ = {isa = PBXFileReference; lastKnownFileType = image.png; path = button1_pressed.png; sourceTree = "<group>"; };
		5A886EDB13C33E8F003E06FA /* button1.png */ = {isa = PBXFileReference; lastKnownFileType = image.png; path = button1.png; sourceTree = "<group>"; };
		5A88ECBD13E15EA0007A259F /* DBGERLT2073%2F2011-03-02.json */ = {isa = PBXFileReference; fileEncoding = 4; lastKnownFileType = text.json; path = "DBGERLT2073%2F2011-03-02.json"; sourceTree = "<group>"; };
		5A88ECC013E187D6007A259F /* response_history.png */ = {isa = PBXFileReference; lastKnownFileType = image.png; path = response_history.png; sourceTree = "<group>"; };
		5A88ECC113E187D6007A259F /* response_trend.png */ = {isa = PBXFileReference; lastKnownFileType = image.png; path = response_trend.png; sourceTree = "<group>"; };
		5A88ECC413E18DD8007A259F /* workload_legend.png */ = {isa = PBXFileReference; lastKnownFileType = image.png; path = workload_legend.png; sourceTree = "<group>"; };
		5A9DC74813CC5F5A00D67F65 /* DataStore.h */ = {isa = PBXFileReference; fileEncoding = 4; lastKnownFileType = sourcecode.c.h; path = DataStore.h; sourceTree = "<group>"; };
		5A9DC74913CC5F5A00D67F65 /* DataStore.m */ = {isa = PBXFileReference; fileEncoding = 4; lastKnownFileType = sourcecode.c.objc; path = DataStore.m; sourceTree = "<group>"; };
		5A9DC74B13CC9CA300D67F65 /* Tuple.h */ = {isa = PBXFileReference; fileEncoding = 4; lastKnownFileType = sourcecode.c.h; path = Tuple.h; sourceTree = "<group>"; };
		5A9DC74C13CC9CA300D67F65 /* Tuple.m */ = {isa = PBXFileReference; fileEncoding = 4; lastKnownFileType = sourcecode.c.objc; path = Tuple.m; sourceTree = "<group>"; };
		5AA4D7DC13BB52080029B616 /* Capio.app */ = {isa = PBXFileReference; explicitFileType = wrapper.application; includeInIndex = 0; path = Capio.app; sourceTree = BUILT_PRODUCTS_DIR; };
		5AA4D7E013BB52080029B616 /* UIKit.framework */ = {isa = PBXFileReference; lastKnownFileType = wrapper.framework; name = UIKit.framework; path = System/Library/Frameworks/UIKit.framework; sourceTree = SDKROOT; };
		5AA4D7E213BB52080029B616 /* Foundation.framework */ = {isa = PBXFileReference; lastKnownFileType = wrapper.framework; name = Foundation.framework; path = System/Library/Frameworks/Foundation.framework; sourceTree = SDKROOT; };
		5AA4D7E413BB52080029B616 /* CoreGraphics.framework */ = {isa = PBXFileReference; lastKnownFileType = wrapper.framework; name = CoreGraphics.framework; path = System/Library/Frameworks/CoreGraphics.framework; sourceTree = SDKROOT; };
		5AA4D7E813BB52080029B616 /* Capio-Info.plist */ = {isa = PBXFileReference; lastKnownFileType = text.plist.xml; path = "Capio-Info.plist"; sourceTree = "<group>"; };
		5AA4D7EA13BB52080029B616 /* en */ = {isa = PBXFileReference; lastKnownFileType = text.plist.strings; name = en; path = en.lproj/InfoPlist.strings; sourceTree = "<group>"; };
		5AA4D7EC13BB52080029B616 /* main.m */ = {isa = PBXFileReference; lastKnownFileType = sourcecode.c.objc; path = main.m; sourceTree = "<group>"; };
		5AA4D7EE13BB52080029B616 /* Capio-Prefix.pch */ = {isa = PBXFileReference; lastKnownFileType = sourcecode.c.h; path = "Capio-Prefix.pch"; sourceTree = "<group>"; };
		5AA4D7EF13BB52080029B616 /* CapioAppDelegate.h */ = {isa = PBXFileReference; lastKnownFileType = sourcecode.c.h; path = CapioAppDelegate.h; sourceTree = "<group>"; };
		5AA4D7F013BB52080029B616 /* CapioAppDelegate.m */ = {isa = PBXFileReference; lastKnownFileType = sourcecode.c.objc; path = CapioAppDelegate.m; sourceTree = "<group>"; };
		5AA4D80A13BB52080029B616 /* CapioTests.octest */ = {isa = PBXFileReference; explicitFileType = wrapper.cfbundle; includeInIndex = 0; path = CapioTests.octest; sourceTree = BUILT_PRODUCTS_DIR; };
		5AA4D80B13BB52080029B616 /* SenTestingKit.framework */ = {isa = PBXFileReference; lastKnownFileType = wrapper.framework; name = SenTestingKit.framework; path = Library/Frameworks/SenTestingKit.framework; sourceTree = DEVELOPER_DIR; };
		5AA4D81413BB52080029B616 /* CapioTests-Info.plist */ = {isa = PBXFileReference; lastKnownFileType = text.plist.xml; path = "CapioTests-Info.plist"; sourceTree = "<group>"; };
		5AA4D81613BB52080029B616 /* en */ = {isa = PBXFileReference; lastKnownFileType = text.plist.strings; name = en; path = en.lproj/InfoPlist.strings; sourceTree = "<group>"; };
		5AA4D81813BB52080029B616 /* CapioTests.h */ = {isa = PBXFileReference; lastKnownFileType = sourcecode.c.h; path = CapioTests.h; sourceTree = "<group>"; };
		5AA4D81A13BB52080029B616 /* CapioTests.m */ = {isa = PBXFileReference; lastKnownFileType = sourcecode.c.objc; path = CapioTests.m; sourceTree = "<group>"; };
		5AB26AB413C5B44900AC5B87 /* TimelineController.h */ = {isa = PBXFileReference; fileEncoding = 4; lastKnownFileType = sourcecode.c.h; path = TimelineController.h; sourceTree = "<group>"; };
		5AB26AB513C5B44900AC5B87 /* TimelineController.m */ = {isa = PBXFileReference; fileEncoding = 4; lastKnownFileType = sourcecode.c.objc; path = TimelineController.m; sourceTree = "<group>"; };
		5AB26AB613C5B44900AC5B87 /* Timeline.xib */ = {isa = PBXFileReference; fileEncoding = 4; lastKnownFileType = file.xib; path = Timeline.xib; sourceTree = "<group>"; };
		5ABC805E13BC5BA000468868 /* MainWindow.xib */ = {isa = PBXFileReference; fileEncoding = 4; lastKnownFileType = file.xib; name = MainWindow.xib; path = ../MainWindow.xib; sourceTree = "<group>"; };
		5ABE2DD513E1C8C300170DE7 /* db_logo.png */ = {isa = PBXFileReference; lastKnownFileType = image.png; path = db_logo.png; sourceTree = "<group>"; };
		5ABE2DD813E1CCCA00170DE7 /* IntroViewController.h */ = {isa = PBXFileReference; fileEncoding = 4; lastKnownFileType = sourcecode.c.h; path = IntroViewController.h; sourceTree = "<group>"; };
		5ABE2DD913E1CCCA00170DE7 /* IntroViewController.m */ = {isa = PBXFileReference; fileEncoding = 4; lastKnownFileType = sourcecode.c.objc; path = IntroViewController.m; sourceTree = "<group>"; };
		5ABE2DDA13E1CCCA00170DE7 /* IntroView.xib */ = {isa = PBXFileReference; fileEncoding = 4; lastKnownFileType = file.xib; path = IntroView.xib; sourceTree = "<group>"; };
		5ABE2DEF13E5983B00170DE7 /* amber_rag_big.png */ = {isa = PBXFileReference; lastKnownFileType = image.png; path = amber_rag_big.png; sourceTree = "<group>"; };
		5ABE2DF013E5983B00170DE7 /* red_rag_big.png */ = {isa = PBXFileReference; lastKnownFileType = image.png; path = red_rag_big.png; sourceTree = "<group>"; };
		5ABE2DF313E59BB400170DE7 /* green_rag_big.png */ = {isa = PBXFileReference; lastKnownFileType = image.png; path = green_rag_big.png; sourceTree = "<group>"; };
		5ABE2DF513E59C7B00170DE7 /* total_rag_big.png */ = {isa = PBXFileReference; lastKnownFileType = image.png; path = total_rag_big.png; sourceTree = "<group>"; };
		5ABE2DF713E59D6C00170DE7 /* total_rag_big_pressed.png */ = {isa = PBXFileReference; lastKnownFileType = image.png; path = total_rag_big_pressed.png; sourceTree = "<group>"; };
		5ABE2DF913E59E0400170DE7 /* amber_rag_big_pressed.png */ = {isa = PBXFileReference; lastKnownFileType = image.png; path = amber_rag_big_pressed.png; sourceTree = "<group>"; };
		5ABE2DFA13E59E0400170DE7 /* red_rag_big_pressed.png */ = {isa = PBXFileReference; lastKnownFileType = image.png; path = red_rag_big_pressed.png; sourceTree = "<group>"; };
		5ABE2DFD13E59E8800170DE7 /* green_rag_big_pressed.png */ = {isa = PBXFileReference; lastKnownFileType = image.png; path = green_rag_big_pressed.png; sourceTree = "<group>"; };
		5AD5B6A713BC6CA10083D454 /* SecondViewController.h */ = {isa = PBXFileReference; fileEncoding = 4; lastKnownFileType = sourcecode.c.h; path = SecondViewController.h; sourceTree = "<group>"; };
		5AD5B6A813BC6CA10083D454 /* SecondViewController.m */ = {isa = PBXFileReference; fileEncoding = 4; lastKnownFileType = sourcecode.c.objc; path = SecondViewController.m; sourceTree = "<group>"; };
		5AD5B6A913BC6CA10083D454 /* SecondViewController.xib */ = {isa = PBXFileReference; fileEncoding = 4; lastKnownFileType = file.xib; path = SecondViewController.xib; sourceTree = "<group>"; };
		5AD615CF13BB6D4E00F9CA45 /* AppListController.h */ = {isa = PBXFileReference; fileEncoding = 4; lastKnownFileType = sourcecode.c.h; path = AppListController.h; sourceTree = "<group>"; };
		5AD615D013BB6D4E00F9CA45 /* AppListController.m */ = {isa = PBXFileReference; fileEncoding = 4; lastKnownFileType = sourcecode.c.objc; path = AppListController.m; sourceTree = "<group>"; };
		5AD615D113BB6D4E00F9CA45 /* AppList.xib */ = {isa = PBXFileReference; fileEncoding = 4; lastKnownFileType = file.xib; path = AppList.xib; sourceTree = "<group>"; };
		5AD615D413BB703800F9CA45 /* AppOverviewController.h */ = {isa = PBXFileReference; fileEncoding = 4; lastKnownFileType = sourcecode.c.h; path = AppOverviewController.h; sourceTree = "<group>"; };
		5AD615D513BB703800F9CA45 /* AppOverviewController.m */ = {isa = PBXFileReference; fileEncoding = 4; lastKnownFileType = sourcecode.c.objc; path = AppOverviewController.m; sourceTree = "<group>"; };
		5AD615D613BB703800F9CA45 /* AppOverview.xib */ = {isa = PBXFileReference; fileEncoding = 4; lastKnownFileType = file.xib; path = AppOverview.xib; sourceTree = "<group>"; };
		5ADF8CBD13DEE6BA00023BA8 /* app_config.png */ = {isa = PBXFileReference; lastKnownFileType = image.png; path = app_config.png; sourceTree = "<group>"; };
		5ADF8CC013DEE7E200023BA8 /* AppConnectionsController.h */ = {isa = PBXFileReference; fileEncoding = 4; lastKnownFileType = sourcecode.c.h; path = AppConnectionsController.h; sourceTree = "<group>"; };
		5ADF8CC113DEE7E200023BA8 /* AppConnectionsController.m */ = {isa = PBXFileReference; fileEncoding = 4; lastKnownFileType = sourcecode.c.objc; path = AppConnectionsController.m; sourceTree = "<group>"; };
		5ADF8CC213DEE7E200023BA8 /* AppConnections.xib */ = {isa = PBXFileReference; fileEncoding = 4; lastKnownFileType = file.xib; path = AppConnections.xib; sourceTree = "<group>"; };
		5ADF8CC513DEE87800023BA8 /* app_connections.png */ = {isa = PBXFileReference; lastKnownFileType = image.png; path = app_connections.png; sourceTree = "<group>"; };
		5ADFF7FA13EAB86400807383 /* WebViewController.h */ = {isa = PBXFileReference; fileEncoding = 4; lastKnownFileType = sourcecode.c.h; path = WebViewController.h; sourceTree = "<group>"; };
		5ADFF7FB13EAB86500807383 /* WebViewController.m */ = {isa = PBXFileReference; fileEncoding = 4; lastKnownFileType = sourcecode.c.objc; path = WebViewController.m; sourceTree = "<group>"; };
		5ADFF7FC13EAB86500807383 /* WebView.xib */ = {isa = PBXFileReference; fileEncoding = 4; lastKnownFileType = file.xib; path = WebView.xib; sourceTree = "<group>"; };
		5AF74AD413C1EC9F00DF0794 /* AppListCell.h */ = {isa = PBXFileReference; fileEncoding = 4; lastKnownFileType = sourcecode.c.h; path = AppListCell.h; sourceTree = "<group>"; };
		5AF74AD513C1EC9F00DF0794 /* AppListCell.m */ = {isa = PBXFileReference; fileEncoding = 4; lastKnownFileType = sourcecode.c.objc; path = AppListCell.m; sourceTree = "<group>"; };
		5AF74AD613C1EC9F00DF0794 /* AppListCell.xib */ = {isa = PBXFileReference; fileEncoding = 4; lastKnownFileType = file.xib; path = AppListCell.xib; sourceTree = "<group>"; };
/* End PBXFileReference section */

/* Begin PBXFrameworksBuildPhase section */
		5AA4D7D913BB52080029B616 /* Frameworks */ = {
			isa = PBXFrameworksBuildPhase;
			buildActionMask = 2147483647;
			files = (
				5A26ECC613C7137500533B5D /* QuartzCore.framework in Frameworks */,
				5AA4D7E113BB52080029B616 /* UIKit.framework in Frameworks */,
				5AA4D7E313BB52080029B616 /* Foundation.framework in Frameworks */,
				5AA4D7E513BB52080029B616 /* CoreGraphics.framework in Frameworks */,
				5A5742C313DED37600294D1A /* libCorePlot-CocoaTouch.a in Frameworks */,
			);
			runOnlyForDeploymentPostprocessing = 0;
		};
		5AA4D80613BB52080029B616 /* Frameworks */ = {
			isa = PBXFrameworksBuildPhase;
			buildActionMask = 2147483647;
			files = (
				5AA4D80C13BB52080029B616 /* SenTestingKit.framework in Frameworks */,
				5AA4D80D13BB52080029B616 /* UIKit.framework in Frameworks */,
				5AA4D80E13BB52080029B616 /* Foundation.framework in Frameworks */,
				5AA4D80F13BB52080029B616 /* CoreGraphics.framework in Frameworks */,
			);
			runOnlyForDeploymentPostprocessing = 0;
		};
/* End PBXFrameworksBuildPhase section */

/* Begin PBXGroup section */
		5A15955513BB54700007B60F /* Resources */ = {
			isa = PBXGroup;
			children = (
				5A6F752913EBC97D00327817 /* html */,
				5ABC805E13BC5BA000468868 /* MainWindow.xib */,
				5A6F759A13EBD09600327817 /* Images */,
				5A88ECB813E146D1007A259F /* Test Data */,
			);
			path = Resources;
			sourceTree = "<group>";
		};
		5A32466913E03B9E00AE1937 /* Main Views */ = {
			isa = PBXGroup;
			children = (
				5AD5B6A713BC6CA10083D454 /* SecondViewController.h */,
				5AD5B6A813BC6CA10083D454 /* SecondViewController.m */,
				5AD5B6A913BC6CA10083D454 /* SecondViewController.xib */,
				5A32466413E03B8300AE1937 /* SettingsController.h */,
				5A32466513E03B8300AE1937 /* SettingsController.m */,
				5A32466613E03B8300AE1937 /* Settings.xib */,
			);
			name = "Main Views";
			sourceTree = "<group>";
		};
		5A67A26B13BCB803002BDCAA /* Model */ = {
			isa = PBXGroup;
			children = (
				5A67A26D13BCB82D002BDCAA /* AppOverview.h */,
				5A67A26E13BCB82D002BDCAA /* AppOverview.m */,
				5A9DC74813CC5F5A00D67F65 /* DataStore.h */,
				5A9DC74913CC5F5A00D67F65 /* DataStore.m */,
				5A9DC74B13CC9CA300D67F65 /* Tuple.h */,
				5A9DC74C13CC9CA300D67F65 /* Tuple.m */,
				5A32466E13E0537900AE1937 /* Constants.h */,
				5A32466F13E0537900AE1937 /* Constants.m */,
			);
			name = Model;
			sourceTree = "<group>";
		};
		5A6F753313EBCF9900327817 /* Dependencies */ = {
			isa = PBXGroup;
			children = (
				5A6F753413EBCF9900327817 /* BonjourSupport */,
				5A6F753D13EBCF9900327817 /* CorePlotHeaders */,
				5A6F758813EBCF9900327817 /* MGSplitViewController */,
				5A6F758913EBCF9900327817 /* UIView-RoundedCorners */,
			);
			name = Dependencies;
			path = Capio/Dependencies;
			sourceTree = "<group>";
		};
		5A6F753413EBCF9900327817 /* BonjourSupport */ = {
			isa = PBXGroup;
			children = (
				5A6F753513EBCF9900327817 /* BonjourBrowser.h */,
				5A6F753613EBCF9900327817 /* BonjourBrowser.m */,
				5A6F753713EBCF9900327817 /* BrowserViewController.h */,
				5A6F753813EBCF9900327817 /* BrowserViewController.m */,
				5A6F753913EBCF9900327817 /* DomainViewController.h */,
				5A6F753A13EBCF9900327817 /* DomainViewController.m */,
				5A6F753B13EBCF9900327817 /* SimpleEditViewController.h */,
				5A6F753C13EBCF9900327817 /* SimpleEditViewController.m */,
			);
			path = BonjourSupport;
			sourceTree = "<group>";
		};
		5A6F753D13EBCF9900327817 /* CorePlotHeaders */ = {
			isa = PBXGroup;
			children = (
				5A6F753E13EBCF9900327817 /* _CPTFillColor.h */,
				5A6F753F13EBCF9900327817 /* _CPTFillGradient.h */,
				5A6F754013EBCF9900327817 /* _CPTFillImage.h */,
				5A6F754113EBCF9900327817 /* CorePlot-CocoaTouch.h */,
				5A6F754213EBCF9900327817 /* CPTAnnotation.h */,
				5A6F754313EBCF9900327817 /* CPTAnnotationHostLayer.h */,
				5A6F754413EBCF9900327817 /* CPTAxis.h */,
				5A6F754513EBCF9900327817 /* CPTAxisLabel.h */,
				5A6F754613EBCF9900327817 /* CPTAxisLabelGroup.h */,
				5A6F754713EBCF9900327817 /* CPTAxisSet.h */,
				5A6F754813EBCF9900327817 /* CPTAxisTitle.h */,
				5A6F754913EBCF9900327817 /* CPTBarPlot.h */,
				5A6F754A13EBCF9900327817 /* CPTBorderedLayer.h */,
				5A6F754B13EBCF9900327817 /* CPTColor.h */,
				5A6F754C13EBCF9900327817 /* CPTColorSpace.h */,
				5A6F754D13EBCF9900327817 /* CPTConstrainedPosition.h */,
				5A6F754E13EBCF9900327817 /* CPTDarkGradientTheme.h */,
				5A6F754F13EBCF9900327817 /* CPTDefinitions.h */,
				5A6F755013EBCF9900327817 /* CPTExceptions.h */,
				5A6F755113EBCF9900327817 /* CPTFill.h */,
				5A6F755213EBCF9900327817 /* CPTGradient.h */,
				5A6F755313EBCF9900327817 /* CPTGraph.h */,
				5A6F755413EBCF9900327817 /* CPTGraphHostingView.h */,
				5A6F755513EBCF9900327817 /* CPTGridLineGroup.h */,
				5A6F755613EBCF9900327817 /* CPTGridLines.h */,
				5A6F755713EBCF9900327817 /* CPTImage.h */,
				5A6F755813EBCF9900327817 /* CPTLayer.h */,
				5A6F755913EBCF9900327817 /* CPTLayerAnnotation.h */,
				5A6F755A13EBCF9900327817 /* CPTLayoutManager.h */,
				5A6F755B13EBCF9900327817 /* CPTLegend.h */,
				5A6F755C13EBCF9900327817 /* CPTLegendEntry.h */,
				5A6F755D13EBCF9900327817 /* CPTLimitBand.h */,
				5A6F755E13EBCF9900327817 /* CPTLineStyle.h */,
				5A6F755F13EBCF9900327817 /* CPTMutableLineStyle.h */,
				5A6F756013EBCF9900327817 /* CPTMutableNumericData+TypeConversion.h */,
				5A6F756113EBCF9900327817 /* CPTMutableNumericData.h */,
				5A6F756213EBCF9900327817 /* CPTMutableTextStyle.h */,
				5A6F756313EBCF9900327817 /* CPTNumericData+TypeConversion.h */,
				5A6F756413EBCF9900327817 /* CPTNumericData.h */,
				5A6F756513EBCF9900327817 /* CPTNumericDataType.h */,
				5A6F756613EBCF9900327817 /* CPTPathExtensions.h */,
				5A6F756713EBCF9900327817 /* CPTPieChart.h */,
				5A6F756813EBCF9900327817 /* CPTPlainBlackTheme.h */,
				5A6F756913EBCF9900327817 /* CPTPlainWhiteTheme.h */,
				5A6F756A13EBCF9900327817 /* CPTPlatformSpecificCategories.h */,
				5A6F756B13EBCF9900327817 /* CPTPlatformSpecificDefines.h */,
				5A6F756C13EBCF9900327817 /* CPTPlatformSpecificFunctions.h */,
				5A6F756D13EBCF9900327817 /* CPTPlot.h */,
				5A6F756E13EBCF9900327817 /* CPTPlotArea.h */,
				5A6F756F13EBCF9900327817 /* CPTPlotAreaFrame.h */,
				5A6F757013EBCF9900327817 /* CPTPlotGroup.h */,
				5A6F757113EBCF9900327817 /* CPTPlotRange.h */,
				5A6F757213EBCF9900327817 /* CPTPlotSpace.h */,
				5A6F757313EBCF9900327817 /* CPTPlotSpaceAnnotation.h */,
				5A6F757413EBCF9900327817 /* CPTPlotSymbol.h */,
				5A6F757513EBCF9900327817 /* CPTPolarPlotSpace.h */,
				5A6F757613EBCF9900327817 /* CPTRangePlot.h */,
				5A6F757713EBCF9900327817 /* CPTResponder.h */,
				5A6F757813EBCF9900327817 /* CPTScatterPlot.h */,
				5A6F757913EBCF9900327817 /* CPTSlateTheme.h */,
				5A6F757A13EBCF9900327817 /* CPTStocksTheme.h */,
				5A6F757B13EBCF9900327817 /* CPTTextLayer.h */,
				5A6F757C13EBCF9900327817 /* CPTTextStyle.h */,
				5A6F757D13EBCF9900327817 /* CPTTheme.h */,
				5A6F757E13EBCF9900327817 /* CPTTimeFormatter.h */,
				5A6F757F13EBCF9900327817 /* CPTTradingRangePlot.h */,
				5A6F758013EBCF9900327817 /* CPTUtilities.h */,
				5A6F758113EBCF9900327817 /* CPTXYAxis.h */,
				5A6F758213EBCF9900327817 /* CPTXYAxisSet.h */,
				5A6F758313EBCF9900327817 /* CPTXYGraph.h */,
				5A6F758413EBCF9900327817 /* CPTXYPlotSpace.h */,
				5A6F758513EBCF9900327817 /* CPTXYTheme.h */,
				5A6F758613EBCF9900327817 /* NSDecimalNumberExtensions.h */,
				5A6F758713EBCF9900327817 /* NSNumberExtensions.h */,
			);
			path = CorePlotHeaders;
			sourceTree = "<group>";
		};
		5A6F758813EBCF9900327817 /* MGSplitViewController */ = {
			isa = PBXGroup;
			children = (
				5A6F759113EBD03500327817 /* MGSplitCornersView.h */,
				5A6F759213EBD03500327817 /* MGSplitCornersView.m */,
				5A6F759313EBD03500327817 /* MGSplitDividerView.h */,
				5A6F759413EBD03500327817 /* MGSplitDividerView.m */,
				5A6F759513EBD03500327817 /* MGSplitViewController.h */,
				5A6F759613EBD03500327817 /* MGSplitViewController.m */,
			);
			path = MGSplitViewController;
			sourceTree = "<group>";
		};
		5A6F758913EBCF9900327817 /* UIView-RoundedCorners */ = {
			isa = PBXGroup;
			children = (
				5A6F758A13EBCF9900327817 /* UIView+RoundedCorners.h */,
				5A6F758B13EBCF9900327817 /* UIView+RoundedCorners.m */,
			);
			path = "UIView-RoundedCorners";
			sourceTree = "<group>";
		};
		5A6F759A13EBD09600327817 /* Images */ = {
			isa = PBXGroup;
			children = (
				5ABE2DFD13E59E8800170DE7 /* green_rag_big_pressed.png */,
				5ABE2DF913E59E0400170DE7 /* amber_rag_big_pressed.png */,
				5ABE2DFA13E59E0400170DE7 /* red_rag_big_pressed.png */,
				5ABE2DF713E59D6C00170DE7 /* total_rag_big_pressed.png */,
				5ABE2DF513E59C7B00170DE7 /* total_rag_big.png */,
				5ABE2DF313E59BB400170DE7 /* green_rag_big.png */,
				5ABE2DEF13E5983B00170DE7 /* amber_rag_big.png */,
				5ABE2DF013E5983B00170DE7 /* red_rag_big.png */,
				5ABE2DD513E1C8C300170DE7 /* db_logo.png */,
				5A88ECC413E18DD8007A259F /* workload_legend.png */,
				5A32466213E0358800AE1937 /* gear.png */,
				5A32464613DEED9E00AE1937 /* button2_pressed.png */,
				5A32464713DEED9E00AE1937 /* button2.png */,
				5ADF8CC513DEE87800023BA8 /* app_connections.png */,
				5ADF8CBD13DEE6BA00023BA8 /* app_config.png */,
				5A4B5E5F13D5D1DE006E1C9E /* metrics.png */,
				5A4B5E5313D5CC35006E1C9E /* response_workloads.png */,
				5A88ECC013E187D6007A259F /* response_history.png */,
				5A88ECC113E187D6007A259F /* response_trend.png */,
				5A886EDA13C33E8F003E06FA /* button1_pressed.png */,
				5A886EDB13C33E8F003E06FA /* button1.png */,
				5A66A31813BF3B6000DB7161 /* dropdown_button.png */,
				5A66A31B13BF3C3600DB7161 /* dropdown_button_pressed.png */,
				5A15955613BB54700007B60F /* info.png */,
				5A15955713BB54700007B60F /* planning.png */,
				5A15955813BB54700007B60F /* sizing.png */,
				5A843E2E13C2049A00289E51 /* red_rag.png */,
				5A843E3113C2096F00289E51 /* amber_rag.png */,
			);
			name = Images;
			sourceTree = "<group>";
		};
		5A88ECB813E146D1007A259F /* Test Data */ = {
			isa = PBXGroup;
			children = (
				5A61C18013E611C900751084 /* DBGERLT2073%2F2011-03-02%2Fmem.json */,
				5A61C17C13E6084600751084 /* DBGERLT2073%2F2011-03-02%2Fcpu.json */,
				5A88ECBD13E15EA0007A259F /* DBGERLT2073%2F2011-03-02.json */,
				5A32A12813D4912900AC7CB3 /* apps.json */,
			);
			name = "Test Data";
			sourceTree = "<group>";
		};
		5AA4D7D113BB52080029B616 = {
			isa = PBXGroup;
			children = (
				5AA4D7E613BB52080029B616 /* Capio */,
				5AA4D81213BB52080029B616 /* CapioTests */,
				5A6F753313EBCF9900327817 /* Dependencies */,
				5AA4D7DF13BB52080029B616 /* Frameworks */,
				5AA4D7DD13BB52080029B616 /* Products */,
			);
			sourceTree = "<group>";
		};
		5AA4D7DD13BB52080029B616 /* Products */ = {
			isa = PBXGroup;
			children = (
				5AA4D7DC13BB52080029B616 /* Capio.app */,
				5AA4D80A13BB52080029B616 /* CapioTests.octest */,
			);
			name = Products;
			sourceTree = "<group>";
		};
		5AA4D7DF13BB52080029B616 /* Frameworks */ = {
			isa = PBXGroup;
			children = (
				5A5742C213DED37600294D1A /* libCorePlot-CocoaTouch.a */,
				5A26ECC513C7137500533B5D /* QuartzCore.framework */,
				5AA4D7E013BB52080029B616 /* UIKit.framework */,
				5AA4D7E213BB52080029B616 /* Foundation.framework */,
				5AA4D7E413BB52080029B616 /* CoreGraphics.framework */,
				5AA4D80B13BB52080029B616 /* SenTestingKit.framework */,
			);
			name = Frameworks;
			sourceTree = "<group>";
		};
		5AA4D7E613BB52080029B616 /* Capio */ = {
			isa = PBXGroup;
			children = (
				5AA4D7EF13BB52080029B616 /* CapioAppDelegate.h */,
				5AA4D7F013BB52080029B616 /* CapioAppDelegate.m */,
				5A67A26B13BCB803002BDCAA /* Model */,
				5A32466913E03B9E00AE1937 /* Main Views */,
				5AD615CD13BB5F1E00F9CA45 /* ViewControllers */,
				5A15955513BB54700007B60F /* Resources */,
				5AA4D7E713BB52080029B616 /* Supporting Files */,
			);
			path = Capio;
			sourceTree = "<group>";
		};
		5AA4D7E713BB52080029B616 /* Supporting Files */ = {
			isa = PBXGroup;
			children = (
				5AA4D7E813BB52080029B616 /* Capio-Info.plist */,
				5AA4D7E913BB52080029B616 /* InfoPlist.strings */,
				5AA4D7EC13BB52080029B616 /* main.m */,
				5AA4D7EE13BB52080029B616 /* Capio-Prefix.pch */,
			);
			name = "Supporting Files";
			sourceTree = "<group>";
		};
		5AA4D81213BB52080029B616 /* CapioTests */ = {
			isa = PBXGroup;
			children = (
				5AA4D81813BB52080029B616 /* CapioTests.h */,
				5AA4D81A13BB52080029B616 /* CapioTests.m */,
				5A32A12913D495CA00AC7CB3 /* DataStoreTest.h */,
				5A32A12A13D495CA00AC7CB3 /* DataStoreTest.m */,
				5AA4D81313BB52080029B616 /* Supporting Files */,
			);
			path = CapioTests;
			sourceTree = "<group>";
		};
		5AA4D81313BB52080029B616 /* Supporting Files */ = {
			isa = PBXGroup;
			children = (
				5AA4D81413BB52080029B616 /* CapioTests-Info.plist */,
				5AA4D81513BB52080029B616 /* InfoPlist.strings */,
			);
			name = "Supporting Files";
			sourceTree = "<group>";
		};
		5AB26AED13C5D14E00AC5B87 /* Accessory Controls */ = {
			isa = PBXGroup;
			children = (
				5A67A27813BCCEDC002BDCAA /* DatePopupController.h */,
				5A67A27913BCCEDC002BDCAA /* DatePopupController.m */,
				5A67A27A13BCCEDC002BDCAA /* DatePopup.xib */,
				5AF74AD413C1EC9F00DF0794 /* AppListCell.h */,
				5AF74AD513C1EC9F00DF0794 /* AppListCell.m */,
				5AF74AD613C1EC9F00DF0794 /* AppListCell.xib */,
			);
			name = "Accessory Controls";
			sourceTree = "<group>";
		};
		5AD615CD13BB5F1E00F9CA45 /* ViewControllers */ = {
			isa = PBXGroup;
			children = (
				5AD615CF13BB6D4E00F9CA45 /* AppListController.h */,
				5AD615D013BB6D4E00F9CA45 /* AppListController.m */,
				5AD615D113BB6D4E00F9CA45 /* AppList.xib */,
				5AD615D413BB703800F9CA45 /* AppOverviewController.h */,
				5AD615D513BB703800F9CA45 /* AppOverviewController.m */,
				5AD615D613BB703800F9CA45 /* AppOverview.xib */,
				5AB26AB413C5B44900AC5B87 /* TimelineController.h */,
				5AB26AB513C5B44900AC5B87 /* TimelineController.m */,
				5AB26AB613C5B44900AC5B87 /* Timeline.xib */,
				5A4B5E4713D561EC006E1C9E /* ServerOverviewController.h */,
				5A4B5E4813D561EC006E1C9E /* ServerOverviewController.m */,
				5A4B5E4913D561EC006E1C9E /* ServerOverview.xib */,
				5A4B5E5A13D5CD49006E1C9E /* MetricOverviewController.h */,
				5A4B5E5B13D5CD49006E1C9E /* MetricOverviewController.m */,
				5A4B5E5C13D5CD4A006E1C9E /* MetricOverview.xib */,
				5A5742C913DEE17700294D1A /* AppConfigController.h */,
				5A5742CA13DEE17700294D1A /* AppConfigController.m */,
				5A5742CB13DEE17700294D1A /* AppConfig.xib */,
				5ADF8CC013DEE7E200023BA8 /* AppConnectionsController.h */,
				5ADF8CC113DEE7E200023BA8 /* AppConnectionsController.m */,
				5ADF8CC213DEE7E200023BA8 /* AppConnections.xib */,
				5A32464B13DEF41D00AE1937 /* ServerConfigController.h */,
				5A32464C13DEF41D00AE1937 /* ServerConfigController.m */,
				5A32464D13DEF41D00AE1937 /* ServerConfig.xib */,
				5ABE2DD813E1CCCA00170DE7 /* IntroViewController.h */,
				5ABE2DD913E1CCCA00170DE7 /* IntroViewController.m */,
				5ABE2DDA13E1CCCA00170DE7 /* IntroView.xib */,
				5A73F4C913E70F16008E727C /* GeneralSettingsController.h */,
				5A73F4CA13E70F16008E727C /* GeneralSettingsController.m */,
				5A73F4CB13E70F17008E727C /* GeneralSettings.xib */,
				5ADFF7FA13EAB86400807383 /* WebViewController.h */,
				5ADFF7FB13EAB86500807383 /* WebViewController.m */,
				5ADFF7FC13EAB86500807383 /* WebView.xib */,
				5AB26AED13C5D14E00AC5B87 /* Accessory Controls */,
			);
			name = ViewControllers;
			sourceTree = "<group>";
		};
/* End PBXGroup section */

/* Begin PBXNativeTarget section */
		5AA4D7DB13BB52080029B616 /* Capio */ = {
			isa = PBXNativeTarget;
			buildConfigurationList = 5AA4D81E13BB52080029B616 /* Build configuration list for PBXNativeTarget "Capio" */;
			buildPhases = (
				5AA4D7D813BB52080029B616 /* Sources */,
				5AA4D7D913BB52080029B616 /* Frameworks */,
				5AA4D7DA13BB52080029B616 /* Resources */,
				5ABE2DED13E2A76F00170DE7 /* ShellScript */,
			);
			buildRules = (
			);
			dependencies = (
			);
			name = Capio;
			productName = Capio;
			productReference = 5AA4D7DC13BB52080029B616 /* Capio.app */;
			productType = "com.apple.product-type.application";
		};
		5AA4D80913BB52080029B616 /* CapioTests */ = {
			isa = PBXNativeTarget;
			buildConfigurationList = 5AA4D82113BB52080029B616 /* Build configuration list for PBXNativeTarget "CapioTests" */;
			buildPhases = (
				5AA4D80513BB52080029B616 /* Sources */,
				5AA4D80613BB52080029B616 /* Frameworks */,
				5AA4D80713BB52080029B616 /* Resources */,
				5AA4D80813BB52080029B616 /* ShellScript */,
			);
			buildRules = (
			);
			dependencies = (
				5AA4D81113BB52080029B616 /* PBXTargetDependency */,
			);
			name = CapioTests;
			productName = CapioTests;
			productReference = 5AA4D80A13BB52080029B616 /* CapioTests.octest */;
			productType = "com.apple.product-type.bundle";
		};
/* End PBXNativeTarget section */

/* Begin PBXProject section */
		5AA4D7D313BB52080029B616 /* Project object */ = {
			isa = PBXProject;
			attributes = {
				LastUpgradeCheck = 0420;
				ORGANIZATIONNAME = "abstracture GmbH & Co. KG";
			};
			buildConfigurationList = 5AA4D7D613BB52080029B616 /* Build configuration list for PBXProject "Capio" */;
			compatibilityVersion = "Xcode 3.2";
			developmentRegion = English;
			hasScannedForEncodings = 0;
			knownRegions = (
				en,
			);
			mainGroup = 5AA4D7D113BB52080029B616;
			productRefGroup = 5AA4D7DD13BB52080029B616 /* Products */;
			projectDirPath = "";
			projectRoot = "";
			targets = (
				5AA4D7DB13BB52080029B616 /* Capio */,
				5AA4D80913BB52080029B616 /* CapioTests */,
			);
		};
/* End PBXProject section */

/* Begin PBXResourcesBuildPhase section */
		5AA4D7DA13BB52080029B616 /* Resources */ = {
			isa = PBXResourcesBuildPhase;
			buildActionMask = 2147483647;
			files = (
				5AA4D7EB13BB52080029B616 /* InfoPlist.strings in Resources */,
				5A15955913BB54700007B60F /* info.png in Resources */,
				5A15955A13BB54700007B60F /* planning.png in Resources */,
				5A15955B13BB54700007B60F /* sizing.png in Resources */,
				5AD615D313BB6D4E00F9CA45 /* AppList.xib in Resources */,
				5AD615D813BB703800F9CA45 /* AppOverview.xib in Resources */,
				5ABC806013BC5BA000468868 /* MainWindow.xib in Resources */,
				5AD5B6AB13BC6CA10083D454 /* SecondViewController.xib in Resources */,
				5A67A27C13BCCEDC002BDCAA /* DatePopup.xib in Resources */,
				5A66A31913BF3B6000DB7161 /* dropdown_button.png in Resources */,
				5A66A31C13BF3C3600DB7161 /* dropdown_button_pressed.png in Resources */,
				5AF74AD813C1EC9F00DF0794 /* AppListCell.xib in Resources */,
				5A843E2F13C2049A00289E51 /* red_rag.png in Resources */,
				5A843E3213C2096F00289E51 /* amber_rag.png in Resources */,
				5A886EDC13C33E8F003E06FA /* button1_pressed.png in Resources */,
				5A886EDD13C33E8F003E06FA /* button1.png in Resources */,
				5AB26AB813C5B44900AC5B87 /* Timeline.xib in Resources */,
				5A4B5E4B13D561EC006E1C9E /* ServerOverview.xib in Resources */,
				5A4B5E5413D5CC35006E1C9E /* response_workloads.png in Resources */,
				5A4B5E5E13D5CD4B006E1C9E /* MetricOverview.xib in Resources */,
				5A4B5E6013D5D1DE006E1C9E /* metrics.png in Resources */,
				5A5742CD13DEE17700294D1A /* AppConfig.xib in Resources */,
				5ADF8CBE13DEE6BA00023BA8 /* app_config.png in Resources */,
				5ADF8CC413DEE7E200023BA8 /* AppConnections.xib in Resources */,
				5ADF8CC613DEE87800023BA8 /* app_connections.png in Resources */,
				5A32464813DEED9E00AE1937 /* button2_pressed.png in Resources */,
				5A32464913DEED9E00AE1937 /* button2.png in Resources */,
				5A32464F13DEF41D00AE1937 /* ServerConfig.xib in Resources */,
				5A32466313E0358900AE1937 /* gear.png in Resources */,
				5A32466813E03B8300AE1937 /* Settings.xib in Resources */,
				5A88ECBB13E155DA007A259F /* apps.json in Resources */,
				5A88ECBE13E15EA0007A259F /* DBGERLT2073%2F2011-03-02.json in Resources */,
				5A88ECC213E187D6007A259F /* response_history.png in Resources */,
				5A88ECC313E187D6007A259F /* response_trend.png in Resources */,
				5A88ECC513E18DD8007A259F /* workload_legend.png in Resources */,
				5ABE2DD613E1C8C300170DE7 /* db_logo.png in Resources */,
				5ABE2DDC13E1CCCA00170DE7 /* IntroView.xib in Resources */,
				5ABE2DF113E5983B00170DE7 /* amber_rag_big.png in Resources */,
				5ABE2DF213E5983B00170DE7 /* red_rag_big.png in Resources */,
				5ABE2DF413E59BB400170DE7 /* green_rag_big.png in Resources */,
				5ABE2DF613E59C7B00170DE7 /* total_rag_big.png in Resources */,
				5ABE2DF813E59D6C00170DE7 /* total_rag_big_pressed.png in Resources */,
				5ABE2DFB13E59E0400170DE7 /* amber_rag_big_pressed.png in Resources */,
				5ABE2DFC13E59E0400170DE7 /* red_rag_big_pressed.png in Resources */,
				5ABE2DFE13E59E8800170DE7 /* green_rag_big_pressed.png in Resources */,
				5A61C17D13E6084600751084 /* DBGERLT2073%2F2011-03-02%2Fcpu.json in Resources */,
				5A61C18113E611C900751084 /* DBGERLT2073%2F2011-03-02%2Fmem.json in Resources */,
				5A73F4CD13E70F17008E727C /* GeneralSettings.xib in Resources */,
				5ADFF7FE13EAB86600807383 /* WebView.xib in Resources */,
				5A6F752A13EBC97D00327817 /* html in Resources */,
			);
			runOnlyForDeploymentPostprocessing = 0;
		};
		5AA4D80713BB52080029B616 /* Resources */ = {
			isa = PBXResourcesBuildPhase;
			buildActionMask = 2147483647;
			files = (
				5AA4D81713BB52080029B616 /* InfoPlist.strings in Resources */,
				5AA4D81913BB52080029B616 /* CapioTests.h in Resources */,
				5A88ECBC13E155DC007A259F /* apps.json in Resources */,
				5A88ECBF13E15EA0007A259F /* DBGERLT2073%2F2011-03-02.json in Resources */,
				5A61C17E13E6084600751084 /* DBGERLT2073%2F2011-03-02%2Fcpu.json in Resources */,
				5A61C18213E611C900751084 /* DBGERLT2073%2F2011-03-02%2Fmem.json in Resources */,
			);
			runOnlyForDeploymentPostprocessing = 0;
		};
/* End PBXResourcesBuildPhase section */

/* Begin PBXShellScriptBuildPhase section */
		5AA4D80813BB52080029B616 /* ShellScript */ = {
			isa = PBXShellScriptBuildPhase;
			buildActionMask = 2147483647;
			files = (
			);
			inputPaths = (
			);
			outputPaths = (
			);
			runOnlyForDeploymentPostprocessing = 0;
			shellPath = /bin/sh;
			shellScript = "# Run the unit tests in this test bundle.\n\"${SYSTEM_DEVELOPER_DIR}/Tools/RunUnitTests\"\n";
		};
		5ABE2DED13E2A76F00170DE7 /* ShellScript */ = {
			isa = PBXShellScriptBuildPhase;
			buildActionMask = 2147483647;
			files = (
			);
			inputPaths = (
			);
			outputPaths = (
			);
			runOnlyForDeploymentPostprocessing = 0;
			shellPath = /bin/sh;
			shellScript = "\ngit status\nversion=$(git describe --tags --dirty)\n\n# version can be empty when there are no tags, use rev-parse in that case\n# to log the last commit id\nif [[ -z \"$version\" ]]; then\n  diff=$(git diff)\n  version=$(git rev-parse --short HEAD)\n\n  if [[ -n \"$diff\" ]]; then\n    version=${version}-dirty\n  fi\nfi\n\necho version: $version\n\ninfo_plist=$BUILT_PRODUCTS_DIR/$PRODUCT_NAME.app/Info.plist\n/usr/libexec/PlistBuddy -c \"Set :CFBundleVersion $version\" $info_plist";
		};
/* End PBXShellScriptBuildPhase section */

/* Begin PBXSourcesBuildPhase section */
		5AA4D7D813BB52080029B616 /* Sources */ = {
			isa = PBXSourcesBuildPhase;
			buildActionMask = 2147483647;
			files = (
				5AA4D7ED13BB52080029B616 /* main.m in Sources */,
				5AA4D7F113BB52080029B616 /* CapioAppDelegate.m in Sources */,
				5AD615D213BB6D4E00F9CA45 /* AppListController.m in Sources */,
				5AD615D713BB703800F9CA45 /* AppOverviewController.m in Sources */,
				5AD5B6AA13BC6CA10083D454 /* SecondViewController.m in Sources */,
				5A67A26F13BCB82D002BDCAA /* AppOverview.m in Sources */,
				5A67A27B13BCCEDC002BDCAA /* DatePopupController.m in Sources */,
				5AF74AD713C1EC9F00DF0794 /* AppListCell.m in Sources */,
				5AB26AB713C5B44900AC5B87 /* TimelineController.m in Sources */,
				5A9DC74A13CC5F5A00D67F65 /* DataStore.m in Sources */,
				5A9DC74D13CC9CA300D67F65 /* Tuple.m in Sources */,
				5A4B5E4A13D561EC006E1C9E /* ServerOverviewController.m in Sources */,
				5A4B5E5D13D5CD4B006E1C9E /* MetricOverviewController.m in Sources */,
				5A5742CC13DEE17700294D1A /* AppConfigController.m in Sources */,
				5ADF8CC313DEE7E200023BA8 /* AppConnectionsController.m in Sources */,
				5A32464E13DEF41D00AE1937 /* ServerConfigController.m in Sources */,
				5A32466713E03B8300AE1937 /* SettingsController.m in Sources */,
				5A32467013E0537900AE1937 /* Constants.m in Sources */,
				5ABE2DDB13E1CCCA00170DE7 /* IntroViewController.m in Sources */,
				5A73F4CC13E70F17008E727C /* GeneralSettingsController.m in Sources */,
				5ADFF7FD13EAB86600807383 /* WebViewController.m in Sources */,
				5A6F758C13EBCF9900327817 /* BonjourBrowser.m in Sources */,
				5A6F758D13EBCF9900327817 /* BrowserViewController.m in Sources */,
				5A6F758E13EBCF9900327817 /* DomainViewController.m in Sources */,
				5A6F758F13EBCF9900327817 /* SimpleEditViewController.m in Sources */,
				5A6F759013EBCF9900327817 /* UIView+RoundedCorners.m in Sources */,
				5A6F759713EBD03500327817 /* MGSplitCornersView.m in Sources */,
				5A6F759813EBD03500327817 /* MGSplitDividerView.m in Sources */,
				5A6F759913EBD03500327817 /* MGSplitViewController.m in Sources */,
			);
			runOnlyForDeploymentPostprocessing = 0;
		};
		5AA4D80513BB52080029B616 /* Sources */ = {
			isa = PBXSourcesBuildPhase;
			buildActionMask = 2147483647;
			files = (
				5AA4D81B13BB52080029B616 /* CapioTests.m in Sources */,
				5A67A27013BCB82D002BDCAA /* AppOverview.m in Sources */,
				5A32A12B13D495CA00AC7CB3 /* DataStoreTest.m in Sources */,
			);
			runOnlyForDeploymentPostprocessing = 0;
		};
/* End PBXSourcesBuildPhase section */

/* Begin PBXTargetDependency section */
		5AA4D81113BB52080029B616 /* PBXTargetDependency */ = {
			isa = PBXTargetDependency;
			target = 5AA4D7DB13BB52080029B616 /* Capio */;
			targetProxy = 5AA4D81013BB52080029B616 /* PBXContainerItemProxy */;
		};
/* End PBXTargetDependency section */

/* Begin PBXVariantGroup section */
		5AA4D7E913BB52080029B616 /* InfoPlist.strings */ = {
			isa = PBXVariantGroup;
			children = (
				5AA4D7EA13BB52080029B616 /* en */,
			);
			name = InfoPlist.strings;
			sourceTree = "<group>";
		};
		5AA4D81513BB52080029B616 /* InfoPlist.strings */ = {
			isa = PBXVariantGroup;
			children = (
				5AA4D81613BB52080029B616 /* en */,
			);
			name = InfoPlist.strings;
			sourceTree = "<group>";
		};
/* End PBXVariantGroup section */

/* Begin XCBuildConfiguration section */
		5AA4D81C13BB52080029B616 /* Debug */ = {
			isa = XCBuildConfiguration;
			buildSettings = {
				ALWAYS_SEARCH_USER_PATHS = NO;
				ARCHS = "$(ARCHS_STANDARD_32_BIT)";
				CLANG_ENABLE_OBJC_ARC = YES;
				"CODE_SIGN_IDENTITY[sdk=iphoneos*]" = "iPhone Developer";
				COPY_PHASE_STRIP = NO;
				GCC_C_LANGUAGE_STANDARD = gnu99;
				GCC_DYNAMIC_NO_PIC = NO;
				GCC_OPTIMIZATION_LEVEL = 0;
				GCC_PREPROCESSOR_DEFINITIONS = (
					"DEBUG=1",
					"$(inherited)",
				);
				GCC_SYMBOLS_PRIVATE_EXTERN = NO;
				GCC_VERSION = com.apple.compilers.llvm.clang.1_0;
				GCC_WARN_ABOUT_MISSING_PROTOTYPES = YES;
				GCC_WARN_ABOUT_RETURN_TYPE = YES;
				GCC_WARN_UNUSED_VARIABLE = YES;
				IPHONEOS_DEPLOYMENT_TARGET = 5.0;
				SDKROOT = iphoneos;
				TARGETED_DEVICE_FAMILY = 2;
			};
			name = Debug;
		};
		5AA4D81D13BB52080029B616 /* Release */ = {
			isa = XCBuildConfiguration;
			buildSettings = {
				ALWAYS_SEARCH_USER_PATHS = NO;
				ARCHS = "$(ARCHS_STANDARD_32_BIT)";
				CLANG_ENABLE_OBJC_ARC = YES;
				"CODE_SIGN_IDENTITY[sdk=iphoneos*]" = "iPhone Developer";
				COPY_PHASE_STRIP = YES;
				GCC_C_LANGUAGE_STANDARD = gnu99;
				GCC_VERSION = com.apple.compilers.llvm.clang.1_0;
				GCC_WARN_ABOUT_MISSING_PROTOTYPES = YES;
				GCC_WARN_ABOUT_RETURN_TYPE = YES;
				GCC_WARN_UNUSED_VARIABLE = YES;
				IPHONEOS_DEPLOYMENT_TARGET = 5.0;
				OTHER_CFLAGS = "-DNS_BLOCK_ASSERTIONS=1";
				SDKROOT = iphoneos;
				TARGETED_DEVICE_FAMILY = 2;
				VALIDATE_PRODUCT = YES;
			};
			name = Release;
		};
		5AA4D81F13BB52080029B616 /* Debug */ = {
			isa = XCBuildConfiguration;
			buildSettings = {
				GCC_PRECOMPILE_PREFIX_HEADER = YES;
				GCC_PREFIX_HEADER = "Capio/Capio-Prefix.pch";
				INFOPLIST_FILE = "Capio/Capio-Info.plist";
				IPHONEOS_DEPLOYMENT_TARGET = 5.0;
				LIBRARY_SEARCH_PATHS = (
					"$(inherited)",
					"\"$(SRCROOT)/Capio\"",
				);
				OTHER_LDFLAGS = (
					"-ObjC",
					"-all_load",
				);
				PRODUCT_NAME = "$(TARGET_NAME)";
				USER_HEADER_SEARCH_PATHS = "";
				WRAPPER_EXTENSION = app;
			};
			name = Debug;
		};
		5AA4D82013BB52080029B616 /* Release */ = {
			isa = XCBuildConfiguration;
			buildSettings = {
				GCC_PRECOMPILE_PREFIX_HEADER = YES;
				GCC_PREFIX_HEADER = "Capio/Capio-Prefix.pch";
				INFOPLIST_FILE = "Capio/Capio-Info.plist";
				IPHONEOS_DEPLOYMENT_TARGET = 5.0;
				LIBRARY_SEARCH_PATHS = (
					"$(inherited)",
					"\"$(SRCROOT)/Capio\"",
				);
				OTHER_LDFLAGS = (
					"-ObjC",
					"-all_load",
				);
				PRODUCT_NAME = "$(TARGET_NAME)";
				USER_HEADER_SEARCH_PATHS = "";
				WRAPPER_EXTENSION = app;
			};
			name = Release;
		};
		5AA4D82213BB52080029B616 /* Debug */ = {
			isa = XCBuildConfiguration;
			buildSettings = {
				BUNDLE_LOADER = "$(BUILT_PRODUCTS_DIR)/Capio.app/Capio";
				FRAMEWORK_SEARCH_PATHS = (
					"$(SDKROOT)/Developer/Library/Frameworks",
					"$(DEVELOPER_LIBRARY_DIR)/Frameworks",
				);
				GCC_PRECOMPILE_PREFIX_HEADER = YES;
				GCC_PREFIX_HEADER = "Capio/Capio-Prefix.pch";
				INFOPLIST_FILE = "CapioTests/CapioTests-Info.plist";
				PRODUCT_NAME = "$(TARGET_NAME)";
				TEST_HOST = "$(BUNDLE_LOADER)";
				WRAPPER_EXTENSION = octest;
			};
			name = Debug;
		};
		5AA4D82313BB52080029B616 /* Release */ = {
			isa = XCBuildConfiguration;
			buildSettings = {
				BUNDLE_LOADER = "$(BUILT_PRODUCTS_DIR)/Capio.app/Capio";
				FRAMEWORK_SEARCH_PATHS = (
					"$(SDKROOT)/Developer/Library/Frameworks",
					"$(DEVELOPER_LIBRARY_DIR)/Frameworks",
				);
				GCC_PRECOMPILE_PREFIX_HEADER = YES;
				GCC_PREFIX_HEADER = "Capio/Capio-Prefix.pch";
				INFOPLIST_FILE = "CapioTests/CapioTests-Info.plist";
				PRODUCT_NAME = "$(TARGET_NAME)";
				TEST_HOST = "$(BUNDLE_LOADER)";
				WRAPPER_EXTENSION = octest;
			};
			name = Release;
		};
/* End XCBuildConfiguration section */

/* Begin XCConfigurationList section */
		5AA4D7D613BB52080029B616 /* Build configuration list for PBXProject "Capio" */ = {
			isa = XCConfigurationList;
			buildConfigurations = (
				5AA4D81C13BB52080029B616 /* Debug */,
				5AA4D81D13BB52080029B616 /* Release */,
			);
			defaultConfigurationIsVisible = 0;
			defaultConfigurationName = Release;
		};
		5AA4D81E13BB52080029B616 /* Build configuration list for PBXNativeTarget "Capio" */ = {
			isa = XCConfigurationList;
			buildConfigurations = (
				5AA4D81F13BB52080029B616 /* Debug */,
				5AA4D82013BB52080029B616 /* Release */,
			);
			defaultConfigurationIsVisible = 0;
			defaultConfigurationName = Release;
		};
		5AA4D82113BB52080029B616 /* Build configuration list for PBXNativeTarget "CapioTests" */ = {
			isa = XCConfigurationList;
			buildConfigurations = (
				5AA4D82213BB52080029B616 /* Debug */,
				5AA4D82313BB52080029B616 /* Release */,
			);
			defaultConfigurationIsVisible = 0;
			defaultConfigurationName = Release;
		};
/* End XCConfigurationList section */
	};
	rootObject = 5AA4D7D313BB52080029B616 /* Project object */;
}
