// !$*UTF8*$!
{
	archiveVersion = 1;
	classes = {
	};
	objectVersion = 46;
	objects = {

/* Begin PBXBuildFile section */
		5A15955913BB54700007B60F /* info.png in Resources */ = {isa = PBXBuildFile; fileRef = 5A15955613BB54700007B60F /* info.png */; };
		5A15955A13BB54700007B60F /* planning.png in Resources */ = {isa = PBXBuildFile; fileRef = 5A15955713BB54700007B60F /* planning.png */; };
		5A15955B13BB54700007B60F /* sizing.png in Resources */ = {isa = PBXBuildFile; fileRef = 5A15955813BB54700007B60F /* sizing.png */; };
		5A26ECC613C7137500533B5D /* QuartzCore.framework in Frameworks */ = {isa = PBXBuildFile; fileRef = 5A26ECC513C7137500533B5D /* QuartzCore.framework */; };
		5A32464813DEED9E00AE1937 /* button2_pressed.png in Resources */ = {isa = PBXBuildFile; fileRef = 5A32464613DEED9E00AE1937 /* button2_pressed.png */; };
		5A32464913DEED9E00AE1937 /* button2.png in Resources */ = {isa = PBXBuildFile; fileRef = 5A32464713DEED9E00AE1937 /* button2.png */; };
		5A32464E13DEF41D00AE1937 /* ServerConfigController.m in Sources */ = {isa = PBXBuildFile; fileRef = 5A32464C13DEF41D00AE1937 /* ServerConfigController.m */; };
		5A32464F13DEF41D00AE1937 /* ServerConfig.xib in Resources */ = {isa = PBXBuildFile; fileRef = 5A32464D13DEF41D00AE1937 /* ServerConfig.xib */; };
		5A32465D13E022C000AE1937 /* BonjourBrowser.m in Sources */ = {isa = PBXBuildFile; fileRef = 5A32465613E022C000AE1937 /* BonjourBrowser.m */; };
		5A32465E13E022C000AE1937 /* BrowserViewController.m in Sources */ = {isa = PBXBuildFile; fileRef = 5A32465813E022C000AE1937 /* BrowserViewController.m */; };
		5A32465F13E022C000AE1937 /* DomainViewController.m in Sources */ = {isa = PBXBuildFile; fileRef = 5A32465A13E022C000AE1937 /* DomainViewController.m */; };
		5A32466013E022C000AE1937 /* SimpleEditViewController.m in Sources */ = {isa = PBXBuildFile; fileRef = 5A32465C13E022C000AE1937 /* SimpleEditViewController.m */; };
		5A32466313E0358900AE1937 /* gear.png in Resources */ = {isa = PBXBuildFile; fileRef = 5A32466213E0358800AE1937 /* gear.png */; };
		5A32466713E03B8300AE1937 /* ConfigViewController.m in Sources */ = {isa = PBXBuildFile; fileRef = 5A32466513E03B8300AE1937 /* ConfigViewController.m */; };
		5A32466813E03B8300AE1937 /* ConfigView.xib in Resources */ = {isa = PBXBuildFile; fileRef = 5A32466613E03B8300AE1937 /* ConfigView.xib */; };
		5A32467013E0537900AE1937 /* Constants.m in Sources */ = {isa = PBXBuildFile; fileRef = 5A32466F13E0537900AE1937 /* Constants.m */; };
		5A32A12B13D495CA00AC7CB3 /* DataStoreTest.m in Sources */ = {isa = PBXBuildFile; fileRef = 5A32A12A13D495CA00AC7CB3 /* DataStoreTest.m */; };
		5A4B5E4A13D561EC006E1C9E /* ServerOverviewController.m in Sources */ = {isa = PBXBuildFile; fileRef = 5A4B5E4813D561EC006E1C9E /* ServerOverviewController.m */; };
		5A4B5E4B13D561EC006E1C9E /* ServerOverview.xib in Resources */ = {isa = PBXBuildFile; fileRef = 5A4B5E4913D561EC006E1C9E /* ServerOverview.xib */; };
		5A4B5E5413D5CC35006E1C9E /* response_workloads.png in Resources */ = {isa = PBXBuildFile; fileRef = 5A4B5E5313D5CC35006E1C9E /* response_workloads.png */; };
		5A4B5E5D13D5CD4B006E1C9E /* MetricOverviewController.m in Sources */ = {isa = PBXBuildFile; fileRef = 5A4B5E5B13D5CD49006E1C9E /* MetricOverviewController.m */; };
		5A4B5E5E13D5CD4B006E1C9E /* MetricOverview.xib in Resources */ = {isa = PBXBuildFile; fileRef = 5A4B5E5C13D5CD4A006E1C9E /* MetricOverview.xib */; };
		5A4B5E6013D5D1DE006E1C9E /* metrics.png in Resources */ = {isa = PBXBuildFile; fileRef = 5A4B5E5F13D5D1DE006E1C9E /* metrics.png */; };
		5A5742C313DED37600294D1A /* libCorePlot-CocoaTouch.a in Frameworks */ = {isa = PBXBuildFile; fileRef = 5A5742C213DED37600294D1A /* libCorePlot-CocoaTouch.a */; };
		5A5742CC13DEE17700294D1A /* AppConfigController.m in Sources */ = {isa = PBXBuildFile; fileRef = 5A5742CA13DEE17700294D1A /* AppConfigController.m */; };
		5A5742CD13DEE17700294D1A /* AppConfig.xib in Resources */ = {isa = PBXBuildFile; fileRef = 5A5742CB13DEE17700294D1A /* AppConfig.xib */; };
		5A66A31913BF3B6000DB7161 /* dropdown_button.png in Resources */ = {isa = PBXBuildFile; fileRef = 5A66A31813BF3B6000DB7161 /* dropdown_button.png */; };
		5A66A31C13BF3C3600DB7161 /* dropdown_button_pressed.png in Resources */ = {isa = PBXBuildFile; fileRef = 5A66A31B13BF3C3600DB7161 /* dropdown_button_pressed.png */; };
		5A67A26F13BCB82D002BDCAA /* AppOverview.m in Sources */ = {isa = PBXBuildFile; fileRef = 5A67A26E13BCB82D002BDCAA /* AppOverview.m */; };
		5A67A27013BCB82D002BDCAA /* AppOverview.m in Sources */ = {isa = PBXBuildFile; fileRef = 5A67A26E13BCB82D002BDCAA /* AppOverview.m */; };
		5A67A27B13BCCEDC002BDCAA /* DatePopupController.m in Sources */ = {isa = PBXBuildFile; fileRef = 5A67A27913BCCEDC002BDCAA /* DatePopupController.m */; };
		5A67A27C13BCCEDC002BDCAA /* DatePopup.xib in Resources */ = {isa = PBXBuildFile; fileRef = 5A67A27A13BCCEDC002BDCAA /* DatePopup.xib */; };
		5A843E2F13C2049A00289E51 /* red_rag.png in Resources */ = {isa = PBXBuildFile; fileRef = 5A843E2E13C2049A00289E51 /* red_rag.png */; };
		5A843E3213C2096F00289E51 /* amber_rag.png in Resources */ = {isa = PBXBuildFile; fileRef = 5A843E3113C2096F00289E51 /* amber_rag.png */; };
		5A886EDC13C33E8F003E06FA /* button1_pressed.png in Resources */ = {isa = PBXBuildFile; fileRef = 5A886EDA13C33E8F003E06FA /* button1_pressed.png */; };
		5A886EDD13C33E8F003E06FA /* button1.png in Resources */ = {isa = PBXBuildFile; fileRef = 5A886EDB13C33E8F003E06FA /* button1.png */; };
		5A9DC74A13CC5F5A00D67F65 /* DataStore.m in Sources */ = {isa = PBXBuildFile; fileRef = 5A9DC74913CC5F5A00D67F65 /* DataStore.m */; };
		5A9DC74D13CC9CA300D67F65 /* Tuple.m in Sources */ = {isa = PBXBuildFile; fileRef = 5A9DC74C13CC9CA300D67F65 /* Tuple.m */; };
		5AA4D7E113BB52080029B616 /* UIKit.framework in Frameworks */ = {isa = PBXBuildFile; fileRef = 5AA4D7E013BB52080029B616 /* UIKit.framework */; };
		5AA4D7E313BB52080029B616 /* Foundation.framework in Frameworks */ = {isa = PBXBuildFile; fileRef = 5AA4D7E213BB52080029B616 /* Foundation.framework */; };
		5AA4D7E513BB52080029B616 /* CoreGraphics.framework in Frameworks */ = {isa = PBXBuildFile; fileRef = 5AA4D7E413BB52080029B616 /* CoreGraphics.framework */; };
		5AA4D7EB13BB52080029B616 /* InfoPlist.strings in Resources */ = {isa = PBXBuildFile; fileRef = 5AA4D7E913BB52080029B616 /* InfoPlist.strings */; };
		5AA4D7ED13BB52080029B616 /* main.m in Sources */ = {isa = PBXBuildFile; fileRef = 5AA4D7EC13BB52080029B616 /* main.m */; };
		5AA4D7F113BB52080029B616 /* CapioAppDelegate.m in Sources */ = {isa = PBXBuildFile; fileRef = 5AA4D7F013BB52080029B616 /* CapioAppDelegate.m */; };
		5AA4D80C13BB52080029B616 /* SenTestingKit.framework in Frameworks */ = {isa = PBXBuildFile; fileRef = 5AA4D80B13BB52080029B616 /* SenTestingKit.framework */; };
		5AA4D80D13BB52080029B616 /* UIKit.framework in Frameworks */ = {isa = PBXBuildFile; fileRef = 5AA4D7E013BB52080029B616 /* UIKit.framework */; };
		5AA4D80E13BB52080029B616 /* Foundation.framework in Frameworks */ = {isa = PBXBuildFile; fileRef = 5AA4D7E213BB52080029B616 /* Foundation.framework */; };
		5AA4D80F13BB52080029B616 /* CoreGraphics.framework in Frameworks */ = {isa = PBXBuildFile; fileRef = 5AA4D7E413BB52080029B616 /* CoreGraphics.framework */; };
		5AA4D81713BB52080029B616 /* InfoPlist.strings in Resources */ = {isa = PBXBuildFile; fileRef = 5AA4D81513BB52080029B616 /* InfoPlist.strings */; };
		5AA4D81913BB52080029B616 /* CapioTests.h in Resources */ = {isa = PBXBuildFile; fileRef = 5AA4D81813BB52080029B616 /* CapioTests.h */; };
		5AA4D81B13BB52080029B616 /* CapioTests.m in Sources */ = {isa = PBXBuildFile; fileRef = 5AA4D81A13BB52080029B616 /* CapioTests.m */; };
		5AB26AB713C5B44900AC5B87 /* TimelineController.m in Sources */ = {isa = PBXBuildFile; fileRef = 5AB26AB513C5B44900AC5B87 /* TimelineController.m */; };
		5AB26AB813C5B44900AC5B87 /* Timeline.xib in Resources */ = {isa = PBXBuildFile; fileRef = 5AB26AB613C5B44900AC5B87 /* Timeline.xib */; };
		5ABC806013BC5BA000468868 /* MainWindow.xib in Resources */ = {isa = PBXBuildFile; fileRef = 5ABC805E13BC5BA000468868 /* MainWindow.xib */; };
		5AD5B6AA13BC6CA10083D454 /* SecondViewController.m in Sources */ = {isa = PBXBuildFile; fileRef = 5AD5B6A813BC6CA10083D454 /* SecondViewController.m */; };
		5AD5B6AB13BC6CA10083D454 /* SecondViewController.xib in Resources */ = {isa = PBXBuildFile; fileRef = 5AD5B6A913BC6CA10083D454 /* SecondViewController.xib */; };
		5AD615D213BB6D4E00F9CA45 /* AppListController.m in Sources */ = {isa = PBXBuildFile; fileRef = 5AD615D013BB6D4E00F9CA45 /* AppListController.m */; };
		5AD615D313BB6D4E00F9CA45 /* AppList.xib in Resources */ = {isa = PBXBuildFile; fileRef = 5AD615D113BB6D4E00F9CA45 /* AppList.xib */; };
		5AD615D713BB703800F9CA45 /* AppOverviewController.m in Sources */ = {isa = PBXBuildFile; fileRef = 5AD615D513BB703800F9CA45 /* AppOverviewController.m */; };
		5AD615D813BB703800F9CA45 /* AppOverview.xib in Resources */ = {isa = PBXBuildFile; fileRef = 5AD615D613BB703800F9CA45 /* AppOverview.xib */; };
		5AD615E413BB81F200F9CA45 /* MGSplitCornersView.m in Sources */ = {isa = PBXBuildFile; fileRef = 5AD615DF13BB81F200F9CA45 /* MGSplitCornersView.m */; };
		5AD615E513BB81F200F9CA45 /* MGSplitDividerView.m in Sources */ = {isa = PBXBuildFile; fileRef = 5AD615E113BB81F200F9CA45 /* MGSplitDividerView.m */; };
		5AD615E613BB81F200F9CA45 /* MGSplitViewController.m in Sources */ = {isa = PBXBuildFile; fileRef = 5AD615E313BB81F200F9CA45 /* MGSplitViewController.m */; };
		5ADF8CBE13DEE6BA00023BA8 /* app_config.png in Resources */ = {isa = PBXBuildFile; fileRef = 5ADF8CBD13DEE6BA00023BA8 /* app_config.png */; };
		5ADF8CC313DEE7E200023BA8 /* AppConnectionsController.m in Sources */ = {isa = PBXBuildFile; fileRef = 5ADF8CC113DEE7E200023BA8 /* AppConnectionsController.m */; };
		5ADF8CC413DEE7E200023BA8 /* AppConnections.xib in Resources */ = {isa = PBXBuildFile; fileRef = 5ADF8CC213DEE7E200023BA8 /* AppConnections.xib */; };
		5ADF8CC613DEE87800023BA8 /* app_connections.png in Resources */ = {isa = PBXBuildFile; fileRef = 5ADF8CC513DEE87800023BA8 /* app_connections.png */; };
		5AF74AD713C1EC9F00DF0794 /* AppListCell.m in Sources */ = {isa = PBXBuildFile; fileRef = 5AF74AD513C1EC9F00DF0794 /* AppListCell.m */; };
		5AF74AD813C1EC9F00DF0794 /* AppListCell.xib in Resources */ = {isa = PBXBuildFile; fileRef = 5AF74AD613C1EC9F00DF0794 /* AppListCell.xib */; };
/* End PBXBuildFile section */

/* Begin PBXContainerItemProxy section */
		5AA4D81013BB52080029B616 /* PBXContainerItemProxy */ = {
			isa = PBXContainerItemProxy;
			containerPortal = 5AA4D7D313BB52080029B616 /* Project object */;
			proxyType = 1;
			remoteGlobalIDString = 5AA4D7DB13BB52080029B616;
			remoteInfo = Capio;
		};
/* End PBXContainerItemProxy section */

/* Begin PBXFileReference section */
		5A15955613BB54700007B60F /* info.png */ = {isa = PBXFileReference; lastKnownFileType = image.png; path = info.png; sourceTree = "<group>"; };
		5A15955713BB54700007B60F /* planning.png */ = {isa = PBXFileReference; lastKnownFileType = image.png; path = planning.png; sourceTree = "<group>"; };
		5A15955813BB54700007B60F /* sizing.png */ = {isa = PBXFileReference; lastKnownFileType = image.png; path = sizing.png; sourceTree = "<group>"; };
		5A26ECC513C7137500533B5D /* QuartzCore.framework */ = {isa = PBXFileReference; lastKnownFileType = wrapper.framework; name = QuartzCore.framework; path = System/Library/Frameworks/QuartzCore.framework; sourceTree = SDKROOT; };
		5A32464613DEED9E00AE1937 /* button2_pressed.png */ = {isa = PBXFileReference; lastKnownFileType = image.png; path = button2_pressed.png; sourceTree = "<group>"; };
		5A32464713DEED9E00AE1937 /* button2.png */ = {isa = PBXFileReference; lastKnownFileType = image.png; path = button2.png; sourceTree = "<group>"; };
		5A32464B13DEF41D00AE1937 /* ServerConfigController.h */ = {isa = PBXFileReference; fileEncoding = 4; lastKnownFileType = sourcecode.c.h; path = ServerConfigController.h; sourceTree = "<group>"; };
		5A32464C13DEF41D00AE1937 /* ServerConfigController.m */ = {isa = PBXFileReference; fileEncoding = 4; lastKnownFileType = sourcecode.c.objc; path = ServerConfigController.m; sourceTree = "<group>"; };
		5A32464D13DEF41D00AE1937 /* ServerConfig.xib */ = {isa = PBXFileReference; fileEncoding = 4; lastKnownFileType = file.xib; path = ServerConfig.xib; sourceTree = "<group>"; };
		5A32465513E022C000AE1937 /* BonjourBrowser.h */ = {isa = PBXFileReference; fileEncoding = 4; lastKnownFileType = sourcecode.c.h; path = BonjourBrowser.h; sourceTree = "<group>"; };
		5A32465613E022C000AE1937 /* BonjourBrowser.m */ = {isa = PBXFileReference; fileEncoding = 4; lastKnownFileType = sourcecode.c.objc; path = BonjourBrowser.m; sourceTree = "<group>"; };
		5A32465713E022C000AE1937 /* BrowserViewController.h */ = {isa = PBXFileReference; fileEncoding = 4; lastKnownFileType = sourcecode.c.h; path = BrowserViewController.h; sourceTree = "<group>"; };
		5A32465813E022C000AE1937 /* BrowserViewController.m */ = {isa = PBXFileReference; fileEncoding = 4; lastKnownFileType = sourcecode.c.objc; path = BrowserViewController.m; sourceTree = "<group>"; };
		5A32465913E022C000AE1937 /* DomainViewController.h */ = {isa = PBXFileReference; fileEncoding = 4; lastKnownFileType = sourcecode.c.h; path = DomainViewController.h; sourceTree = "<group>"; };
		5A32465A13E022C000AE1937 /* DomainViewController.m */ = {isa = PBXFileReference; fileEncoding = 4; lastKnownFileType = sourcecode.c.objc; path = DomainViewController.m; sourceTree = "<group>"; };
		5A32465B13E022C000AE1937 /* SimpleEditViewController.h */ = {isa = PBXFileReference; fileEncoding = 4; lastKnownFileType = sourcecode.c.h; path = SimpleEditViewController.h; sourceTree = "<group>"; };
		5A32465C13E022C000AE1937 /* SimpleEditViewController.m */ = {isa = PBXFileReference; fileEncoding = 4; lastKnownFileType = sourcecode.c.objc; path = SimpleEditViewController.m; sourceTree = "<group>"; };
		5A32466213E0358800AE1937 /* gear.png */ = {isa = PBXFileReference; lastKnownFileType = image.png; path = gear.png; sourceTree = "<group>"; };
		5A32466413E03B8300AE1937 /* ConfigViewController.h */ = {isa = PBXFileReference; fileEncoding = 4; lastKnownFileType = sourcecode.c.h; path = ConfigViewController.h; sourceTree = "<group>"; };
		5A32466513E03B8300AE1937 /* ConfigViewController.m */ = {isa = PBXFileReference; fileEncoding = 4; lastKnownFileType = sourcecode.c.objc; path = ConfigViewController.m; sourceTree = "<group>"; };
		5A32466613E03B8300AE1937 /* ConfigView.xib */ = {isa = PBXFileReference; fileEncoding = 4; lastKnownFileType = file.xib; path = ConfigView.xib; sourceTree = "<group>"; };
		5A32466E13E0537900AE1937 /* Constants.h */ = {isa = PBXFileReference; fileEncoding = 4; lastKnownFileType = sourcecode.c.h; path = Constants.h; sourceTree = "<group>"; };
		5A32466F13E0537900AE1937 /* Constants.m */ = {isa = PBXFileReference; fileEncoding = 4; lastKnownFileType = sourcecode.c.objc; path = Constants.m; sourceTree = "<group>"; };
		5A32A12813D4912900AC7CB3 /* testdata.json */ = {isa = PBXFileReference; lastKnownFileType = text.json; path = testdata.json; sourceTree = "<group>"; };
		5A32A12913D495CA00AC7CB3 /* DataStoreTest.h */ = {isa = PBXFileReference; fileEncoding = 4; lastKnownFileType = sourcecode.c.h; path = DataStoreTest.h; sourceTree = "<group>"; };
		5A32A12A13D495CA00AC7CB3 /* DataStoreTest.m */ = {isa = PBXFileReference; fileEncoding = 4; lastKnownFileType = sourcecode.c.objc; path = DataStoreTest.m; sourceTree = "<group>"; };
		5A4B5E4713D561EC006E1C9E /* ServerOverviewController.h */ = {isa = PBXFileReference; fileEncoding = 4; lastKnownFileType = sourcecode.c.h; path = ServerOverviewController.h; sourceTree = "<group>"; };
		5A4B5E4813D561EC006E1C9E /* ServerOverviewController.m */ = {isa = PBXFileReference; fileEncoding = 4; lastKnownFileType = sourcecode.c.objc; path = ServerOverviewController.m; sourceTree = "<group>"; };
		5A4B5E4913D561EC006E1C9E /* ServerOverview.xib */ = {isa = PBXFileReference; fileEncoding = 4; lastKnownFileType = file.xib; path = ServerOverview.xib; sourceTree = "<group>"; };
		5A4B5E5313D5CC35006E1C9E /* response_workloads.png */ = {isa = PBXFileReference; lastKnownFileType = image.png; path = response_workloads.png; sourceTree = "<group>"; };
		5A4B5E5A13D5CD49006E1C9E /* MetricOverviewController.h */ = {isa = PBXFileReference; fileEncoding = 4; lastKnownFileType = sourcecode.c.h; path = MetricOverviewController.h; sourceTree = "<group>"; };
		5A4B5E5B13D5CD49006E1C9E /* MetricOverviewController.m */ = {isa = PBXFileReference; fileEncoding = 4; lastKnownFileType = sourcecode.c.objc; path = MetricOverviewController.m; sourceTree = "<group>"; };
		5A4B5E5C13D5CD4A006E1C9E /* MetricOverview.xib */ = {isa = PBXFileReference; fileEncoding = 4; lastKnownFileType = file.xib; path = MetricOverview.xib; sourceTree = "<group>"; };
		5A4B5E5F13D5D1DE006E1C9E /* metrics.png */ = {isa = PBXFileReference; lastKnownFileType = image.png; path = metrics.png; sourceTree = "<group>"; };
		5A57427813DED37600294D1A /* _CPTFillColor.h */ = {isa = PBXFileReference; fileEncoding = 4; lastKnownFileType = sourcecode.c.h; path = _CPTFillColor.h; sourceTree = "<group>"; };
		5A57427913DED37600294D1A /* _CPTFillGradient.h */ = {isa = PBXFileReference; fileEncoding = 4; lastKnownFileType = sourcecode.c.h; path = _CPTFillGradient.h; sourceTree = "<group>"; };
		5A57427A13DED37600294D1A /* _CPTFillImage.h */ = {isa = PBXFileReference; fileEncoding = 4; lastKnownFileType = sourcecode.c.h; path = _CPTFillImage.h; sourceTree = "<group>"; };
		5A57427B13DED37600294D1A /* CorePlot-CocoaTouch.h */ = {isa = PBXFileReference; fileEncoding = 4; lastKnownFileType = sourcecode.c.h; path = "CorePlot-CocoaTouch.h"; sourceTree = "<group>"; };
		5A57427C13DED37600294D1A /* CPTAnnotation.h */ = {isa = PBXFileReference; fileEncoding = 4; lastKnownFileType = sourcecode.c.h; path = CPTAnnotation.h; sourceTree = "<group>"; };
		5A57427D13DED37600294D1A /* CPTAnnotationHostLayer.h */ = {isa = PBXFileReference; fileEncoding = 4; lastKnownFileType = sourcecode.c.h; path = CPTAnnotationHostLayer.h; sourceTree = "<group>"; };
		5A57427E13DED37600294D1A /* CPTAxis.h */ = {isa = PBXFileReference; fileEncoding = 4; lastKnownFileType = sourcecode.c.h; path = CPTAxis.h; sourceTree = "<group>"; };
		5A57427F13DED37600294D1A /* CPTAxisLabel.h */ = {isa = PBXFileReference; fileEncoding = 4; lastKnownFileType = sourcecode.c.h; path = CPTAxisLabel.h; sourceTree = "<group>"; };
		5A57428013DED37600294D1A /* CPTAxisLabelGroup.h */ = {isa = PBXFileReference; fileEncoding = 4; lastKnownFileType = sourcecode.c.h; path = CPTAxisLabelGroup.h; sourceTree = "<group>"; };
		5A57428113DED37600294D1A /* CPTAxisSet.h */ = {isa = PBXFileReference; fileEncoding = 4; lastKnownFileType = sourcecode.c.h; path = CPTAxisSet.h; sourceTree = "<group>"; };
		5A57428213DED37600294D1A /* CPTAxisTitle.h */ = {isa = PBXFileReference; fileEncoding = 4; lastKnownFileType = sourcecode.c.h; path = CPTAxisTitle.h; sourceTree = "<group>"; };
		5A57428313DED37600294D1A /* CPTBarPlot.h */ = {isa = PBXFileReference; fileEncoding = 4; lastKnownFileType = sourcecode.c.h; path = CPTBarPlot.h; sourceTree = "<group>"; };
		5A57428413DED37600294D1A /* CPTBorderedLayer.h */ = {isa = PBXFileReference; fileEncoding = 4; lastKnownFileType = sourcecode.c.h; path = CPTBorderedLayer.h; sourceTree = "<group>"; };
		5A57428513DED37600294D1A /* CPTColor.h */ = {isa = PBXFileReference; fileEncoding = 4; lastKnownFileType = sourcecode.c.h; path = CPTColor.h; sourceTree = "<group>"; };
		5A57428613DED37600294D1A /* CPTColorSpace.h */ = {isa = PBXFileReference; fileEncoding = 4; lastKnownFileType = sourcecode.c.h; path = CPTColorSpace.h; sourceTree = "<group>"; };
		5A57428713DED37600294D1A /* CPTConstrainedPosition.h */ = {isa = PBXFileReference; fileEncoding = 4; lastKnownFileType = sourcecode.c.h; path = CPTConstrainedPosition.h; sourceTree = "<group>"; };
		5A57428813DED37600294D1A /* CPTDarkGradientTheme.h */ = {isa = PBXFileReference; fileEncoding = 4; lastKnownFileType = sourcecode.c.h; path = CPTDarkGradientTheme.h; sourceTree = "<group>"; };
		5A57428913DED37600294D1A /* CPTDefinitions.h */ = {isa = PBXFileReference; fileEncoding = 4; lastKnownFileType = sourcecode.c.h; path = CPTDefinitions.h; sourceTree = "<group>"; };
		5A57428A13DED37600294D1A /* CPTExceptions.h */ = {isa = PBXFileReference; fileEncoding = 4; lastKnownFileType = sourcecode.c.h; path = CPTExceptions.h; sourceTree = "<group>"; };
		5A57428B13DED37600294D1A /* CPTFill.h */ = {isa = PBXFileReference; fileEncoding = 4; lastKnownFileType = sourcecode.c.h; path = CPTFill.h; sourceTree = "<group>"; };
		5A57428C13DED37600294D1A /* CPTGradient.h */ = {isa = PBXFileReference; fileEncoding = 4; lastKnownFileType = sourcecode.c.h; path = CPTGradient.h; sourceTree = "<group>"; };
		5A57428D13DED37600294D1A /* CPTGraph.h */ = {isa = PBXFileReference; fileEncoding = 4; lastKnownFileType = sourcecode.c.h; path = CPTGraph.h; sourceTree = "<group>"; };
		5A57428E13DED37600294D1A /* CPTGraphHostingView.h */ = {isa = PBXFileReference; fileEncoding = 4; lastKnownFileType = sourcecode.c.h; path = CPTGraphHostingView.h; sourceTree = "<group>"; };
		5A57428F13DED37600294D1A /* CPTGridLineGroup.h */ = {isa = PBXFileReference; fileEncoding = 4; lastKnownFileType = sourcecode.c.h; path = CPTGridLineGroup.h; sourceTree = "<group>"; };
		5A57429013DED37600294D1A /* CPTGridLines.h */ = {isa = PBXFileReference; fileEncoding = 4; lastKnownFileType = sourcecode.c.h; path = CPTGridLines.h; sourceTree = "<group>"; };
		5A57429113DED37600294D1A /* CPTImage.h */ = {isa = PBXFileReference; fileEncoding = 4; lastKnownFileType = sourcecode.c.h; path = CPTImage.h; sourceTree = "<group>"; };
		5A57429213DED37600294D1A /* CPTLayer.h */ = {isa = PBXFileReference; fileEncoding = 4; lastKnownFileType = sourcecode.c.h; path = CPTLayer.h; sourceTree = "<group>"; };
		5A57429313DED37600294D1A /* CPTLayerAnnotation.h */ = {isa = PBXFileReference; fileEncoding = 4; lastKnownFileType = sourcecode.c.h; path = CPTLayerAnnotation.h; sourceTree = "<group>"; };
		5A57429413DED37600294D1A /* CPTLayoutManager.h */ = {isa = PBXFileReference; fileEncoding = 4; lastKnownFileType = sourcecode.c.h; path = CPTLayoutManager.h; sourceTree = "<group>"; };
		5A57429513DED37600294D1A /* CPTLegend.h */ = {isa = PBXFileReference; fileEncoding = 4; lastKnownFileType = sourcecode.c.h; path = CPTLegend.h; sourceTree = "<group>"; };
		5A57429613DED37600294D1A /* CPTLegendEntry.h */ = {isa = PBXFileReference; fileEncoding = 4; lastKnownFileType = sourcecode.c.h; path = CPTLegendEntry.h; sourceTree = "<group>"; };
		5A57429713DED37600294D1A /* CPTLimitBand.h */ = {isa = PBXFileReference; fileEncoding = 4; lastKnownFileType = sourcecode.c.h; path = CPTLimitBand.h; sourceTree = "<group>"; };
		5A57429813DED37600294D1A /* CPTLineStyle.h */ = {isa = PBXFileReference; fileEncoding = 4; lastKnownFileType = sourcecode.c.h; path = CPTLineStyle.h; sourceTree = "<group>"; };
		5A57429913DED37600294D1A /* CPTMutableLineStyle.h */ = {isa = PBXFileReference; fileEncoding = 4; lastKnownFileType = sourcecode.c.h; path = CPTMutableLineStyle.h; sourceTree = "<group>"; };
		5A57429A13DED37600294D1A /* CPTMutableNumericData+TypeConversion.h */ = {isa = PBXFileReference; fileEncoding = 4; lastKnownFileType = sourcecode.c.h; path = "CPTMutableNumericData+TypeConversion.h"; sourceTree = "<group>"; };
		5A57429B13DED37600294D1A /* CPTMutableNumericData.h */ = {isa = PBXFileReference; fileEncoding = 4; lastKnownFileType = sourcecode.c.h; path = CPTMutableNumericData.h; sourceTree = "<group>"; };
		5A57429C13DED37600294D1A /* CPTMutableTextStyle.h */ = {isa = PBXFileReference; fileEncoding = 4; lastKnownFileType = sourcecode.c.h; path = CPTMutableTextStyle.h; sourceTree = "<group>"; };
		5A57429D13DED37600294D1A /* CPTNumericData+TypeConversion.h */ = {isa = PBXFileReference; fileEncoding = 4; lastKnownFileType = sourcecode.c.h; path = "CPTNumericData+TypeConversion.h"; sourceTree = "<group>"; };
		5A57429E13DED37600294D1A /* CPTNumericData.h */ = {isa = PBXFileReference; fileEncoding = 4; lastKnownFileType = sourcecode.c.h; path = CPTNumericData.h; sourceTree = "<group>"; };
		5A57429F13DED37600294D1A /* CPTNumericDataType.h */ = {isa = PBXFileReference; fileEncoding = 4; lastKnownFileType = sourcecode.c.h; path = CPTNumericDataType.h; sourceTree = "<group>"; };
		5A5742A013DED37600294D1A /* CPTPathExtensions.h */ = {isa = PBXFileReference; fileEncoding = 4; lastKnownFileType = sourcecode.c.h; path = CPTPathExtensions.h; sourceTree = "<group>"; };
		5A5742A113DED37600294D1A /* CPTPieChart.h */ = {isa = PBXFileReference; fileEncoding = 4; lastKnownFileType = sourcecode.c.h; path = CPTPieChart.h; sourceTree = "<group>"; };
		5A5742A213DED37600294D1A /* CPTPlainBlackTheme.h */ = {isa = PBXFileReference; fileEncoding = 4; lastKnownFileType = sourcecode.c.h; path = CPTPlainBlackTheme.h; sourceTree = "<group>"; };
		5A5742A313DED37600294D1A /* CPTPlainWhiteTheme.h */ = {isa = PBXFileReference; fileEncoding = 4; lastKnownFileType = sourcecode.c.h; path = CPTPlainWhiteTheme.h; sourceTree = "<group>"; };
		5A5742A413DED37600294D1A /* CPTPlatformSpecificCategories.h */ = {isa = PBXFileReference; fileEncoding = 4; lastKnownFileType = sourcecode.c.h; path = CPTPlatformSpecificCategories.h; sourceTree = "<group>"; };
		5A5742A513DED37600294D1A /* CPTPlatformSpecificDefines.h */ = {isa = PBXFileReference; fileEncoding = 4; lastKnownFileType = sourcecode.c.h; path = CPTPlatformSpecificDefines.h; sourceTree = "<group>"; };
		5A5742A613DED37600294D1A /* CPTPlatformSpecificFunctions.h */ = {isa = PBXFileReference; fileEncoding = 4; lastKnownFileType = sourcecode.c.h; path = CPTPlatformSpecificFunctions.h; sourceTree = "<group>"; };
		5A5742A713DED37600294D1A /* CPTPlot.h */ = {isa = PBXFileReference; fileEncoding = 4; lastKnownFileType = sourcecode.c.h; path = CPTPlot.h; sourceTree = "<group>"; };
		5A5742A813DED37600294D1A /* CPTPlotArea.h */ = {isa = PBXFileReference; fileEncoding = 4; lastKnownFileType = sourcecode.c.h; path = CPTPlotArea.h; sourceTree = "<group>"; };
		5A5742A913DED37600294D1A /* CPTPlotAreaFrame.h */ = {isa = PBXFileReference; fileEncoding = 4; lastKnownFileType = sourcecode.c.h; path = CPTPlotAreaFrame.h; sourceTree = "<group>"; };
		5A5742AA13DED37600294D1A /* CPTPlotGroup.h */ = {isa = PBXFileReference; fileEncoding = 4; lastKnownFileType = sourcecode.c.h; path = CPTPlotGroup.h; sourceTree = "<group>"; };
		5A5742AB13DED37600294D1A /* CPTPlotRange.h */ = {isa = PBXFileReference; fileEncoding = 4; lastKnownFileType = sourcecode.c.h; path = CPTPlotRange.h; sourceTree = "<group>"; };
		5A5742AC13DED37600294D1A /* CPTPlotSpace.h */ = {isa = PBXFileReference; fileEncoding = 4; lastKnownFileType = sourcecode.c.h; path = CPTPlotSpace.h; sourceTree = "<group>"; };
		5A5742AD13DED37600294D1A /* CPTPlotSpaceAnnotation.h */ = {isa = PBXFileReference; fileEncoding = 4; lastKnownFileType = sourcecode.c.h; path = CPTPlotSpaceAnnotation.h; sourceTree = "<group>"; };
		5A5742AE13DED37600294D1A /* CPTPlotSymbol.h */ = {isa = PBXFileReference; fileEncoding = 4; lastKnownFileType = sourcecode.c.h; path = CPTPlotSymbol.h; sourceTree = "<group>"; };
		5A5742AF13DED37600294D1A /* CPTPolarPlotSpace.h */ = {isa = PBXFileReference; fileEncoding = 4; lastKnownFileType = sourcecode.c.h; path = CPTPolarPlotSpace.h; sourceTree = "<group>"; };
		5A5742B013DED37600294D1A /* CPTRangePlot.h */ = {isa = PBXFileReference; fileEncoding = 4; lastKnownFileType = sourcecode.c.h; path = CPTRangePlot.h; sourceTree = "<group>"; };
		5A5742B113DED37600294D1A /* CPTResponder.h */ = {isa = PBXFileReference; fileEncoding = 4; lastKnownFileType = sourcecode.c.h; path = CPTResponder.h; sourceTree = "<group>"; };
		5A5742B213DED37600294D1A /* CPTScatterPlot.h */ = {isa = PBXFileReference; fileEncoding = 4; lastKnownFileType = sourcecode.c.h; path = CPTScatterPlot.h; sourceTree = "<group>"; };
		5A5742B313DED37600294D1A /* CPTSlateTheme.h */ = {isa = PBXFileReference; fileEncoding = 4; lastKnownFileType = sourcecode.c.h; path = CPTSlateTheme.h; sourceTree = "<group>"; };
		5A5742B413DED37600294D1A /* CPTStocksTheme.h */ = {isa = PBXFileReference; fileEncoding = 4; lastKnownFileType = sourcecode.c.h; path = CPTStocksTheme.h; sourceTree = "<group>"; };
		5A5742B513DED37600294D1A /* CPTTextLayer.h */ = {isa = PBXFileReference; fileEncoding = 4; lastKnownFileType = sourcecode.c.h; path = CPTTextLayer.h; sourceTree = "<group>"; };
		5A5742B613DED37600294D1A /* CPTTextStyle.h */ = {isa = PBXFileReference; fileEncoding = 4; lastKnownFileType = sourcecode.c.h; path = CPTTextStyle.h; sourceTree = "<group>"; };
		5A5742B713DED37600294D1A /* CPTTheme.h */ = {isa = PBXFileReference; fileEncoding = 4; lastKnownFileType = sourcecode.c.h; path = CPTTheme.h; sourceTree = "<group>"; };
		5A5742B813DED37600294D1A /* CPTTimeFormatter.h */ = {isa = PBXFileReference; fileEncoding = 4; lastKnownFileType = sourcecode.c.h; path = CPTTimeFormatter.h; sourceTree = "<group>"; };
		5A5742B913DED37600294D1A /* CPTTradingRangePlot.h */ = {isa = PBXFileReference; fileEncoding = 4; lastKnownFileType = sourcecode.c.h; path = CPTTradingRangePlot.h; sourceTree = "<group>"; };
		5A5742BA13DED37600294D1A /* CPTUtilities.h */ = {isa = PBXFileReference; fileEncoding = 4; lastKnownFileType = sourcecode.c.h; path = CPTUtilities.h; sourceTree = "<group>"; };
		5A5742BB13DED37600294D1A /* CPTXYAxis.h */ = {isa = PBXFileReference; fileEncoding = 4; lastKnownFileType = sourcecode.c.h; path = CPTXYAxis.h; sourceTree = "<group>"; };
		5A5742BC13DED37600294D1A /* CPTXYAxisSet.h */ = {isa = PBXFileReference; fileEncoding = 4; lastKnownFileType = sourcecode.c.h; path = CPTXYAxisSet.h; sourceTree = "<group>"; };
		5A5742BD13DED37600294D1A /* CPTXYGraph.h */ = {isa = PBXFileReference; fileEncoding = 4; lastKnownFileType = sourcecode.c.h; path = CPTXYGraph.h; sourceTree = "<group>"; };
		5A5742BE13DED37600294D1A /* CPTXYPlotSpace.h */ = {isa = PBXFileReference; fileEncoding = 4; lastKnownFileType = sourcecode.c.h; path = CPTXYPlotSpace.h; sourceTree = "<group>"; };
		5A5742BF13DED37600294D1A /* CPTXYTheme.h */ = {isa = PBXFileReference; fileEncoding = 4; lastKnownFileType = sourcecode.c.h; path = CPTXYTheme.h; sourceTree = "<group>"; };
		5A5742C013DED37600294D1A /* NSDecimalNumberExtensions.h */ = {isa = PBXFileReference; fileEncoding = 4; lastKnownFileType = sourcecode.c.h; path = NSDecimalNumberExtensions.h; sourceTree = "<group>"; };
		5A5742C113DED37600294D1A /* NSNumberExtensions.h */ = {isa = PBXFileReference; fileEncoding = 4; lastKnownFileType = sourcecode.c.h; path = NSNumberExtensions.h; sourceTree = "<group>"; };
		5A5742C213DED37600294D1A /* libCorePlot-CocoaTouch.a */ = {isa = PBXFileReference; lastKnownFileType = archive.ar; name = "libCorePlot-CocoaTouch.a"; path = "Capio/libCorePlot-CocoaTouch.a"; sourceTree = "<group>"; };
		5A5742C913DEE17700294D1A /* AppConfigController.h */ = {isa = PBXFileReference; fileEncoding = 4; lastKnownFileType = sourcecode.c.h; path = AppConfigController.h; sourceTree = "<group>"; };
		5A5742CA13DEE17700294D1A /* AppConfigController.m */ = {isa = PBXFileReference; fileEncoding = 4; lastKnownFileType = sourcecode.c.objc; path = AppConfigController.m; sourceTree = "<group>"; };
		5A5742CB13DEE17700294D1A /* AppConfig.xib */ = {isa = PBXFileReference; fileEncoding = 4; lastKnownFileType = file.xib; path = AppConfig.xib; sourceTree = "<group>"; };
		5A66A31813BF3B6000DB7161 /* dropdown_button.png */ = {isa = PBXFileReference; lastKnownFileType = image.png; path = dropdown_button.png; sourceTree = "<group>"; };
		5A66A31B13BF3C3600DB7161 /* dropdown_button_pressed.png */ = {isa = PBXFileReference; lastKnownFileType = image.png; path = dropdown_button_pressed.png; sourceTree = "<group>"; };
		5A67A26D13BCB82D002BDCAA /* AppOverview.h */ = {isa = PBXFileReference; fileEncoding = 4; lastKnownFileType = sourcecode.c.h; path = AppOverview.h; sourceTree = "<group>"; };
		5A67A26E13BCB82D002BDCAA /* AppOverview.m */ = {isa = PBXFileReference; fileEncoding = 4; lastKnownFileType = sourcecode.c.objc; path = AppOverview.m; sourceTree = "<group>"; };
		5A67A27813BCCEDC002BDCAA /* DatePopupController.h */ = {isa = PBXFileReference; fileEncoding = 4; lastKnownFileType = sourcecode.c.h; path = DatePopupController.h; sourceTree = "<group>"; };
		5A67A27913BCCEDC002BDCAA /* DatePopupController.m */ = {isa = PBXFileReference; fileEncoding = 4; lastKnownFileType = sourcecode.c.objc; path = DatePopupController.m; sourceTree = "<group>"; };
		5A67A27A13BCCEDC002BDCAA /* DatePopup.xib */ = {isa = PBXFileReference; fileEncoding = 4; lastKnownFileType = file.xib; path = DatePopup.xib; sourceTree = "<group>"; };
		5A843E2E13C2049A00289E51 /* red_rag.png */ = {isa = PBXFileReference; lastKnownFileType = image.png; path = red_rag.png; sourceTree = "<group>"; };
		5A843E3113C2096F00289E51 /* amber_rag.png */ = {isa = PBXFileReference; lastKnownFileType = image.png; path = amber_rag.png; sourceTree = "<group>"; };
		5A886EDA13C33E8F003E06FA /* button1_pressed.png */ = {isa = PBXFileReference; lastKnownFileType = image.png; path = button1_pressed.png; sourceTree = "<group>"; };
		5A886EDB13C33E8F003E06FA /* button1.png */ = {isa = PBXFileReference; lastKnownFileType = image.png; path = button1.png; sourceTree = "<group>"; };
		5A9DC74813CC5F5A00D67F65 /* DataStore.h */ = {isa = PBXFileReference; fileEncoding = 4; lastKnownFileType = sourcecode.c.h; path = DataStore.h; sourceTree = "<group>"; };
		5A9DC74913CC5F5A00D67F65 /* DataStore.m */ = {isa = PBXFileReference; fileEncoding = 4; lastKnownFileType = sourcecode.c.objc; path = DataStore.m; sourceTree = "<group>"; };
		5A9DC74B13CC9CA300D67F65 /* Tuple.h */ = {isa = PBXFileReference; fileEncoding = 4; lastKnownFileType = sourcecode.c.h; path = Tuple.h; sourceTree = "<group>"; };
		5A9DC74C13CC9CA300D67F65 /* Tuple.m */ = {isa = PBXFileReference; fileEncoding = 4; lastKnownFileType = sourcecode.c.objc; path = Tuple.m; sourceTree = "<group>"; };
		5AA4D7DC13BB52080029B616 /* Capio.app */ = {isa = PBXFileReference; explicitFileType = wrapper.application; includeInIndex = 0; path = Capio.app; sourceTree = BUILT_PRODUCTS_DIR; };
		5AA4D7E013BB52080029B616 /* UIKit.framework */ = {isa = PBXFileReference; lastKnownFileType = wrapper.framework; name = UIKit.framework; path = System/Library/Frameworks/UIKit.framework; sourceTree = SDKROOT; };
		5AA4D7E213BB52080029B616 /* Foundation.framework */ = {isa = PBXFileReference; lastKnownFileType = wrapper.framework; name = Foundation.framework; path = System/Library/Frameworks/Foundation.framework; sourceTree = SDKROOT; };
		5AA4D7E413BB52080029B616 /* CoreGraphics.framework */ = {isa = PBXFileReference; lastKnownFileType = wrapper.framework; name = CoreGraphics.framework; path = System/Library/Frameworks/CoreGraphics.framework; sourceTree = SDKROOT; };
		5AA4D7E813BB52080029B616 /* Capio-Info.plist */ = {isa = PBXFileReference; lastKnownFileType = text.plist.xml; path = "Capio-Info.plist"; sourceTree = "<group>"; };
		5AA4D7EA13BB52080029B616 /* en */ = {isa = PBXFileReference; lastKnownFileType = text.plist.strings; name = en; path = en.lproj/InfoPlist.strings; sourceTree = "<group>"; };
		5AA4D7EC13BB52080029B616 /* main.m */ = {isa = PBXFileReference; lastKnownFileType = sourcecode.c.objc; path = main.m; sourceTree = "<group>"; };
		5AA4D7EE13BB52080029B616 /* Capio-Prefix.pch */ = {isa = PBXFileReference; lastKnownFileType = sourcecode.c.h; path = "Capio-Prefix.pch"; sourceTree = "<group>"; };
		5AA4D7EF13BB52080029B616 /* CapioAppDelegate.h */ = {isa = PBXFileReference; lastKnownFileType = sourcecode.c.h; path = CapioAppDelegate.h; sourceTree = "<group>"; };
		5AA4D7F013BB52080029B616 /* CapioAppDelegate.m */ = {isa = PBXFileReference; lastKnownFileType = sourcecode.c.objc; path = CapioAppDelegate.m; sourceTree = "<group>"; };
		5AA4D80A13BB52080029B616 /* CapioTests.octest */ = {isa = PBXFileReference; explicitFileType = wrapper.cfbundle; includeInIndex = 0; path = CapioTests.octest; sourceTree = BUILT_PRODUCTS_DIR; };
		5AA4D80B13BB52080029B616 /* SenTestingKit.framework */ = {isa = PBXFileReference; lastKnownFileType = wrapper.framework; name = SenTestingKit.framework; path = Library/Frameworks/SenTestingKit.framework; sourceTree = DEVELOPER_DIR; };
		5AA4D81413BB52080029B616 /* CapioTests-Info.plist */ = {isa = PBXFileReference; lastKnownFileType = text.plist.xml; path = "CapioTests-Info.plist"; sourceTree = "<group>"; };
		5AA4D81613BB52080029B616 /* en */ = {isa = PBXFileReference; lastKnownFileType = text.plist.strings; name = en; path = en.lproj/InfoPlist.strings; sourceTree = "<group>"; };
		5AA4D81813BB52080029B616 /* CapioTests.h */ = {isa = PBXFileReference; lastKnownFileType = sourcecode.c.h; path = CapioTests.h; sourceTree = "<group>"; };
		5AA4D81A13BB52080029B616 /* CapioTests.m */ = {isa = PBXFileReference; lastKnownFileType = sourcecode.c.objc; path = CapioTests.m; sourceTree = "<group>"; };
		5AB26AB413C5B44900AC5B87 /* TimelineController.h */ = {isa = PBXFileReference; fileEncoding = 4; lastKnownFileType = sourcecode.c.h; path = TimelineController.h; sourceTree = "<group>"; };
		5AB26AB513C5B44900AC5B87 /* TimelineController.m */ = {isa = PBXFileReference; fileEncoding = 4; lastKnownFileType = sourcecode.c.objc; path = TimelineController.m; sourceTree = "<group>"; };
		5AB26AB613C5B44900AC5B87 /* Timeline.xib */ = {isa = PBXFileReference; fileEncoding = 4; lastKnownFileType = file.xib; path = Timeline.xib; sourceTree = "<group>"; };
		5ABC805E13BC5BA000468868 /* MainWindow.xib */ = {isa = PBXFileReference; fileEncoding = 4; lastKnownFileType = file.xib; name = MainWindow.xib; path = ../MainWindow.xib; sourceTree = "<group>"; };
		5AD5B6A713BC6CA10083D454 /* SecondViewController.h */ = {isa = PBXFileReference; fileEncoding = 4; lastKnownFileType = sourcecode.c.h; path = SecondViewController.h; sourceTree = "<group>"; };
		5AD5B6A813BC6CA10083D454 /* SecondViewController.m */ = {isa = PBXFileReference; fileEncoding = 4; lastKnownFileType = sourcecode.c.objc; path = SecondViewController.m; sourceTree = "<group>"; };
		5AD5B6A913BC6CA10083D454 /* SecondViewController.xib */ = {isa = PBXFileReference; fileEncoding = 4; lastKnownFileType = file.xib; path = SecondViewController.xib; sourceTree = "<group>"; };
		5AD615CF13BB6D4E00F9CA45 /* AppListController.h */ = {isa = PBXFileReference; fileEncoding = 4; lastKnownFileType = sourcecode.c.h; path = AppListController.h; sourceTree = "<group>"; };
		5AD615D013BB6D4E00F9CA45 /* AppListController.m */ = {isa = PBXFileReference; fileEncoding = 4; lastKnownFileType = sourcecode.c.objc; path = AppListController.m; sourceTree = "<group>"; };
		5AD615D113BB6D4E00F9CA45 /* AppList.xib */ = {isa = PBXFileReference; fileEncoding = 4; lastKnownFileType = file.xib; path = AppList.xib; sourceTree = "<group>"; };
		5AD615D413BB703800F9CA45 /* AppOverviewController.h */ = {isa = PBXFileReference; fileEncoding = 4; lastKnownFileType = sourcecode.c.h; path = AppOverviewController.h; sourceTree = "<group>"; };
		5AD615D513BB703800F9CA45 /* AppOverviewController.m */ = {isa = PBXFileReference; fileEncoding = 4; lastKnownFileType = sourcecode.c.objc; path = AppOverviewController.m; sourceTree = "<group>"; };
		5AD615D613BB703800F9CA45 /* AppOverview.xib */ = {isa = PBXFileReference; fileEncoding = 4; lastKnownFileType = file.xib; path = AppOverview.xib; sourceTree = "<group>"; };
		5AD615DE13BB81F200F9CA45 /* MGSplitCornersView.h */ = {isa = PBXFileReference; fileEncoding = 4; lastKnownFileType = sourcecode.c.h; path = MGSplitCornersView.h; sourceTree = "<group>"; };
		5AD615DF13BB81F200F9CA45 /* MGSplitCornersView.m */ = {isa = PBXFileReference; fileEncoding = 4; lastKnownFileType = sourcecode.c.objc; path = MGSplitCornersView.m; sourceTree = "<group>"; };
		5AD615E013BB81F200F9CA45 /* MGSplitDividerView.h */ = {isa = PBXFileReference; fileEncoding = 4; lastKnownFileType = sourcecode.c.h; path = MGSplitDividerView.h; sourceTree = "<group>"; };
		5AD615E113BB81F200F9CA45 /* MGSplitDividerView.m */ = {isa = PBXFileReference; fileEncoding = 4; lastKnownFileType = sourcecode.c.objc; path = MGSplitDividerView.m; sourceTree = "<group>"; };
		5AD615E213BB81F200F9CA45 /* MGSplitViewController.h */ = {isa = PBXFileReference; fileEncoding = 4; lastKnownFileType = sourcecode.c.h; path = MGSplitViewController.h; sourceTree = "<group>"; };
		5AD615E313BB81F200F9CA45 /* MGSplitViewController.m */ = {isa = PBXFileReference; fileEncoding = 4; lastKnownFileType = sourcecode.c.objc; path = MGSplitViewController.m; sourceTree = "<group>"; };
		5ADF8CBD13DEE6BA00023BA8 /* app_config.png */ = {isa = PBXFileReference; lastKnownFileType = image.png; path = app_config.png; sourceTree = "<group>"; };
		5ADF8CC013DEE7E200023BA8 /* AppConnectionsController.h */ = {isa = PBXFileReference; fileEncoding = 4; lastKnownFileType = sourcecode.c.h; path = AppConnectionsController.h; sourceTree = "<group>"; };
		5ADF8CC113DEE7E200023BA8 /* AppConnectionsController.m */ = {isa = PBXFileReference; fileEncoding = 4; lastKnownFileType = sourcecode.c.objc; path = AppConnectionsController.m; sourceTree = "<group>"; };
		5ADF8CC213DEE7E200023BA8 /* AppConnections.xib */ = {isa = PBXFileReference; fileEncoding = 4; lastKnownFileType = file.xib; path = AppConnections.xib; sourceTree = "<group>"; };
		5ADF8CC513DEE87800023BA8 /* app_connections.png */ = {isa = PBXFileReference; lastKnownFileType = image.png; path = app_connections.png; sourceTree = "<group>"; };
		5AF74AD413C1EC9F00DF0794 /* AppListCell.h */ = {isa = PBXFileReference; fileEncoding = 4; lastKnownFileType = sourcecode.c.h; path = AppListCell.h; sourceTree = "<group>"; };
		5AF74AD513C1EC9F00DF0794 /* AppListCell.m */ = {isa = PBXFileReference; fileEncoding = 4; lastKnownFileType = sourcecode.c.objc; path = AppListCell.m; sourceTree = "<group>"; };
		5AF74AD613C1EC9F00DF0794 /* AppListCell.xib */ = {isa = PBXFileReference; fileEncoding = 4; lastKnownFileType = file.xib; path = AppListCell.xib; sourceTree = "<group>"; };
/* End PBXFileReference section */

/* Begin PBXFrameworksBuildPhase section */
		5AA4D7D913BB52080029B616 /* Frameworks */ = {
			isa = PBXFrameworksBuildPhase;
			buildActionMask = 2147483647;
			files = (
				5A26ECC613C7137500533B5D /* QuartzCore.framework in Frameworks */,
				5AA4D7E113BB52080029B616 /* UIKit.framework in Frameworks */,
				5AA4D7E313BB52080029B616 /* Foundation.framework in Frameworks */,
				5AA4D7E513BB52080029B616 /* CoreGraphics.framework in Frameworks */,
				5A5742C313DED37600294D1A /* libCorePlot-CocoaTouch.a in Frameworks */,
			);
			runOnlyForDeploymentPostprocessing = 0;
		};
		5AA4D80613BB52080029B616 /* Frameworks */ = {
			isa = PBXFrameworksBuildPhase;
			buildActionMask = 2147483647;
			files = (
				5AA4D80C13BB52080029B616 /* SenTestingKit.framework in Frameworks */,
				5AA4D80D13BB52080029B616 /* UIKit.framework in Frameworks */,
				5AA4D80E13BB52080029B616 /* Foundation.framework in Frameworks */,
				5AA4D80F13BB52080029B616 /* CoreGraphics.framework in Frameworks */,
			);
			runOnlyForDeploymentPostprocessing = 0;
		};
/* End PBXFrameworksBuildPhase section */

/* Begin PBXGroup section */
		5A15955513BB54700007B60F /* Resources */ = {
			isa = PBXGroup;
			children = (
				5A32466213E0358800AE1937 /* gear.png */,
				5A32464613DEED9E00AE1937 /* button2_pressed.png */,
				5A32464713DEED9E00AE1937 /* button2.png */,
				5ADF8CC513DEE87800023BA8 /* app_connections.png */,
				5ADF8CBD13DEE6BA00023BA8 /* app_config.png */,
				5A4B5E5F13D5D1DE006E1C9E /* metrics.png */,
				5A4B5E5313D5CC35006E1C9E /* response_workloads.png */,
				5A32A12813D4912900AC7CB3 /* testdata.json */,
				5A886EDA13C33E8F003E06FA /* button1_pressed.png */,
				5A886EDB13C33E8F003E06FA /* button1.png */,
				5A66A31813BF3B6000DB7161 /* dropdown_button.png */,
				5A66A31B13BF3C3600DB7161 /* dropdown_button_pressed.png */,
				5ABC805E13BC5BA000468868 /* MainWindow.xib */,
				5A15955613BB54700007B60F /* info.png */,
				5A15955713BB54700007B60F /* planning.png */,
				5A15955813BB54700007B60F /* sizing.png */,
				5A843E2E13C2049A00289E51 /* red_rag.png */,
				5A843E3113C2096F00289E51 /* amber_rag.png */,
			);
			path = Resources;
			sourceTree = "<group>";
		};
		5A32465413E022C000AE1937 /* BonjourSupport */ = {
			isa = PBXGroup;
			children = (
				5A32465513E022C000AE1937 /* BonjourBrowser.h */,
				5A32465613E022C000AE1937 /* BonjourBrowser.m */,
				5A32465713E022C000AE1937 /* BrowserViewController.h */,
				5A32465813E022C000AE1937 /* BrowserViewController.m */,
				5A32465913E022C000AE1937 /* DomainViewController.h */,
				5A32465A13E022C000AE1937 /* DomainViewController.m */,
				5A32465B13E022C000AE1937 /* SimpleEditViewController.h */,
				5A32465C13E022C000AE1937 /* SimpleEditViewController.m */,
			);
			path = BonjourSupport;
			sourceTree = "<group>";
		};
		5A32466913E03B9E00AE1937 /* Main Views */ = {
			isa = PBXGroup;
			children = (
				5AD5B6A713BC6CA10083D454 /* SecondViewController.h */,
				5AD5B6A813BC6CA10083D454 /* SecondViewController.m */,
				5AD5B6A913BC6CA10083D454 /* SecondViewController.xib */,
				5A32466413E03B8300AE1937 /* ConfigViewController.h */,
				5A32466513E03B8300AE1937 /* ConfigViewController.m */,
				5A32466613E03B8300AE1937 /* ConfigView.xib */,
			);
			name = "Main Views";
			sourceTree = "<group>";
		};
		5A57427713DED37600294D1A /* CorePlotHeaders */ = {
			isa = PBXGroup;
			children = (
				5A57427813DED37600294D1A /* _CPTFillColor.h */,
				5A57427913DED37600294D1A /* _CPTFillGradient.h */,
				5A57427A13DED37600294D1A /* _CPTFillImage.h */,
				5A57427B13DED37600294D1A /* CorePlot-CocoaTouch.h */,
				5A57427C13DED37600294D1A /* CPTAnnotation.h */,
				5A57427D13DED37600294D1A /* CPTAnnotationHostLayer.h */,
				5A57427E13DED37600294D1A /* CPTAxis.h */,
				5A57427F13DED37600294D1A /* CPTAxisLabel.h */,
				5A57428013DED37600294D1A /* CPTAxisLabelGroup.h */,
				5A57428113DED37600294D1A /* CPTAxisSet.h */,
				5A57428213DED37600294D1A /* CPTAxisTitle.h */,
				5A57428313DED37600294D1A /* CPTBarPlot.h */,
				5A57428413DED37600294D1A /* CPTBorderedLayer.h */,
				5A57428513DED37600294D1A /* CPTColor.h */,
				5A57428613DED37600294D1A /* CPTColorSpace.h */,
				5A57428713DED37600294D1A /* CPTConstrainedPosition.h */,
				5A57428813DED37600294D1A /* CPTDarkGradientTheme.h */,
				5A57428913DED37600294D1A /* CPTDefinitions.h */,
				5A57428A13DED37600294D1A /* CPTExceptions.h */,
				5A57428B13DED37600294D1A /* CPTFill.h */,
				5A57428C13DED37600294D1A /* CPTGradient.h */,
				5A57428D13DED37600294D1A /* CPTGraph.h */,
				5A57428E13DED37600294D1A /* CPTGraphHostingView.h */,
				5A57428F13DED37600294D1A /* CPTGridLineGroup.h */,
				5A57429013DED37600294D1A /* CPTGridLines.h */,
				5A57429113DED37600294D1A /* CPTImage.h */,
				5A57429213DED37600294D1A /* CPTLayer.h */,
				5A57429313DED37600294D1A /* CPTLayerAnnotation.h */,
				5A57429413DED37600294D1A /* CPTLayoutManager.h */,
				5A57429513DED37600294D1A /* CPTLegend.h */,
				5A57429613DED37600294D1A /* CPTLegendEntry.h */,
				5A57429713DED37600294D1A /* CPTLimitBand.h */,
				5A57429813DED37600294D1A /* CPTLineStyle.h */,
				5A57429913DED37600294D1A /* CPTMutableLineStyle.h */,
				5A57429A13DED37600294D1A /* CPTMutableNumericData+TypeConversion.h */,
				5A57429B13DED37600294D1A /* CPTMutableNumericData.h */,
				5A57429C13DED37600294D1A /* CPTMutableTextStyle.h */,
				5A57429D13DED37600294D1A /* CPTNumericData+TypeConversion.h */,
				5A57429E13DED37600294D1A /* CPTNumericData.h */,
				5A57429F13DED37600294D1A /* CPTNumericDataType.h */,
				5A5742A013DED37600294D1A /* CPTPathExtensions.h */,
				5A5742A113DED37600294D1A /* CPTPieChart.h */,
				5A5742A213DED37600294D1A /* CPTPlainBlackTheme.h */,
				5A5742A313DED37600294D1A /* CPTPlainWhiteTheme.h */,
				5A5742A413DED37600294D1A /* CPTPlatformSpecificCategories.h */,
				5A5742A513DED37600294D1A /* CPTPlatformSpecificDefines.h */,
				5A5742A613DED37600294D1A /* CPTPlatformSpecificFunctions.h */,
				5A5742A713DED37600294D1A /* CPTPlot.h */,
				5A5742A813DED37600294D1A /* CPTPlotArea.h */,
				5A5742A913DED37600294D1A /* CPTPlotAreaFrame.h */,
				5A5742AA13DED37600294D1A /* CPTPlotGroup.h */,
				5A5742AB13DED37600294D1A /* CPTPlotRange.h */,
				5A5742AC13DED37600294D1A /* CPTPlotSpace.h */,
				5A5742AD13DED37600294D1A /* CPTPlotSpaceAnnotation.h */,
				5A5742AE13DED37600294D1A /* CPTPlotSymbol.h */,
				5A5742AF13DED37600294D1A /* CPTPolarPlotSpace.h */,
				5A5742B013DED37600294D1A /* CPTRangePlot.h */,
				5A5742B113DED37600294D1A /* CPTResponder.h */,
				5A5742B213DED37600294D1A /* CPTScatterPlot.h */,
				5A5742B313DED37600294D1A /* CPTSlateTheme.h */,
				5A5742B413DED37600294D1A /* CPTStocksTheme.h */,
				5A5742B513DED37600294D1A /* CPTTextLayer.h */,
				5A5742B613DED37600294D1A /* CPTTextStyle.h */,
				5A5742B713DED37600294D1A /* CPTTheme.h */,
				5A5742B813DED37600294D1A /* CPTTimeFormatter.h */,
				5A5742B913DED37600294D1A /* CPTTradingRangePlot.h */,
				5A5742BA13DED37600294D1A /* CPTUtilities.h */,
				5A5742BB13DED37600294D1A /* CPTXYAxis.h */,
				5A5742BC13DED37600294D1A /* CPTXYAxisSet.h */,
				5A5742BD13DED37600294D1A /* CPTXYGraph.h */,
				5A5742BE13DED37600294D1A /* CPTXYPlotSpace.h */,
				5A5742BF13DED37600294D1A /* CPTXYTheme.h */,
				5A5742C013DED37600294D1A /* NSDecimalNumberExtensions.h */,
				5A5742C113DED37600294D1A /* NSNumberExtensions.h */,
			);
			name = CorePlotHeaders;
			path = Capio/CorePlotHeaders;
			sourceTree = "<group>";
		};
		5A67A26B13BCB803002BDCAA /* Model */ = {
			isa = PBXGroup;
			children = (
				5A67A26D13BCB82D002BDCAA /* AppOverview.h */,
				5A67A26E13BCB82D002BDCAA /* AppOverview.m */,
				5A9DC74813CC5F5A00D67F65 /* DataStore.h */,
				5A9DC74913CC5F5A00D67F65 /* DataStore.m */,
				5A9DC74B13CC9CA300D67F65 /* Tuple.h */,
				5A9DC74C13CC9CA300D67F65 /* Tuple.m */,
				5A32466E13E0537900AE1937 /* Constants.h */,
				5A32466F13E0537900AE1937 /* Constants.m */,
			);
			name = Model;
			sourceTree = "<group>";
		};
		5AA4D7D113BB52080029B616 = {
			isa = PBXGroup;
			children = (
				5AA4D7E613BB52080029B616 /* Capio */,
				5A32465413E022C000AE1937 /* BonjourSupport */,
				5A57427713DED37600294D1A /* CorePlotHeaders */,
				5A5742C213DED37600294D1A /* libCorePlot-CocoaTouch.a */,
				5A26ECC513C7137500533B5D /* QuartzCore.framework */,
				5AD615E713BB820100F9CA45 /* MGSplitViewController */,
				5AA4D81213BB52080029B616 /* CapioTests */,
				5AA4D7DF13BB52080029B616 /* Frameworks */,
				5AA4D7DD13BB52080029B616 /* Products */,
			);
			sourceTree = "<group>";
		};
		5AA4D7DD13BB52080029B616 /* Products */ = {
			isa = PBXGroup;
			children = (
				5AA4D7DC13BB52080029B616 /* Capio.app */,
				5AA4D80A13BB52080029B616 /* CapioTests.octest */,
			);
			name = Products;
			sourceTree = "<group>";
		};
		5AA4D7DF13BB52080029B616 /* Frameworks */ = {
			isa = PBXGroup;
			children = (
				5AA4D7E013BB52080029B616 /* UIKit.framework */,
				5AA4D7E213BB52080029B616 /* Foundation.framework */,
				5AA4D7E413BB52080029B616 /* CoreGraphics.framework */,
				5AA4D80B13BB52080029B616 /* SenTestingKit.framework */,
			);
			name = Frameworks;
			sourceTree = "<group>";
		};
		5AA4D7E613BB52080029B616 /* Capio */ = {
			isa = PBXGroup;
			children = (
				5AA4D7EF13BB52080029B616 /* CapioAppDelegate.h */,
				5AA4D7F013BB52080029B616 /* CapioAppDelegate.m */,
				5A67A26B13BCB803002BDCAA /* Model */,
				5A32466913E03B9E00AE1937 /* Main Views */,
				5AD615CD13BB5F1E00F9CA45 /* ViewControllers */,
				5A15955513BB54700007B60F /* Resources */,
				5AA4D7E713BB52080029B616 /* Supporting Files */,
			);
			path = Capio;
			sourceTree = "<group>";
		};
		5AA4D7E713BB52080029B616 /* Supporting Files */ = {
			isa = PBXGroup;
			children = (
				5AA4D7E813BB52080029B616 /* Capio-Info.plist */,
				5AA4D7E913BB52080029B616 /* InfoPlist.strings */,
				5AA4D7EC13BB52080029B616 /* main.m */,
				5AA4D7EE13BB52080029B616 /* Capio-Prefix.pch */,
			);
			name = "Supporting Files";
			sourceTree = "<group>";
		};
		5AA4D81213BB52080029B616 /* CapioTests */ = {
			isa = PBXGroup;
			children = (
				5AA4D81813BB52080029B616 /* CapioTests.h */,
				5AA4D81A13BB52080029B616 /* CapioTests.m */,
				5A32A12913D495CA00AC7CB3 /* DataStoreTest.h */,
				5A32A12A13D495CA00AC7CB3 /* DataStoreTest.m */,
				5AA4D81313BB52080029B616 /* Supporting Files */,
			);
			path = CapioTests;
			sourceTree = "<group>";
		};
		5AA4D81313BB52080029B616 /* Supporting Files */ = {
			isa = PBXGroup;
			children = (
				5AA4D81413BB52080029B616 /* CapioTests-Info.plist */,
				5AA4D81513BB52080029B616 /* InfoPlist.strings */,
			);
			name = "Supporting Files";
			sourceTree = "<group>";
		};
		5AB26AED13C5D14E00AC5B87 /* Accessory Controls */ = {
			isa = PBXGroup;
			children = (
				5A67A27813BCCEDC002BDCAA /* DatePopupController.h */,
				5A67A27913BCCEDC002BDCAA /* DatePopupController.m */,
				5A67A27A13BCCEDC002BDCAA /* DatePopup.xib */,
				5AF74AD413C1EC9F00DF0794 /* AppListCell.h */,
				5AF74AD513C1EC9F00DF0794 /* AppListCell.m */,
				5AF74AD613C1EC9F00DF0794 /* AppListCell.xib */,
			);
			name = "Accessory Controls";
			sourceTree = "<group>";
		};
		5AD615CD13BB5F1E00F9CA45 /* ViewControllers */ = {
			isa = PBXGroup;
			children = (
				5AD615CF13BB6D4E00F9CA45 /* AppListController.h */,
				5AD615D013BB6D4E00F9CA45 /* AppListController.m */,
				5AD615D113BB6D4E00F9CA45 /* AppList.xib */,
				5AD615D413BB703800F9CA45 /* AppOverviewController.h */,
				5AD615D513BB703800F9CA45 /* AppOverviewController.m */,
				5AD615D613BB703800F9CA45 /* AppOverview.xib */,
				5AB26AB413C5B44900AC5B87 /* TimelineController.h */,
				5AB26AB513C5B44900AC5B87 /* TimelineController.m */,
				5AB26AB613C5B44900AC5B87 /* Timeline.xib */,
				5A4B5E4713D561EC006E1C9E /* ServerOverviewController.h */,
				5A4B5E4813D561EC006E1C9E /* ServerOverviewController.m */,
				5A4B5E4913D561EC006E1C9E /* ServerOverview.xib */,
				5A4B5E5A13D5CD49006E1C9E /* MetricOverviewController.h */,
				5A4B5E5B13D5CD49006E1C9E /* MetricOverviewController.m */,
				5A4B5E5C13D5CD4A006E1C9E /* MetricOverview.xib */,
				5A5742C913DEE17700294D1A /* AppConfigController.h */,
				5A5742CA13DEE17700294D1A /* AppConfigController.m */,
				5A5742CB13DEE17700294D1A /* AppConfig.xib */,
				5ADF8CC013DEE7E200023BA8 /* AppConnectionsController.h */,
				5ADF8CC113DEE7E200023BA8 /* AppConnectionsController.m */,
				5ADF8CC213DEE7E200023BA8 /* AppConnections.xib */,
				5A32464B13DEF41D00AE1937 /* ServerConfigController.h */,
				5A32464C13DEF41D00AE1937 /* ServerConfigController.m */,
				5A32464D13DEF41D00AE1937 /* ServerConfig.xib */,
				5AB26AED13C5D14E00AC5B87 /* Accessory Controls */,
			);
			name = ViewControllers;
			sourceTree = "<group>";
		};
		5AD615E713BB820100F9CA45 /* MGSplitViewController */ = {
			isa = PBXGroup;
			children = (
				5AD615DE13BB81F200F9CA45 /* MGSplitCornersView.h */,
				5AD615DF13BB81F200F9CA45 /* MGSplitCornersView.m */,
				5AD615E013BB81F200F9CA45 /* MGSplitDividerView.h */,
				5AD615E113BB81F200F9CA45 /* MGSplitDividerView.m */,
				5AD615E213BB81F200F9CA45 /* MGSplitViewController.h */,
				5AD615E313BB81F200F9CA45 /* MGSplitViewController.m */,
			);
			name = MGSplitViewController;
			path = Capio;
			sourceTree = "<group>";
		};
/* End PBXGroup section */

/* Begin PBXNativeTarget section */
		5AA4D7DB13BB52080029B616 /* Capio */ = {
			isa = PBXNativeTarget;
			buildConfigurationList = 5AA4D81E13BB52080029B616 /* Build configuration list for PBXNativeTarget "Capio" */;
			buildPhases = (
				5AA4D7D813BB52080029B616 /* Sources */,
				5AA4D7D913BB52080029B616 /* Frameworks */,
				5AA4D7DA13BB52080029B616 /* Resources */,
			);
			buildRules = (
			);
			dependencies = (
			);
			name = Capio;
			productName = Capio;
			productReference = 5AA4D7DC13BB52080029B616 /* Capio.app */;
			productType = "com.apple.product-type.application";
		};
		5AA4D80913BB52080029B616 /* CapioTests */ = {
			isa = PBXNativeTarget;
			buildConfigurationList = 5AA4D82113BB52080029B616 /* Build configuration list for PBXNativeTarget "CapioTests" */;
			buildPhases = (
				5AA4D80513BB52080029B616 /* Sources */,
				5AA4D80613BB52080029B616 /* Frameworks */,
				5AA4D80713BB52080029B616 /* Resources */,
				5AA4D80813BB52080029B616 /* ShellScript */,
			);
			buildRules = (
			);
			dependencies = (
				5AA4D81113BB52080029B616 /* PBXTargetDependency */,
			);
			name = CapioTests;
			productName = CapioTests;
			productReference = 5AA4D80A13BB52080029B616 /* CapioTests.octest */;
			productType = "com.apple.product-type.bundle";
		};
/* End PBXNativeTarget section */

/* Begin PBXProject section */
		5AA4D7D313BB52080029B616 /* Project object */ = {
			isa = PBXProject;
			attributes = {
				LastUpgradeCheck = 0420;
				ORGANIZATIONNAME = "abstracture GmbH & Co. KG";
			};
			buildConfigurationList = 5AA4D7D613BB52080029B616 /* Build configuration list for PBXProject "Capio" */;
			compatibilityVersion = "Xcode 3.2";
			developmentRegion = English;
			hasScannedForEncodings = 0;
			knownRegions = (
				en,
			);
			mainGroup = 5AA4D7D113BB52080029B616;
			productRefGroup = 5AA4D7DD13BB52080029B616 /* Products */;
			projectDirPath = "";
			projectRoot = "";
			targets = (
				5AA4D7DB13BB52080029B616 /* Capio */,
				5AA4D80913BB52080029B616 /* CapioTests */,
			);
		};
/* End PBXProject section */

/* Begin PBXResourcesBuildPhase section */
		5AA4D7DA13BB52080029B616 /* Resources */ = {
			isa = PBXResourcesBuildPhase;
			buildActionMask = 2147483647;
			files = (
				5AA4D7EB13BB52080029B616 /* InfoPlist.strings in Resources */,
				5A15955913BB54700007B60F /* info.png in Resources */,
				5A15955A13BB54700007B60F /* planning.png in Resources */,
				5A15955B13BB54700007B60F /* sizing.png in Resources */,
				5AD615D313BB6D4E00F9CA45 /* AppList.xib in Resources */,
				5AD615D813BB703800F9CA45 /* AppOverview.xib in Resources */,
				5ABC806013BC5BA000468868 /* MainWindow.xib in Resources */,
				5AD5B6AB13BC6CA10083D454 /* SecondViewController.xib in Resources */,
				5A67A27C13BCCEDC002BDCAA /* DatePopup.xib in Resources */,
				5A66A31913BF3B6000DB7161 /* dropdown_button.png in Resources */,
				5A66A31C13BF3C3600DB7161 /* dropdown_button_pressed.png in Resources */,
				5AF74AD813C1EC9F00DF0794 /* AppListCell.xib in Resources */,
				5A843E2F13C2049A00289E51 /* red_rag.png in Resources */,
				5A843E3213C2096F00289E51 /* amber_rag.png in Resources */,
				5A886EDC13C33E8F003E06FA /* button1_pressed.png in Resources */,
				5A886EDD13C33E8F003E06FA /* button1.png in Resources */,
				5AB26AB813C5B44900AC5B87 /* Timeline.xib in Resources */,
				5A4B5E4B13D561EC006E1C9E /* ServerOverview.xib in Resources */,
				5A4B5E5413D5CC35006E1C9E /* response_workloads.png in Resources */,
				5A4B5E5E13D5CD4B006E1C9E /* MetricOverview.xib in Resources */,
				5A4B5E6013D5D1DE006E1C9E /* metrics.png in Resources */,
				5A5742CD13DEE17700294D1A /* AppConfig.xib in Resources */,
				5ADF8CBE13DEE6BA00023BA8 /* app_config.png in Resources */,
				5ADF8CC413DEE7E200023BA8 /* AppConnections.xib in Resources */,
				5ADF8CC613DEE87800023BA8 /* app_connections.png in Resources */,
				5A32464813DEED9E00AE1937 /* button2_pressed.png in Resources */,
				5A32464913DEED9E00AE1937 /* button2.png in Resources */,
				5A32464F13DEF41D00AE1937 /* ServerConfig.xib in Resources */,
				5A32466313E0358900AE1937 /* gear.png in Resources */,
				5A32466813E03B8300AE1937 /* ConfigView.xib in Resources */,
			);
			runOnlyForDeploymentPostprocessing = 0;
		};
		5AA4D80713BB52080029B616 /* Resources */ = {
			isa = PBXResourcesBuildPhase;
			buildActionMask = 2147483647;
			files = (
				5AA4D81713BB52080029B616 /* InfoPlist.strings in Resources */,
				5AA4D81913BB52080029B616 /* CapioTests.h in Resources */,
			);
			runOnlyForDeploymentPostprocessing = 0;
		};
/* End PBXResourcesBuildPhase section */

/* Begin PBXShellScriptBuildPhase section */
		5AA4D80813BB52080029B616 /* ShellScript */ = {
			isa = PBXShellScriptBuildPhase;
			buildActionMask = 2147483647;
			files = (
			);
			inputPaths = (
			);
			outputPaths = (
			);
			runOnlyForDeploymentPostprocessing = 0;
			shellPath = /bin/sh;
			shellScript = "# Run the unit tests in this test bundle.\n\"${SYSTEM_DEVELOPER_DIR}/Tools/RunUnitTests\"\n";
		};
/* End PBXShellScriptBuildPhase section */

/* Begin PBXSourcesBuildPhase section */
		5AA4D7D813BB52080029B616 /* Sources */ = {
			isa = PBXSourcesBuildPhase;
			buildActionMask = 2147483647;
			files = (
				5AA4D7ED13BB52080029B616 /* main.m in Sources */,
				5AA4D7F113BB52080029B616 /* CapioAppDelegate.m in Sources */,
				5AD615D213BB6D4E00F9CA45 /* AppListController.m in Sources */,
				5AD615D713BB703800F9CA45 /* AppOverviewController.m in Sources */,
				5AD615E413BB81F200F9CA45 /* MGSplitCornersView.m in Sources */,
				5AD615E513BB81F200F9CA45 /* MGSplitDividerView.m in Sources */,
				5AD615E613BB81F200F9CA45 /* MGSplitViewController.m in Sources */,
				5AD5B6AA13BC6CA10083D454 /* SecondViewController.m in Sources */,
				5A67A26F13BCB82D002BDCAA /* AppOverview.m in Sources */,
				5A67A27B13BCCEDC002BDCAA /* DatePopupController.m in Sources */,
				5AF74AD713C1EC9F00DF0794 /* AppListCell.m in Sources */,
				5AB26AB713C5B44900AC5B87 /* TimelineController.m in Sources */,
				5A9DC74A13CC5F5A00D67F65 /* DataStore.m in Sources */,
				5A9DC74D13CC9CA300D67F65 /* Tuple.m in Sources */,
				5A4B5E4A13D561EC006E1C9E /* ServerOverviewController.m in Sources */,
				5A4B5E5D13D5CD4B006E1C9E /* MetricOverviewController.m in Sources */,
				5A5742CC13DEE17700294D1A /* AppConfigController.m in Sources */,
				5ADF8CC313DEE7E200023BA8 /* AppConnectionsController.m in Sources */,
				5A32464E13DEF41D00AE1937 /* ServerConfigController.m in Sources */,
				5A32465D13E022C000AE1937 /* BonjourBrowser.m in Sources */,
				5A32465E13E022C000AE1937 /* BrowserViewController.m in Sources */,
				5A32465F13E022C000AE1937 /* DomainViewController.m in Sources */,
				5A32466013E022C000AE1937 /* SimpleEditViewController.m in Sources */,
				5A32466713E03B8300AE1937 /* ConfigViewController.m in Sources */,
				5A32467013E0537900AE1937 /* Constants.m in Sources */,
			);
			runOnlyForDeploymentPostprocessing = 0;
		};
		5AA4D80513BB52080029B616 /* Sources */ = {
			isa = PBXSourcesBuildPhase;
			buildActionMask = 2147483647;
			files = (
				5AA4D81B13BB52080029B616 /* CapioTests.m in Sources */,
				5A67A27013BCB82D002BDCAA /* AppOverview.m in Sources */,
				5A32A12B13D495CA00AC7CB3 /* DataStoreTest.m in Sources */,
			);
			runOnlyForDeploymentPostprocessing = 0;
		};
/* End PBXSourcesBuildPhase section */

/* Begin PBXTargetDependency section */
		5AA4D81113BB52080029B616 /* PBXTargetDependency */ = {
			isa = PBXTargetDependency;
			target = 5AA4D7DB13BB52080029B616 /* Capio */;
			targetProxy = 5AA4D81013BB52080029B616 /* PBXContainerItemProxy */;
		};
/* End PBXTargetDependency section */

/* Begin PBXVariantGroup section */
		5AA4D7E913BB52080029B616 /* InfoPlist.strings */ = {
			isa = PBXVariantGroup;
			children = (
				5AA4D7EA13BB52080029B616 /* en */,
			);
			name = InfoPlist.strings;
			sourceTree = "<group>";
		};
		5AA4D81513BB52080029B616 /* InfoPlist.strings */ = {
			isa = PBXVariantGroup;
			children = (
				5AA4D81613BB52080029B616 /* en */,
			);
			name = InfoPlist.strings;
			sourceTree = "<group>";
		};
/* End PBXVariantGroup section */

/* Begin XCBuildConfiguration section */
		5AA4D81C13BB52080029B616 /* Debug */ = {
			isa = XCBuildConfiguration;
			buildSettings = {
				ALWAYS_SEARCH_USER_PATHS = NO;
				ARCHS = "$(ARCHS_STANDARD_32_BIT)";
				CLANG_ENABLE_OBJC_ARC = YES;
				"CODE_SIGN_IDENTITY[sdk=iphoneos*]" = "iPhone Developer";
				COPY_PHASE_STRIP = NO;
				GCC_C_LANGUAGE_STANDARD = gnu99;
				GCC_DYNAMIC_NO_PIC = NO;
				GCC_OPTIMIZATION_LEVEL = 0;
				GCC_PREPROCESSOR_DEFINITIONS = (
					"DEBUG=1",
					"$(inherited)",
				);
				GCC_SYMBOLS_PRIVATE_EXTERN = NO;
				GCC_VERSION = com.apple.compilers.llvm.clang.1_0;
				GCC_WARN_ABOUT_MISSING_PROTOTYPES = YES;
				GCC_WARN_ABOUT_RETURN_TYPE = YES;
				GCC_WARN_UNUSED_VARIABLE = YES;
				IPHONEOS_DEPLOYMENT_TARGET = 5.0;
				SDKROOT = iphoneos;
				TARGETED_DEVICE_FAMILY = 2;
			};
			name = Debug;
		};
		5AA4D81D13BB52080029B616 /* Release */ = {
			isa = XCBuildConfiguration;
			buildSettings = {
				ALWAYS_SEARCH_USER_PATHS = NO;
				ARCHS = "$(ARCHS_STANDARD_32_BIT)";
				CLANG_ENABLE_OBJC_ARC = YES;
				"CODE_SIGN_IDENTITY[sdk=iphoneos*]" = "iPhone Developer";
				COPY_PHASE_STRIP = YES;
				GCC_C_LANGUAGE_STANDARD = gnu99;
				GCC_VERSION = com.apple.compilers.llvm.clang.1_0;
				GCC_WARN_ABOUT_MISSING_PROTOTYPES = YES;
				GCC_WARN_ABOUT_RETURN_TYPE = YES;
				GCC_WARN_UNUSED_VARIABLE = YES;
				IPHONEOS_DEPLOYMENT_TARGET = 5.0;
				OTHER_CFLAGS = "-DNS_BLOCK_ASSERTIONS=1";
				SDKROOT = iphoneos;
				TARGETED_DEVICE_FAMILY = 2;
				VALIDATE_PRODUCT = YES;
			};
			name = Release;
		};
		5AA4D81F13BB52080029B616 /* Debug */ = {
			isa = XCBuildConfiguration;
			buildSettings = {
				GCC_PRECOMPILE_PREFIX_HEADER = YES;
				GCC_PREFIX_HEADER = "Capio/Capio-Prefix.pch";
				INFOPLIST_FILE = "Capio/Capio-Info.plist";
				IPHONEOS_DEPLOYMENT_TARGET = 5.0;
				LIBRARY_SEARCH_PATHS = (
					"$(inherited)",
					"\"$(SRCROOT)/Capio\"",
				);
				OTHER_LDFLAGS = (
					"-ObjC",
					"-all_load",
				);
				PRODUCT_NAME = "$(TARGET_NAME)";
				USER_HEADER_SEARCH_PATHS = "";
				WRAPPER_EXTENSION = app;
			};
			name = Debug;
		};
		5AA4D82013BB52080029B616 /* Release */ = {
			isa = XCBuildConfiguration;
			buildSettings = {
				GCC_PRECOMPILE_PREFIX_HEADER = YES;
				GCC_PREFIX_HEADER = "Capio/Capio-Prefix.pch";
				INFOPLIST_FILE = "Capio/Capio-Info.plist";
				IPHONEOS_DEPLOYMENT_TARGET = 5.0;
				LIBRARY_SEARCH_PATHS = (
					"$(inherited)",
					"\"$(SRCROOT)/Capio\"",
				);
				OTHER_LDFLAGS = (
					"-ObjC",
					"-all_load",
				);
				PRODUCT_NAME = "$(TARGET_NAME)";
				USER_HEADER_SEARCH_PATHS = "";
				WRAPPER_EXTENSION = app;
			};
			name = Release;
		};
		5AA4D82213BB52080029B616 /* Debug */ = {
			isa = XCBuildConfiguration;
			buildSettings = {
				BUNDLE_LOADER = "$(BUILT_PRODUCTS_DIR)/Capio.app/Capio";
				FRAMEWORK_SEARCH_PATHS = (
					"$(SDKROOT)/Developer/Library/Frameworks",
					"$(DEVELOPER_LIBRARY_DIR)/Frameworks",
				);
				GCC_PRECOMPILE_PREFIX_HEADER = YES;
				GCC_PREFIX_HEADER = "Capio/Capio-Prefix.pch";
				INFOPLIST_FILE = "CapioTests/CapioTests-Info.plist";
				PRODUCT_NAME = "$(TARGET_NAME)";
				TEST_HOST = "$(BUNDLE_LOADER)";
				WRAPPER_EXTENSION = octest;
			};
			name = Debug;
		};
		5AA4D82313BB52080029B616 /* Release */ = {
			isa = XCBuildConfiguration;
			buildSettings = {
				BUNDLE_LOADER = "$(BUILT_PRODUCTS_DIR)/Capio.app/Capio";
				FRAMEWORK_SEARCH_PATHS = (
					"$(SDKROOT)/Developer/Library/Frameworks",
					"$(DEVELOPER_LIBRARY_DIR)/Frameworks",
				);
				GCC_PRECOMPILE_PREFIX_HEADER = YES;
				GCC_PREFIX_HEADER = "Capio/Capio-Prefix.pch";
				INFOPLIST_FILE = "CapioTests/CapioTests-Info.plist";
				PRODUCT_NAME = "$(TARGET_NAME)";
				TEST_HOST = "$(BUNDLE_LOADER)";
				WRAPPER_EXTENSION = octest;
			};
			name = Release;
		};
/* End XCBuildConfiguration section */

/* Begin XCConfigurationList section */
		5AA4D7D613BB52080029B616 /* Build configuration list for PBXProject "Capio" */ = {
			isa = XCConfigurationList;
			buildConfigurations = (
				5AA4D81C13BB52080029B616 /* Debug */,
				5AA4D81D13BB52080029B616 /* Release */,
			);
			defaultConfigurationIsVisible = 0;
			defaultConfigurationName = Release;
		};
		5AA4D81E13BB52080029B616 /* Build configuration list for PBXNativeTarget "Capio" */ = {
			isa = XCConfigurationList;
			buildConfigurations = (
				5AA4D81F13BB52080029B616 /* Debug */,
				5AA4D82013BB52080029B616 /* Release */,
			);
			defaultConfigurationIsVisible = 0;
			defaultConfigurationName = Release;
		};
		5AA4D82113BB52080029B616 /* Build configuration list for PBXNativeTarget "CapioTests" */ = {
			isa = XCConfigurationList;
			buildConfigurations = (
				5AA4D82213BB52080029B616 /* Debug */,
				5AA4D82313BB52080029B616 /* Release */,
			);
			defaultConfigurationIsVisible = 0;
			defaultConfigurationName = Release;
		};
/* End XCConfigurationList section */
	};
	rootObject = 5AA4D7D313BB52080029B616 /* Project object */;
}
